// !$*UTF8*$!
{
	archiveVersion = "";
	classes = "";
	objectVersion = 46;
	objects = {

/* Begin PBXBuildFile section */
		0283057F69C21F3153317137 /* ViewsContainer+Helpers.swift in Sources */ = {isa = PBXBuildFile; fileRef = A95D2DE4B1228B2634A9898A /* ViewsContainer+Helpers.swift */; };
		043C329D8645938571D7C1D1 /* Anchor.swift in Sources */ = {isa = PBXBuildFile; fileRef = D26FFD7D3E01AC980803F339 /* Anchor.swift */; };
		0A54578C424D44E24AE7B908 /* PlasticDimensionsTests.swift in Sources */ = {isa = PBXBuildFile; fileRef = 0CA6B64AC4DDB2AE9975238F /* PlasticDimensionsTests.swift */; };
		0AA307CBBB624289EF689B20 /* TouchHandler.swift in Sources */ = {isa = PBXBuildFile; fileRef = D11BA310CCE8E1B39BAA228D /* TouchHandler.swift */; };
		0CFA8C658595E079DD159B05 /* AnyNode.swift in Sources */ = {isa = PBXBuildFile; fileRef = 88E4F7FCEC82FE9957FA1FFD /* AnyNode.swift */; };
		16995F3D64D4323D4113AD00 /* TableDelegate.swift in Sources */ = {isa = PBXBuildFile; fileRef = B70DA02B2E7719EFE35A0482 /* TableDelegate.swift */; };
		16E1F6E6072E5C0E2BC038B6 /* Commons.swift in Sources */ = {isa = PBXBuildFile; fileRef = D70DB31DA1F05E82076CF572 /* Commons.swift */; };
		177F4FD918F0E54F3559F18E /* View.swift in Sources */ = {isa = PBXBuildFile; fileRef = 8FA5913FDC724EA2507671FB /* View.swift */; };
		185E31DA550FD907295ADA98 /* LaunchScreen.storyboard in Resources */ = {isa = PBXBuildFile; fileRef = 1ED24642A92F2FC0E09A9E7F /* LaunchScreen.storyboard */; };
		1A84A61A180C64984B53DF55 /* NodeDescriptionShouldUpdateTests.swift in Sources */ = {isa = PBXBuildFile; fileRef = EFE56D6C39E659AAB0FB708A /* NodeDescriptionShouldUpdateTests.swift */; };
		1B1288304711AC315852C005 /* ChildrenAnimations.swift in Sources */ = {isa = PBXBuildFile; fileRef = 3BD779553460655977DDDB7D /* ChildrenAnimations.swift */; };
		20C6772C50F2DEE9CBB1B323 /* AnimationPropsTransfomer.swift in Sources */ = {isa = PBXBuildFile; fileRef = A537CDC0F432F55C5EFCC2B0 /* AnimationPropsTransfomer.swift */; };
		228C8DC158155EBD3D0C16A7 /* NodeTest.swift in Sources */ = {isa = PBXBuildFile; fileRef = DE82FD9E6F0AF895FAA2B164 /* NodeTest.swift */; };
		23053535E22C561249C08CA8 /* PlatformNativeView.swift in Sources */ = {isa = PBXBuildFile; fileRef = 4832D542B716A6186021FB25 /* PlatformNativeView.swift */; };
		2C596CBA836036DE1F33D4DF /* PlasticReferenceSizeable.swift in Sources */ = {isa = PBXBuildFile; fileRef = 5320826FE24B8663F206DF68 /* PlasticReferenceSizeable.swift */; };
		2F4B7E46CEC3AC9AAF550933 /* Image.swift in Sources */ = {isa = PBXBuildFile; fileRef = DF9CD78AC17A0107D2940525 /* Image.swift */; };
		30B2A4F3D37495B28D68C1E3 /* NodeDescription.swift in Sources */ = {isa = PBXBuildFile; fileRef = A76C2C53872140D2227D6836 /* NodeDescription.swift */; };
		30ED6C082E86CF5F696E1F09 /* KatanaElements.framework in Frameworks */ = {isa = PBXBuildFile; fileRef = 1F28F29D1942D1C5160EEC80 /* KatanaElements.framework */; };
		30F1E55B3D47B228A575430D /* LayoutsCache.swift in Sources */ = {isa = PBXBuildFile; fileRef = C22DFF99864535886554B46C /* LayoutsCache.swift */; };
		314906B82C4BA20E75354866 /* Refs.swift in Sources */ = {isa = PBXBuildFile; fileRef = 7C1D2B412C1C7FDABDEBFB81 /* Refs.swift */; };
		3521B06D43059385B686EF59 /* Pods_KatanaUI_KatanaUITests.framework in Frameworks */ = {isa = PBXBuildFile; fileRef = 2F4FBCC45C8EBBB79AD95737 /* Pods_KatanaUI_KatanaUITests.framework */; };
		3A52CE99929E404C19F44D30 /* StateMockProvider.swift in Sources */ = {isa = PBXBuildFile; fileRef = 452E320313DAB0CD1F84E57B /* StateMockProvider.swift */; };
		3CA57072D4BF234D95FFA90C /* Buildable.swift in Sources */ = {isa = PBXBuildFile; fileRef = 0D74AE3DF8F29A324B175E74 /* Buildable.swift */; };
		41F57B2C815D9DCD118D4622 /* ConnectedNodeDescription.swift in Sources */ = {isa = PBXBuildFile; fileRef = 2C643C96558DA3C5B7234149 /* ConnectedNodeDescription.swift */; };
		42BF1DD3A70AF4D917AA3E27 /* TableCell.swift in Sources */ = {isa = PBXBuildFile; fileRef = 415612B196136B8763D2B551 /* TableCell.swift */; };
		4886760205481777937C46A3 /* KatanaUI.framework in Frameworks */ = {isa = PBXBuildFile; fileRef = C0E1084BEBC5DFB3F39F7A9F /* KatanaUI.framework */; };
		5917C7F9470BE23FCAF421AA /* Highlightable.swift in Sources */ = {isa = PBXBuildFile; fileRef = 22F6C7F6EB7CE70EFF1F57FE /* Highlightable.swift */; };
		5918899116C48BED9D36C825 /* UIKit.framework in Frameworks */ = {isa = PBXBuildFile; fileRef = 26569D88863B1BB91EC59D85 /* UIKit.framework */; };
		5BF11113D2F1FFF0A70F14B0 /* Pods_Demo.framework in Frameworks */ = {isa = PBXBuildFile; fileRef = 91DCF79A9DE19748EAF751E8 /* Pods_Demo.framework */; };
		5CE7F15704B2B15F582B4DF9 /* Animation.swift in Sources */ = {isa = PBXBuildFile; fileRef = 7F46491451D1DBBF84484DDD /* Animation.swift */; };
		607B415B78037A19EBE9429C /* KatanaUI.framework in Frameworks */ = {isa = PBXBuildFile; fileRef = C0E1084BEBC5DFB3F39F7A9F /* KatanaUI.framework */; };
		659B2D3ACBB8DF2B27F89513 /* Collections+Katana.swift in Sources */ = {isa = PBXBuildFile; fileRef = CE7A1A6F305CC2F576B474E3 /* Collections+Katana.swift */; };
		6A37E9FDD9333B0916036C8F /* NativeButton.swift in Sources */ = {isa = PBXBuildFile; fileRef = 71E8155EF835511C0CE4F53B /* NativeButton.swift */; };
		70C34EF7F127870F8B38AB55 /* KatanaUI.framework in Frameworks */ = {isa = PBXBuildFile; fileRef = C0E1084BEBC5DFB3F39F7A9F /* KatanaUI.framework */; };
		755C2DDC2BB00EE754EBE9AC /* ViewsContainer.swift in Sources */ = {isa = PBXBuildFile; fileRef = 29876CA5DE6CB3F6C4557AE2 /* ViewsContainer.swift */; };
		75B0DA43C7C7D1B7AAE2EBF5 /* PlasticView+Convenience.swift in Sources */ = {isa = PBXBuildFile; fileRef = E5154326F56B2CA383D168F1 /* PlasticView+Convenience.swift */; };
		79AAFA25DDEC21C043336B14 /* Foundation.framework in Frameworks */ = {isa = PBXBuildFile; fileRef = E36CB86385FBF5AC1D612A16 /* Foundation.framework */; };
		7B9F04BCCCA91F47CA18892B /* AnimationType.swift in Sources */ = {isa = PBXBuildFile; fileRef = 2923F23DCC0873EBA8D40B24 /* AnimationType.swift */; };
		7D34197DE12809EF541EEC30 /* StateMockProviderTests.swift in Sources */ = {isa = PBXBuildFile; fileRef = 36F647D62B4B8FCD06975397 /* StateMockProviderTests.swift */; };
		7D5F660CA7105C8DA4479436 /* CoordinateConvertible.swift in Sources */ = {isa = PBXBuildFile; fileRef = BF9D906FA119E35D089956B9 /* CoordinateConvertible.swift */; };
		883BB08A61ABEC566324881C /* RenderContainersTest.swift in Sources */ = {isa = PBXBuildFile; fileRef = 10A71BF24D57E417BA9E13A2 /* RenderContainersTest.swift */; };
		8B69A03AE736B9F1C4B241C1 /* CounterState.swift in Sources */ = {isa = PBXBuildFile; fileRef = E7A965EA7A4E5901951E9AB9 /* CounterState.swift */; };
		8BC372C0192727D889A3EB64 /* AnimationContainer.swift in Sources */ = {isa = PBXBuildFile; fileRef = 0A51460146A228468FCE0AC6 /* AnimationContainer.swift */; };
		8EDDA09F5FB699365761D1E1 /* HierarchyManagers.swift in Sources */ = {isa = PBXBuildFile; fileRef = 4D30F1B2FABFE3C4AA8652BF /* HierarchyManagers.swift */; };
		93C5D1E85EB4B2C771D708DE /* AnimationUtilsTests.swift in Sources */ = {isa = PBXBuildFile; fileRef = 37D852A5A17A2A7575F7F913 /* AnimationUtilsTests.swift */; };
		947BBBF7A7B9B0DAB0A1D7D5 /* PlasticContainerTests.swift in Sources */ = {isa = PBXBuildFile; fileRef = 790654ED44188AFA95670E6D /* PlasticContainerTests.swift */; };
		954CEB6025EDAE9A787FE5C4 /* Foundation.framework in Frameworks */ = {isa = PBXBuildFile; fileRef = E36CB86385FBF5AC1D612A16 /* Foundation.framework */; };
		95E1F0332D072C2AE931F05A /* UIView+PlatformNativeView.swift in Sources */ = {isa = PBXBuildFile; fileRef = 95B4B743EDB17C17CBBE30EE /* UIView+PlatformNativeView.swift */; };
		960283621C042DFC5396778D /* Foundation.framework in Frameworks */ = {isa = PBXBuildFile; fileRef = E36CB86385FBF5AC1D612A16 /* Foundation.framework */; };
		979944C991461FF73171D50D /* UIKit.framework in Frameworks */ = {isa = PBXBuildFile; fileRef = 26569D88863B1BB91EC59D85 /* UIKit.framework */; };
		9CADF6B42D32AADC3253C66C /* TouchHandlerEvent.swift in Sources */ = {isa = PBXBuildFile; fileRef = 98B94DA4CCBB55A18C287CA0 /* TouchHandlerEvent.swift */; };
		9CFF1B4121541F8F186B0466 /* Image.swift in Sources */ = {isa = PBXBuildFile; fileRef = 67C4F2FA3C3B1349ABADCB8D /* Image.swift */; };
		9E302E202B9091CF6288247A /* Pods_KatanaUI.framework in Frameworks */ = {isa = PBXBuildFile; fileRef = F7DC3A935A2C592E0DA82959 /* Pods_KatanaUI.framework */; };
		9F0384D3F60FEF74198AB7D7 /* UIKit.framework in Frameworks */ = {isa = PBXBuildFile; fileRef = 26569D88863B1BB91EC59D85 /* UIKit.framework */; };
		9FA593E25FFF14BD09716FC9 /* Node+AnyNode.swift in Sources */ = {isa = PBXBuildFile; fileRef = 89B14E54217D2D163E615C4E /* Node+AnyNode.swift */; };
		A5279E690C71C7129B17C540 /* PlasticView.swift in Sources */ = {isa = PBXBuildFile; fileRef = 60571567B0C60088C0A3EEB7 /* PlasticView.swift */; };
		A5A085F69366C9500E375B98 /* EdgeInsets.swift in Sources */ = {isa = PBXBuildFile; fileRef = 56E855C979907C707C00FE4F /* EdgeInsets.swift */; };
		A67871A7EA6120B67B70E8FB /* ChildrenAnimationsTests.swift in Sources */ = {isa = PBXBuildFile; fileRef = 1DD6B7C10CAED70D25F9E1CC /* ChildrenAnimationsTests.swift */; };
		A6DE3C092A34251C879D4CE8 /* PlasticConvenienceLayoutTests.swift in Sources */ = {isa = PBXBuildFile; fileRef = BBA72F6AE86EE3CEFEE11DE5 /* PlasticConvenienceLayoutTests.swift */; };
		A8C3D8CB02256996F2BD1173 /* PlasticBasicLayoutTests.swift in Sources */ = {isa = PBXBuildFile; fileRef = 3B8339C82126AF3B334FC373 /* PlasticBasicLayoutTests.swift */; };
		B373B68CE17D669EEBC6F1F3 /* Value.swift in Sources */ = {isa = PBXBuildFile; fileRef = 836D12407B94EB32159D6A8F /* Value.swift */; };
		B6FCA7D9A84426184010F1ED /* Size.swift in Sources */ = {isa = PBXBuildFile; fileRef = AD0D43DDB2E6EB0A310BEED9 /* Size.swift */; };
		B7993B58E7BF8CA95C59594F /* Renderer.swift in Sources */ = {isa = PBXBuildFile; fileRef = A00E49ACFECE04BFF97CB874 /* Renderer.swift */; };
		C009605156D4357FDE135C80 /* CounterScreen.swift in Sources */ = {isa = PBXBuildFile; fileRef = 1A600EA8CA25DB5D88F8BB61 /* CounterScreen.swift */; };
		C18592E6E5542738ED6F1528 /* NodeDescriptionLifecycleTests.swift in Sources */ = {isa = PBXBuildFile; fileRef = 1EF9BCA558FD7246C8D23634 /* NodeDescriptionLifecycleTests.swift */; };
		C63F852F7729ABC93CF11EBE /* View.swift in Sources */ = {isa = PBXBuildFile; fileRef = C27C50BF8CFC5F86F684C2B0 /* View.swift */; };
		C80F86B3AAB9C345899BA924 /* DecrementCounter.swift in Sources */ = {isa = PBXBuildFile; fileRef = 76C04627DF0FA7CC48893F1C /* DecrementCounter.swift */; };
		C88730F4F0A54C17B215FA8C /* Foundation.framework in Frameworks */ = {isa = PBXBuildFile; fileRef = E36CB86385FBF5AC1D612A16 /* Foundation.framework */; };
		CC1F11A7AAE61D53A22CF3DC /* Array+Plastic.swift in Sources */ = {isa = PBXBuildFile; fileRef = CEBDBC7FA794D30CB669FC54 /* Array+Plastic.swift */; };
		CEACA35D570647CC43E49BA8 /* NativeTableWrapperCell.swift in Sources */ = {isa = PBXBuildFile; fileRef = 8B4494728AD5B2DECDFB1759 /* NativeTableWrapperCell.swift */; };
		CF84FBF03BB750E033B838F5 /* PlasticNode.swift in Sources */ = {isa = PBXBuildFile; fileRef = 3AC0068E1AB867BE6AF46395 /* PlasticNode.swift */; };
		D2758BFD77A4D0655CFDAF4A /* NodeDescriptionWithChildren.swift in Sources */ = {isa = PBXBuildFile; fileRef = 803D7AEEFD2856AFCF6BA6E8 /* NodeDescriptionWithChildren.swift */; };
		D88A143BE71B3B7A07AC5DCF /* PlasticNodeTests.swift in Sources */ = {isa = PBXBuildFile; fileRef = 8369F94F851506902A9CE412 /* PlasticNodeTests.swift */; };
		DA06F439094B7508FC73E02E /* Button.swift in Sources */ = {isa = PBXBuildFile; fileRef = BC5F92B7811535BB188F892B /* Button.swift */; };
		DABAD66ABD695AB4C5DA248F /* Katana.h in Headers */ = {isa = PBXBuildFile; fileRef = DB76FC0877203797A315C253 /* Katana.h */; settings = {ATTRIBUTES = (Public, ); }; };
		DBAB0530520C5520AE93B884 /* IncrementCounter.swift in Sources */ = {isa = PBXBuildFile; fileRef = 914E479D956E5071AFD6430C /* IncrementCounter.swift */; };
		DBE7A58A8150A3932CF8F21A /* NodeDescriptionTest.swift in Sources */ = {isa = PBXBuildFile; fileRef = 8E4A33CDFAAF57A43B19B6E7 /* NodeDescriptionTest.swift */; };
		DDA09124AA09BD980D334D18 /* KatanaElements.h in Headers */ = {isa = PBXBuildFile; fileRef = 1C4298AA4339F14E450D8BA0 /* KatanaElements.h */; settings = {ATTRIBUTES = (Public, ); }; };
		DFAAC45CC4AA485BA3823D1A /* Collections.swift in Sources */ = {isa = PBXBuildFile; fileRef = AB0C455547028BDF31B071AD /* Collections.swift */; };
		DFF94B4C26C221BDF2BB2270 /* NativeTouchHandler.swift in Sources */ = {isa = PBXBuildFile; fileRef = 01D4A27367196CD511CA473B /* NativeTouchHandler.swift */; };
		E16697B00DFD78E7EE44BDE7 /* Node.swift in Sources */ = {isa = PBXBuildFile; fileRef = 0809CF3FD931A35ADC46D4D2 /* Node.swift */; };
		E1BE8D26BEB324AB9D3007DC /* Pods_KatanaElements.framework in Frameworks */ = {isa = PBXBuildFile; fileRef = 7BF5A9B78E5ADEF8FAEC34BF /* Pods_KatanaElements.framework */; };
		E2DCABFFA52DA476B9A6C13F /* Label.swift in Sources */ = {isa = PBXBuildFile; fileRef = 557018D581792A1B9F6A1741 /* Label.swift */; };
		E30F6A91DA8C1A8818C5A7CA /* InternalNode.swift in Sources */ = {isa = PBXBuildFile; fileRef = D9CB382B154DDFC627185FBE /* InternalNode.swift */; };
		E42AC9A56023D1D4DDDA9796 /* UIKit.framework in Frameworks */ = {isa = PBXBuildFile; fileRef = 26569D88863B1BB91EC59D85 /* UIKit.framework */; };
		E45E501ADCEA87370ABE5F30 /* PlasticNodeDescription.swift in Sources */ = {isa = PBXBuildFile; fileRef = 0483230A0CE2954C0FFD3D2E /* PlasticNodeDescription.swift */; };
		F44D55C445C466474F88584A /* AppDelegate.swift in Sources */ = {isa = PBXBuildFile; fileRef = 0A8EE73CA0D0BBDAFDB347C9 /* AppDelegate.swift */; };
		F7F168B9B27CABBB19A802A5 /* AnimationUtils.swift in Sources */ = {isa = PBXBuildFile; fileRef = C331D3632E341B7FDF6D64ED /* AnimationUtils.swift */; };
		F9953B209C546A6E0AC9A726 /* NativeTable.swift in Sources */ = {isa = PBXBuildFile; fileRef = 2DA9928F0366B46B6DF6AAC1 /* NativeTable.swift */; };
		FA0C3896CDCA2080FE1ECFF8 /* Int+Katana.swift in Sources */ = {isa = PBXBuildFile; fileRef = 749D21B0E2475F631ACF6F54 /* Int+Katana.swift */; };
		FA191188E8E0192F77B31421 /* Table.swift in Sources */ = {isa = PBXBuildFile; fileRef = 4120E33BFB0317D1F9238EF9 /* Table.swift */; };
/* End PBXBuildFile section */

/* Begin PBXContainerItemProxy section */
		60B9F3CC028A158CB68A4A2C /* PBXContainerItemProxy */ = {
			isa = PBXContainerItemProxy;
			containerPortal = 75E3F1E538B8CD3AC1319813 /* Project object */;
			proxyType = 1;
			remoteGlobalIDString = 1D10C2FB2C03906C89D038BF;
			remoteInfo = KatanaUI;
		};
		BD882956D4F4F7EE732C630C /* PBXContainerItemProxy */ = {
			isa = PBXContainerItemProxy;
			containerPortal = 75E3F1E538B8CD3AC1319813 /* Project object */;
			proxyType = 1;
			remoteGlobalIDString = 1D10C2FB2C03906C89D038BF;
			remoteInfo = KatanaUI;
		};
		CFCA382E0C763DE99C05D731 /* PBXContainerItemProxy */ = {
			isa = PBXContainerItemProxy;
			containerPortal = 75E3F1E538B8CD3AC1319813 /* Project object */;
			proxyType = 1;
			remoteGlobalIDString = 1D10C2FB2C03906C89D038BF;
			remoteInfo = KatanaUI;
		};
		EC9446388CFE33B6A2615930 /* PBXContainerItemProxy */ = {
			isa = PBXContainerItemProxy;
			containerPortal = 75E3F1E538B8CD3AC1319813 /* Project object */;
			proxyType = 1;
			remoteGlobalIDString = AD6DDCF241B453746CB49BD8;
			remoteInfo = KatanaElements;
		};
/* End PBXContainerItemProxy section */

/* Begin PBXFileReference section */
		01D4A27367196CD511CA473B /* NativeTouchHandler.swift */ = {isa = PBXFileReference; includeInIndex = 1; lastKnownFileType = sourcecode.swift; path = NativeTouchHandler.swift; sourceTree = "<group>"; };
		0483230A0CE2954C0FFD3D2E /* PlasticNodeDescription.swift */ = {isa = PBXFileReference; includeInIndex = 1; lastKnownFileType = sourcecode.swift; path = PlasticNodeDescription.swift; sourceTree = "<group>"; };
		0809CF3FD931A35ADC46D4D2 /* Node.swift */ = {isa = PBXFileReference; includeInIndex = 1; lastKnownFileType = sourcecode.swift; path = Node.swift; sourceTree = "<group>"; };
		0A51460146A228468FCE0AC6 /* AnimationContainer.swift */ = {isa = PBXFileReference; includeInIndex = 1; lastKnownFileType = sourcecode.swift; path = AnimationContainer.swift; sourceTree = "<group>"; };
		0A8EE73CA0D0BBDAFDB347C9 /* AppDelegate.swift */ = {isa = PBXFileReference; includeInIndex = 1; lastKnownFileType = sourcecode.swift; path = AppDelegate.swift; sourceTree = "<group>"; };
		0CA6B64AC4DDB2AE9975238F /* PlasticDimensionsTests.swift */ = {isa = PBXFileReference; includeInIndex = 1; lastKnownFileType = sourcecode.swift; path = PlasticDimensionsTests.swift; sourceTree = "<group>"; };
		0D74AE3DF8F29A324B175E74 /* Buildable.swift */ = {isa = PBXFileReference; includeInIndex = 1; lastKnownFileType = sourcecode.swift; path = Buildable.swift; sourceTree = "<group>"; };
		10A71BF24D57E417BA9E13A2 /* RenderContainersTest.swift */ = {isa = PBXFileReference; includeInIndex = 1; lastKnownFileType = sourcecode.swift; path = RenderContainersTest.swift; sourceTree = "<group>"; };
		1A600EA8CA25DB5D88F8BB61 /* CounterScreen.swift */ = {isa = PBXFileReference; includeInIndex = 1; lastKnownFileType = sourcecode.swift; path = CounterScreen.swift; sourceTree = "<group>"; };
		1C4298AA4339F14E450D8BA0 /* KatanaElements.h */ = {isa = PBXFileReference; includeInIndex = 1; lastKnownFileType = sourcecode.c.h; path = KatanaElements.h; sourceTree = "<group>"; };
		1DD6B7C10CAED70D25F9E1CC /* ChildrenAnimationsTests.swift */ = {isa = PBXFileReference; includeInIndex = 1; lastKnownFileType = sourcecode.swift; path = ChildrenAnimationsTests.swift; sourceTree = "<group>"; };
		1ED24642A92F2FC0E09A9E7F /* LaunchScreen.storyboard */ = {isa = PBXFileReference; includeInIndex = 1; lastKnownFileType = file.storyboard; path = LaunchScreen.storyboard; sourceTree = "<group>"; };
		1EF9BCA558FD7246C8D23634 /* NodeDescriptionLifecycleTests.swift */ = {isa = PBXFileReference; includeInIndex = 1; lastKnownFileType = sourcecode.swift; path = NodeDescriptionLifecycleTests.swift; sourceTree = "<group>"; };
		1F28F29D1942D1C5160EEC80 /* KatanaElements.framework */ = {isa = PBXFileReference; explicitFileType = wrapper.framework; includeInIndex = 0; path = KatanaElements.framework; sourceTree = BUILT_PRODUCTS_DIR; };
		22F6C7F6EB7CE70EFF1F57FE /* Highlightable.swift */ = {isa = PBXFileReference; includeInIndex = 1; lastKnownFileType = sourcecode.swift; path = Highlightable.swift; sourceTree = "<group>"; };
		26569D88863B1BB91EC59D85 /* UIKit.framework */ = {isa = PBXFileReference; lastKnownFileType = wrapper.framework; name = UIKit.framework; path = Platforms/iPhoneOS.platform/Developer/SDKs/iPhoneOS10.3.sdk/System/Library/Frameworks/UIKit.framework; sourceTree = DEVELOPER_DIR; };
		2923F23DCC0873EBA8D40B24 /* AnimationType.swift */ = {isa = PBXFileReference; includeInIndex = 1; lastKnownFileType = sourcecode.swift; path = AnimationType.swift; sourceTree = "<group>"; };
		29876CA5DE6CB3F6C4557AE2 /* ViewsContainer.swift */ = {isa = PBXFileReference; includeInIndex = 1; lastKnownFileType = sourcecode.swift; path = ViewsContainer.swift; sourceTree = "<group>"; };
		2C643C96558DA3C5B7234149 /* ConnectedNodeDescription.swift */ = {isa = PBXFileReference; includeInIndex = 1; lastKnownFileType = sourcecode.swift; path = ConnectedNodeDescription.swift; sourceTree = "<group>"; };
		2DA9928F0366B46B6DF6AAC1 /* NativeTable.swift */ = {isa = PBXFileReference; includeInIndex = 1; lastKnownFileType = sourcecode.swift; path = NativeTable.swift; sourceTree = "<group>"; };
		2F4FBCC45C8EBBB79AD95737 /* Pods_KatanaUI_KatanaUITests.framework */ = {isa = PBXFileReference; explicitFileType = wrapper.framework; includeInIndex = 0; path = Pods_KatanaUI_KatanaUITests.framework; sourceTree = BUILT_PRODUCTS_DIR; };
		3039D643DE1AB380254AABBD /* Pods-KatanaUI.release.xcconfig */ = {isa = PBXFileReference; includeInIndex = 1; lastKnownFileType = text.xcconfig; name = "Pods-KatanaUI.release.xcconfig"; path = "Pods/Target Support Files/Pods-KatanaUI/Pods-KatanaUI.release.xcconfig"; sourceTree = "<group>"; };
		36F647D62B4B8FCD06975397 /* StateMockProviderTests.swift */ = {isa = PBXFileReference; includeInIndex = 1; lastKnownFileType = sourcecode.swift; path = StateMockProviderTests.swift; sourceTree = "<group>"; };
		37D852A5A17A2A7575F7F913 /* AnimationUtilsTests.swift */ = {isa = PBXFileReference; includeInIndex = 1; lastKnownFileType = sourcecode.swift; path = AnimationUtilsTests.swift; sourceTree = "<group>"; };
		395D53811886B00ADC46D8D0 /* Pods-KatanaElements.debug.xcconfig */ = {isa = PBXFileReference; includeInIndex = 1; lastKnownFileType = text.xcconfig; name = "Pods-KatanaElements.debug.xcconfig"; path = "Pods/Target Support Files/Pods-KatanaElements/Pods-KatanaElements.debug.xcconfig"; sourceTree = "<group>"; };
		3AC0068E1AB867BE6AF46395 /* PlasticNode.swift */ = {isa = PBXFileReference; includeInIndex = 1; lastKnownFileType = sourcecode.swift; path = PlasticNode.swift; sourceTree = "<group>"; };
		3B8339C82126AF3B334FC373 /* PlasticBasicLayoutTests.swift */ = {isa = PBXFileReference; includeInIndex = 1; lastKnownFileType = sourcecode.swift; path = PlasticBasicLayoutTests.swift; sourceTree = "<group>"; };
		3BD779553460655977DDDB7D /* ChildrenAnimations.swift */ = {isa = PBXFileReference; includeInIndex = 1; lastKnownFileType = sourcecode.swift; path = ChildrenAnimations.swift; sourceTree = "<group>"; };
		4120E33BFB0317D1F9238EF9 /* Table.swift */ = {isa = PBXFileReference; includeInIndex = 1; lastKnownFileType = sourcecode.swift; path = Table.swift; sourceTree = "<group>"; };
		415612B196136B8763D2B551 /* TableCell.swift */ = {isa = PBXFileReference; includeInIndex = 1; lastKnownFileType = sourcecode.swift; path = TableCell.swift; sourceTree = "<group>"; };
		448F23A89B1B560C669FDBEF /* KatanaUITests.xctest */ = {isa = PBXFileReference; explicitFileType = wrapper.cfbundle; includeInIndex = 0; path = KatanaUITests.xctest; sourceTree = BUILT_PRODUCTS_DIR; };
		452E320313DAB0CD1F84E57B /* StateMockProvider.swift */ = {isa = PBXFileReference; includeInIndex = 1; lastKnownFileType = sourcecode.swift; path = StateMockProvider.swift; sourceTree = "<group>"; };
		4832D542B716A6186021FB25 /* PlatformNativeView.swift */ = {isa = PBXFileReference; includeInIndex = 1; lastKnownFileType = sourcecode.swift; path = PlatformNativeView.swift; sourceTree = "<group>"; };
		4D30F1B2FABFE3C4AA8652BF /* HierarchyManagers.swift */ = {isa = PBXFileReference; includeInIndex = 1; lastKnownFileType = sourcecode.swift; path = HierarchyManagers.swift; sourceTree = "<group>"; };
		5320826FE24B8663F206DF68 /* PlasticReferenceSizeable.swift */ = {isa = PBXFileReference; includeInIndex = 1; lastKnownFileType = sourcecode.swift; path = PlasticReferenceSizeable.swift; sourceTree = "<group>"; };
		557018D581792A1B9F6A1741 /* Label.swift */ = {isa = PBXFileReference; includeInIndex = 1; lastKnownFileType = sourcecode.swift; path = Label.swift; sourceTree = "<group>"; };
		56E855C979907C707C00FE4F /* EdgeInsets.swift */ = {isa = PBXFileReference; includeInIndex = 1; lastKnownFileType = sourcecode.swift; path = EdgeInsets.swift; sourceTree = "<group>"; };
		60571567B0C60088C0A3EEB7 /* PlasticView.swift */ = {isa = PBXFileReference; includeInIndex = 1; lastKnownFileType = sourcecode.swift; path = PlasticView.swift; sourceTree = "<group>"; };
		67C4F2FA3C3B1349ABADCB8D /* Image.swift */ = {isa = PBXFileReference; includeInIndex = 1; lastKnownFileType = sourcecode.swift; path = Image.swift; sourceTree = "<group>"; };
		71E8155EF835511C0CE4F53B /* NativeButton.swift */ = {isa = PBXFileReference; includeInIndex = 1; lastKnownFileType = sourcecode.swift; path = NativeButton.swift; sourceTree = "<group>"; };
		749D21B0E2475F631ACF6F54 /* Int+Katana.swift */ = {isa = PBXFileReference; includeInIndex = 1; lastKnownFileType = sourcecode.swift; path = "Int+Katana.swift"; sourceTree = "<group>"; };
		75D67DA9E3956045EEE05AB9 /* Pods-KatanaUI-KatanaUITests.debug.xcconfig */ = {isa = PBXFileReference; includeInIndex = 1; lastKnownFileType = text.xcconfig; name = "Pods-KatanaUI-KatanaUITests.debug.xcconfig"; path = "Pods/Target Support Files/Pods-KatanaUI-KatanaUITests/Pods-KatanaUI-KatanaUITests.debug.xcconfig"; sourceTree = "<group>"; };
		76C04627DF0FA7CC48893F1C /* DecrementCounter.swift */ = {isa = PBXFileReference; includeInIndex = 1; lastKnownFileType = sourcecode.swift; path = DecrementCounter.swift; sourceTree = "<group>"; };
		790654ED44188AFA95670E6D /* PlasticContainerTests.swift */ = {isa = PBXFileReference; includeInIndex = 1; lastKnownFileType = sourcecode.swift; path = PlasticContainerTests.swift; sourceTree = "<group>"; };
		7BF5A9B78E5ADEF8FAEC34BF /* Pods_KatanaElements.framework */ = {isa = PBXFileReference; explicitFileType = wrapper.framework; includeInIndex = 0; path = Pods_KatanaElements.framework; sourceTree = BUILT_PRODUCTS_DIR; };
		7C1D2B412C1C7FDABDEBFB81 /* Refs.swift */ = {isa = PBXFileReference; includeInIndex = 1; lastKnownFileType = sourcecode.swift; path = Refs.swift; sourceTree = "<group>"; };
		7F46491451D1DBBF84484DDD /* Animation.swift */ = {isa = PBXFileReference; includeInIndex = 1; lastKnownFileType = sourcecode.swift; path = Animation.swift; sourceTree = "<group>"; };
		803D7AEEFD2856AFCF6BA6E8 /* NodeDescriptionWithChildren.swift */ = {isa = PBXFileReference; includeInIndex = 1; lastKnownFileType = sourcecode.swift; path = NodeDescriptionWithChildren.swift; sourceTree = "<group>"; };
		8369F94F851506902A9CE412 /* PlasticNodeTests.swift */ = {isa = PBXFileReference; includeInIndex = 1; lastKnownFileType = sourcecode.swift; path = PlasticNodeTests.swift; sourceTree = "<group>"; };
		836D12407B94EB32159D6A8F /* Value.swift */ = {isa = PBXFileReference; includeInIndex = 1; lastKnownFileType = sourcecode.swift; path = Value.swift; sourceTree = "<group>"; };
		88E4F7FCEC82FE9957FA1FFD /* AnyNode.swift */ = {isa = PBXFileReference; includeInIndex = 1; lastKnownFileType = sourcecode.swift; path = AnyNode.swift; sourceTree = "<group>"; };
		89B14E54217D2D163E615C4E /* Node+AnyNode.swift */ = {isa = PBXFileReference; includeInIndex = 1; lastKnownFileType = sourcecode.swift; path = "Node+AnyNode.swift"; sourceTree = "<group>"; };
		8B4494728AD5B2DECDFB1759 /* NativeTableWrapperCell.swift */ = {isa = PBXFileReference; includeInIndex = 1; lastKnownFileType = sourcecode.swift; path = NativeTableWrapperCell.swift; sourceTree = "<group>"; };
		8D905D4C0AB826BB3633D79F /* Pods-Demo.debug.xcconfig */ = {isa = PBXFileReference; includeInIndex = 1; lastKnownFileType = text.xcconfig; name = "Pods-Demo.debug.xcconfig"; path = "Pods/Target Support Files/Pods-Demo/Pods-Demo.debug.xcconfig"; sourceTree = "<group>"; };
		8E4A33CDFAAF57A43B19B6E7 /* NodeDescriptionTest.swift */ = {isa = PBXFileReference; includeInIndex = 1; lastKnownFileType = sourcecode.swift; path = NodeDescriptionTest.swift; sourceTree = "<group>"; };
		8FA5913FDC724EA2507671FB /* View.swift */ = {isa = PBXFileReference; includeInIndex = 1; lastKnownFileType = sourcecode.swift; path = View.swift; sourceTree = "<group>"; };
		903FC51A62B470686DDC5933 /* Pods-Demo.release.xcconfig */ = {isa = PBXFileReference; includeInIndex = 1; lastKnownFileType = text.xcconfig; name = "Pods-Demo.release.xcconfig"; path = "Pods/Target Support Files/Pods-Demo/Pods-Demo.release.xcconfig"; sourceTree = "<group>"; };
		914E479D956E5071AFD6430C /* IncrementCounter.swift */ = {isa = PBXFileReference; includeInIndex = 1; lastKnownFileType = sourcecode.swift; path = IncrementCounter.swift; sourceTree = "<group>"; };
		91DCF79A9DE19748EAF751E8 /* Pods_Demo.framework */ = {isa = PBXFileReference; explicitFileType = wrapper.framework; includeInIndex = 0; path = Pods_Demo.framework; sourceTree = BUILT_PRODUCTS_DIR; };
		94893C465437A8E800B77DBC /* Pods-KatanaElements.release.xcconfig */ = {isa = PBXFileReference; includeInIndex = 1; lastKnownFileType = text.xcconfig; name = "Pods-KatanaElements.release.xcconfig"; path = "Pods/Target Support Files/Pods-KatanaElements/Pods-KatanaElements.release.xcconfig"; sourceTree = "<group>"; };
		95B4B743EDB17C17CBBE30EE /* UIView+PlatformNativeView.swift */ = {isa = PBXFileReference; includeInIndex = 1; lastKnownFileType = sourcecode.swift; path = "UIView+PlatformNativeView.swift"; sourceTree = "<group>"; };
		98B94DA4CCBB55A18C287CA0 /* TouchHandlerEvent.swift */ = {isa = PBXFileReference; includeInIndex = 1; lastKnownFileType = sourcecode.swift; path = TouchHandlerEvent.swift; sourceTree = "<group>"; };
		A00E49ACFECE04BFF97CB874 /* Renderer.swift */ = {isa = PBXFileReference; includeInIndex = 1; lastKnownFileType = sourcecode.swift; path = Renderer.swift; sourceTree = "<group>"; };
		A537CDC0F432F55C5EFCC2B0 /* AnimationPropsTransfomer.swift */ = {isa = PBXFileReference; includeInIndex = 1; lastKnownFileType = sourcecode.swift; path = AnimationPropsTransfomer.swift; sourceTree = "<group>"; };
		A76C2C53872140D2227D6836 /* NodeDescription.swift */ = {isa = PBXFileReference; includeInIndex = 1; lastKnownFileType = sourcecode.swift; path = NodeDescription.swift; sourceTree = "<group>"; };
		A95D2DE4B1228B2634A9898A /* ViewsContainer+Helpers.swift */ = {isa = PBXFileReference; includeInIndex = 1; lastKnownFileType = sourcecode.swift; path = "ViewsContainer+Helpers.swift"; sourceTree = "<group>"; };
		AB0C455547028BDF31B071AD /* Collections.swift */ = {isa = PBXFileReference; includeInIndex = 1; lastKnownFileType = sourcecode.swift; path = Collections.swift; sourceTree = "<group>"; };
		ABF753DB9D933E0BC2E2AB86 /* Pods-KatanaUI.debug.xcconfig */ = {isa = PBXFileReference; includeInIndex = 1; lastKnownFileType = text.xcconfig; name = "Pods-KatanaUI.debug.xcconfig"; path = "Pods/Target Support Files/Pods-KatanaUI/Pods-KatanaUI.debug.xcconfig"; sourceTree = "<group>"; };
		AD0D43DDB2E6EB0A310BEED9 /* Size.swift */ = {isa = PBXFileReference; includeInIndex = 1; lastKnownFileType = sourcecode.swift; path = Size.swift; sourceTree = "<group>"; };
		B70DA02B2E7719EFE35A0482 /* TableDelegate.swift */ = {isa = PBXFileReference; includeInIndex = 1; lastKnownFileType = sourcecode.swift; path = TableDelegate.swift; sourceTree = "<group>"; };
		BBA72F6AE86EE3CEFEE11DE5 /* PlasticConvenienceLayoutTests.swift */ = {isa = PBXFileReference; includeInIndex = 1; lastKnownFileType = sourcecode.swift; path = PlasticConvenienceLayoutTests.swift; sourceTree = "<group>"; };
		BC5F92B7811535BB188F892B /* Button.swift */ = {isa = PBXFileReference; includeInIndex = 1; lastKnownFileType = sourcecode.swift; path = Button.swift; sourceTree = "<group>"; };
		BE05D26B730538A7114AE175 /* Demo.app */ = {isa = PBXFileReference; explicitFileType = wrapper.application; includeInIndex = 0; path = Demo.app; sourceTree = BUILT_PRODUCTS_DIR; };
		BF9D906FA119E35D089956B9 /* CoordinateConvertible.swift */ = {isa = PBXFileReference; includeInIndex = 1; lastKnownFileType = sourcecode.swift; path = CoordinateConvertible.swift; sourceTree = "<group>"; };
		C0E1084BEBC5DFB3F39F7A9F /* KatanaUI.framework */ = {isa = PBXFileReference; explicitFileType = wrapper.framework; includeInIndex = 0; path = KatanaUI.framework; sourceTree = BUILT_PRODUCTS_DIR; };
		C22DFF99864535886554B46C /* LayoutsCache.swift */ = {isa = PBXFileReference; includeInIndex = 1; lastKnownFileType = sourcecode.swift; path = LayoutsCache.swift; sourceTree = "<group>"; };
		C27C50BF8CFC5F86F684C2B0 /* View.swift */ = {isa = PBXFileReference; includeInIndex = 1; lastKnownFileType = sourcecode.swift; path = View.swift; sourceTree = "<group>"; };
		C331D3632E341B7FDF6D64ED /* AnimationUtils.swift */ = {isa = PBXFileReference; includeInIndex = 1; lastKnownFileType = sourcecode.swift; path = AnimationUtils.swift; sourceTree = "<group>"; };
		CE7A1A6F305CC2F576B474E3 /* Collections+Katana.swift */ = {isa = PBXFileReference; includeInIndex = 1; lastKnownFileType = sourcecode.swift; path = "Collections+Katana.swift"; sourceTree = "<group>"; };
		CEBDBC7FA794D30CB669FC54 /* Array+Plastic.swift */ = {isa = PBXFileReference; includeInIndex = 1; lastKnownFileType = sourcecode.swift; path = "Array+Plastic.swift"; sourceTree = "<group>"; };
		D11BA310CCE8E1B39BAA228D /* TouchHandler.swift */ = {isa = PBXFileReference; includeInIndex = 1; lastKnownFileType = sourcecode.swift; path = TouchHandler.swift; sourceTree = "<group>"; };
		D26FFD7D3E01AC980803F339 /* Anchor.swift */ = {isa = PBXFileReference; includeInIndex = 1; lastKnownFileType = sourcecode.swift; path = Anchor.swift; sourceTree = "<group>"; };
		D70DB31DA1F05E82076CF572 /* Commons.swift */ = {isa = PBXFileReference; includeInIndex = 1; lastKnownFileType = sourcecode.swift; path = Commons.swift; sourceTree = "<group>"; };
		D98FC7EC67584EC7C9AAFA13 /* Pods-KatanaUI-KatanaUITests.release.xcconfig */ = {isa = PBXFileReference; includeInIndex = 1; lastKnownFileType = text.xcconfig; name = "Pods-KatanaUI-KatanaUITests.release.xcconfig"; path = "Pods/Target Support Files/Pods-KatanaUI-KatanaUITests/Pods-KatanaUI-KatanaUITests.release.xcconfig"; sourceTree = "<group>"; };
		D9CB382B154DDFC627185FBE /* InternalNode.swift */ = {isa = PBXFileReference; includeInIndex = 1; lastKnownFileType = sourcecode.swift; path = InternalNode.swift; sourceTree = "<group>"; };
		DB76FC0877203797A315C253 /* Katana.h */ = {isa = PBXFileReference; includeInIndex = 1; lastKnownFileType = sourcecode.c.h; path = Katana.h; sourceTree = "<group>"; };
		DE82FD9E6F0AF895FAA2B164 /* NodeTest.swift */ = {isa = PBXFileReference; includeInIndex = 1; lastKnownFileType = sourcecode.swift; path = NodeTest.swift; sourceTree = "<group>"; };
		DF9CD78AC17A0107D2940525 /* Image.swift */ = {isa = PBXFileReference; includeInIndex = 1; lastKnownFileType = sourcecode.swift; path = Image.swift; sourceTree = "<group>"; };
		E36CB86385FBF5AC1D612A16 /* Foundation.framework */ = {isa = PBXFileReference; lastKnownFileType = wrapper.framework; name = Foundation.framework; path = Platforms/iPhoneOS.platform/Developer/SDKs/iPhoneOS10.3.sdk/System/Library/Frameworks/Foundation.framework; sourceTree = DEVELOPER_DIR; };
		E5154326F56B2CA383D168F1 /* PlasticView+Convenience.swift */ = {isa = PBXFileReference; includeInIndex = 1; lastKnownFileType = sourcecode.swift; path = "PlasticView+Convenience.swift"; sourceTree = "<group>"; };
		E7A965EA7A4E5901951E9AB9 /* CounterState.swift */ = {isa = PBXFileReference; includeInIndex = 1; lastKnownFileType = sourcecode.swift; path = CounterState.swift; sourceTree = "<group>"; };
		EFE56D6C39E659AAB0FB708A /* NodeDescriptionShouldUpdateTests.swift */ = {isa = PBXFileReference; includeInIndex = 1; lastKnownFileType = sourcecode.swift; path = NodeDescriptionShouldUpdateTests.swift; sourceTree = "<group>"; };
		F7DC3A935A2C592E0DA82959 /* Pods_KatanaUI.framework */ = {isa = PBXFileReference; explicitFileType = wrapper.framework; includeInIndex = 0; path = Pods_KatanaUI.framework; sourceTree = BUILT_PRODUCTS_DIR; };
/* End PBXFileReference section */

/* Begin PBXFrameworksBuildPhase section */
		32C74623616ACBC879840C55 /* Frameworks */ = {
			isa = PBXFrameworksBuildPhase;
			buildActionMask = 2147483647;
			files = (
				954CEB6025EDAE9A787FE5C4 /* Foundation.framework in Frameworks */,
				9F0384D3F60FEF74198AB7D7 /* UIKit.framework in Frameworks */,
				9E302E202B9091CF6288247A /* Pods_KatanaUI.framework in Frameworks */,
			);
			runOnlyForDeploymentPostprocessing = 0;
		};
		84897236D0FCE07A6BE88276 /* Frameworks */ = {
			isa = PBXFrameworksBuildPhase;
			buildActionMask = 2147483647;
			files = (
				607B415B78037A19EBE9429C /* KatanaUI.framework in Frameworks */,
				960283621C042DFC5396778D /* Foundation.framework in Frameworks */,
				5918899116C48BED9D36C825 /* UIKit.framework in Frameworks */,
				E1BE8D26BEB324AB9D3007DC /* Pods_KatanaElements.framework in Frameworks */,
			);
			runOnlyForDeploymentPostprocessing = 0;
		};
		A0E02DAB65427C628E85C010 /* Frameworks */ = {
			isa = PBXFrameworksBuildPhase;
			buildActionMask = 2147483647;
			files = (
				70C34EF7F127870F8B38AB55 /* KatanaUI.framework in Frameworks */,
				30ED6C082E86CF5F696E1F09 /* KatanaElements.framework in Frameworks */,
				79AAFA25DDEC21C043336B14 /* Foundation.framework in Frameworks */,
				979944C991461FF73171D50D /* UIKit.framework in Frameworks */,
				5BF11113D2F1FFF0A70F14B0 /* Pods_Demo.framework in Frameworks */,
			);
			runOnlyForDeploymentPostprocessing = 0;
		};
		E4D93E0D211C2EFCD6AF7409 /* Frameworks */ = {
			isa = PBXFrameworksBuildPhase;
			buildActionMask = 2147483647;
			files = (
				4886760205481777937C46A3 /* KatanaUI.framework in Frameworks */,
				C88730F4F0A54C17B215FA8C /* Foundation.framework in Frameworks */,
				E42AC9A56023D1D4DDDA9796 /* UIKit.framework in Frameworks */,
				3521B06D43059385B686EF59 /* Pods_KatanaUI_KatanaUITests.framework in Frameworks */,
			);
			runOnlyForDeploymentPostprocessing = 0;
		};
/* End PBXFrameworksBuildPhase section */

/* Begin PBXGroup section */
		02203FA71A855FA5A599DC5B /* StoreConnection */ = {
			isa = PBXGroup;
			children = (
				2C643C96558DA3C5B7234149 /* ConnectedNodeDescription.swift */,
			);
			name = StoreConnection;
			path = StoreConnection;
			sourceTree = "<group>";
		};
		08E1DDBA972EE496399A3CF0 /* Animations */ = {
			isa = PBXGroup;
			children = (
				37D852A5A17A2A7575F7F913 /* AnimationUtilsTests.swift */,
				1DD6B7C10CAED70D25F9E1CC /* ChildrenAnimationsTests.swift */,
			);
			name = Animations;
			path = Animations;
			sourceTree = "<group>";
		};
		12A65CA73D556F2FAE64484D /* Node */ = {
			isa = PBXGroup;
			children = (
				95B4B743EDB17C17CBBE30EE /* UIView+PlatformNativeView.swift */,
				88E4F7FCEC82FE9957FA1FFD /* AnyNode.swift */,
				D9CB382B154DDFC627185FBE /* InternalNode.swift */,
				4832D542B716A6186021FB25 /* PlatformNativeView.swift */,
				89B14E54217D2D163E615C4E /* Node+AnyNode.swift */,
				0809CF3FD931A35ADC46D4D2 /* Node.swift */,
			);
			name = Node;
			path = Node;
			sourceTree = "<group>";
		};
		1479CD3FE839856A96DB8E5B /* Extensions */ = {
			isa = PBXGroup;
			children = (
				CE7A1A6F305CC2F576B474E3 /* Collections+Katana.swift */,
				749D21B0E2475F631ACF6F54 /* Int+Katana.swift */,
			);
			name = Extensions;
			path = Extensions;
			sourceTree = "<group>";
		};
		163BBEA51093F23F9BDF9290 /* Models */ = {
			isa = PBXGroup;
			children = (
				4D30F1B2FABFE3C4AA8652BF /* HierarchyManagers.swift */,
			);
			name = Models;
			path = Models;
			sourceTree = "<group>";
		};
		1A4C5080821A53D6600A2388 /* TouchHandler */ = {
			isa = PBXGroup;
			children = (
				01D4A27367196CD511CA473B /* NativeTouchHandler.swift */,
				D11BA310CCE8E1B39BAA228D /* TouchHandler.swift */,
			);
			name = TouchHandler;
			path = TouchHandler;
			sourceTree = "<group>";
		};
		1D99C257C30D88AD5AAE27FC /* Core */ = {
			isa = PBXGroup;
			children = (
				34CFBE20B7084E259295B025 /* Renderer */,
				02203FA71A855FA5A599DC5B /* StoreConnection */,
				8C820DCFD54C97CBBDFBF6BD /* NodeDescription */,
				F8D27F29918BE8B330081645 /* Refs */,
				12A65CA73D556F2FAE64484D /* Node */,
				642DA38101FDC93055DE8741 /* Animations */,
			);
			name = Core;
			path = Core;
			sourceTree = "<group>";
		};
		22C32B0719605983E61561A0 /* Frameworks */ = {
			isa = PBXGroup;
			children = (
				874C02327553D341B811943D /* iOS */,
				91DCF79A9DE19748EAF751E8 /* Pods_Demo.framework */,
				7BF5A9B78E5ADEF8FAEC34BF /* Pods_KatanaElements.framework */,
				F7DC3A935A2C592E0DA82959 /* Pods_KatanaUI.framework */,
				2F4FBCC45C8EBBB79AD95737 /* Pods_KatanaUI_KatanaUITests.framework */,
			);
			name = Frameworks;
			sourceTree = "<group>";
		};
		286EAF1685C813A5D9CABB76 /* KatanaTests */ = {
			isa = PBXGroup;
			children = (
				08E1DDBA972EE496399A3CF0 /* Animations */,
				7BF6E3C727C341DDC80A0876 /* Core */,
				E93E471471C5DCDB42A3A1D5 /* Extensions */,
				A6485F96401F3EBF085DA56B /* NodeDescriptions */,
				6C40559D9EA899EA3F6031B9 /* Plastic */,
			);
			name = KatanaTests;
			path = KatanaTests;
			sourceTree = "<group>";
		};
		2F03931DB0FDD96C08D442EF /* Plastic */ = {
			isa = PBXGroup;
			children = (
				C22DFF99864535886554B46C /* LayoutsCache.swift */,
				D26FFD7D3E01AC980803F339 /* Anchor.swift */,
				BF9D906FA119E35D089956B9 /* CoordinateConvertible.swift */,
				60571567B0C60088C0A3EEB7 /* PlasticView.swift */,
				56E855C979907C707C00FE4F /* EdgeInsets.swift */,
				AD0D43DDB2E6EB0A310BEED9 /* Size.swift */,
				E5154326F56B2CA383D168F1 /* PlasticView+Convenience.swift */,
				3AC0068E1AB867BE6AF46395 /* PlasticNode.swift */,
				29876CA5DE6CB3F6C4557AE2 /* ViewsContainer.swift */,
				A95D2DE4B1228B2634A9898A /* ViewsContainer+Helpers.swift */,
				CEBDBC7FA794D30CB669FC54 /* Array+Plastic.swift */,
				5320826FE24B8663F206DF68 /* PlasticReferenceSizeable.swift */,
				0483230A0CE2954C0FFD3D2E /* PlasticNodeDescription.swift */,
				836D12407B94EB32159D6A8F /* Value.swift */,
			);
			name = Plastic;
			path = Plastic;
			sourceTree = "<group>";
		};
		34CFBE20B7084E259295B025 /* Renderer */ = {
			isa = PBXGroup;
			children = (
				452E320313DAB0CD1F84E57B /* StateMockProvider.swift */,
				A00E49ACFECE04BFF97CB874 /* Renderer.swift */,
			);
			name = Renderer;
			path = Renderer;
			sourceTree = "<group>";
		};
		642DA38101FDC93055DE8741 /* Animations */ = {
			isa = PBXGroup;
			children = (
				3BD779553460655977DDDB7D /* ChildrenAnimations.swift */,
				7F46491451D1DBBF84484DDD /* Animation.swift */,
				A537CDC0F432F55C5EFCC2B0 /* AnimationPropsTransfomer.swift */,
				2923F23DCC0873EBA8D40B24 /* AnimationType.swift */,
				C331D3632E341B7FDF6D64ED /* AnimationUtils.swift */,
				0A51460146A228468FCE0AC6 /* AnimationContainer.swift */,
			);
			name = Animations;
			path = Animations;
			sourceTree = "<group>";
		};
		682724A84EBE7B13F6B8E495 /* KatanaUI */ = {
			isa = PBXGroup;
			children = (
				1D99C257C30D88AD5AAE27FC /* Core */,
				1479CD3FE839856A96DB8E5B /* Extensions */,
				2F03931DB0FDD96C08D442EF /* Plastic */,
				DB76FC0877203797A315C253 /* Katana.h */,
			);
			name = KatanaUI;
			path = KatanaUI;
			sourceTree = "<group>";
		};
		6C40559D9EA899EA3F6031B9 /* Plastic */ = {
			isa = PBXGroup;
			children = (
				0CA6B64AC4DDB2AE9975238F /* PlasticDimensionsTests.swift */,
				163BBEA51093F23F9BDF9290 /* Models */,
				3B8339C82126AF3B334FC373 /* PlasticBasicLayoutTests.swift */,
				BBA72F6AE86EE3CEFEE11DE5 /* PlasticConvenienceLayoutTests.swift */,
				8369F94F851506902A9CE412 /* PlasticNodeTests.swift */,
				790654ED44188AFA95670E6D /* PlasticContainerTests.swift */,
			);
			name = Plastic;
			path = Plastic;
			sourceTree = "<group>";
		};
		7ACDA93ACB3EE41ACB427541 /* Pods */ = {
			isa = PBXGroup;
			children = (
				8D905D4C0AB826BB3633D79F /* Pods-Demo.debug.xcconfig */,
				903FC51A62B470686DDC5933 /* Pods-Demo.release.xcconfig */,
				395D53811886B00ADC46D8D0 /* Pods-KatanaElements.debug.xcconfig */,
				94893C465437A8E800B77DBC /* Pods-KatanaElements.release.xcconfig */,
				ABF753DB9D933E0BC2E2AB86 /* Pods-KatanaUI.debug.xcconfig */,
				3039D643DE1AB380254AABBD /* Pods-KatanaUI.release.xcconfig */,
				75D67DA9E3956045EEE05AB9 /* Pods-KatanaUI-KatanaUITests.debug.xcconfig */,
				D98FC7EC67584EC7C9AAFA13 /* Pods-KatanaUI-KatanaUITests.release.xcconfig */,
			);
			name = Pods;
			sourceTree = "<group>";
		};
		7BF6E3C727C341DDC80A0876 /* Core */ = {
			isa = PBXGroup;
			children = (
				8E4A33CDFAAF57A43B19B6E7 /* NodeDescriptionTest.swift */,
				36F647D62B4B8FCD06975397 /* StateMockProviderTests.swift */,
				EFE56D6C39E659AAB0FB708A /* NodeDescriptionShouldUpdateTests.swift */,
				1EF9BCA558FD7246C8D23634 /* NodeDescriptionLifecycleTests.swift */,
				10A71BF24D57E417BA9E13A2 /* RenderContainersTest.swift */,
				DE82FD9E6F0AF895FAA2B164 /* NodeTest.swift */,
			);
			name = Core;
			path = Core;
			sourceTree = "<group>";
		};
		874C02327553D341B811943D /* iOS */ = {
			isa = PBXGroup;
			children = (
				E36CB86385FBF5AC1D612A16 /* Foundation.framework */,
				26569D88863B1BB91EC59D85 /* UIKit.framework */,
			);
			name = iOS;
			sourceTree = "<group>";
		};
		8BB27216AB29659F22BC9976 /* Actions */ = {
			isa = PBXGroup;
			children = (
				914E479D956E5071AFD6430C /* IncrementCounter.swift */,
				76C04627DF0FA7CC48893F1C /* DecrementCounter.swift */,
			);
			name = Actions;
			path = Actions;
			sourceTree = "<group>";
		};
		8C820DCFD54C97CBBDFBF6BD /* NodeDescription */ = {
			isa = PBXGroup;
			children = (
				D70DB31DA1F05E82076CF572 /* Commons.swift */,
				803D7AEEFD2856AFCF6BA6E8 /* NodeDescriptionWithChildren.swift */,
				A76C2C53872140D2227D6836 /* NodeDescription.swift */,
			);
			name = NodeDescription;
			path = NodeDescription;
			sourceTree = "<group>";
		};
		907320E544D9C613AD3BC748 /* UI */ = {
			isa = PBXGroup;
			children = (
				1A600EA8CA25DB5D88F8BB61 /* CounterScreen.swift */,
			);
			name = UI;
			path = UI;
			sourceTree = "<group>";
		};
		A6485F96401F3EBF085DA56B /* NodeDescriptions */ = {
			isa = PBXGroup;
			children = (
				C27C50BF8CFC5F86F684C2B0 /* View.swift */,
				67C4F2FA3C3B1349ABADCB8D /* Image.swift */,
			);
			name = NodeDescriptions;
			path = NodeDescriptions;
			sourceTree = "<group>";
		};
		B542CFE69C4FB91AA38BDB45 /* KatanaElements */ = {
			isa = PBXGroup;
			children = (
				557018D581792A1B9F6A1741 /* Label.swift */,
				8FA5913FDC724EA2507671FB /* View.swift */,
				98B94DA4CCBB55A18C287CA0 /* TouchHandlerEvent.swift */,
				DF9CD78AC17A0107D2940525 /* Image.swift */,
				1A4C5080821A53D6600A2388 /* TouchHandler */,
				E3FF9759576CF2EC14AAFD5C /* Table */,
				22F6C7F6EB7CE70EFF1F57FE /* Highlightable.swift */,
				71E8155EF835511C0CE4F53B /* NativeButton.swift */,
				0D74AE3DF8F29A324B175E74 /* Buildable.swift */,
				BC5F92B7811535BB188F892B /* Button.swift */,
				1C4298AA4339F14E450D8BA0 /* KatanaElements.h */,
			);
			name = KatanaElements;
			path = KatanaElements;
			sourceTree = "<group>";
		};
		C1B8B5023E44B7944B1FC66A /* Products */ = {
			isa = PBXGroup;
			children = (
				448F23A89B1B560C669FDBEF /* KatanaUITests.xctest */,
				C0E1084BEBC5DFB3F39F7A9F /* KatanaUI.framework */,
				1F28F29D1942D1C5160EEC80 /* KatanaElements.framework */,
				BE05D26B730538A7114AE175 /* Demo.app */,
			);
			name = Products;
			sourceTree = "<group>";
		};
		DAE9E0114D6C794693D19027 /* State */ = {
			isa = PBXGroup;
			children = (
				E7A965EA7A4E5901951E9AB9 /* CounterState.swift */,
			);
			name = State;
			path = State;
			sourceTree = "<group>";
		};
		E2F6530D72B07EFB8E82B9D5 /* Demo */ = {
			isa = PBXGroup;
			children = (
				907320E544D9C613AD3BC748 /* UI */,
				DAE9E0114D6C794693D19027 /* State */,
				8BB27216AB29659F22BC9976 /* Actions */,
				0A8EE73CA0D0BBDAFDB347C9 /* AppDelegate.swift */,
				1ED24642A92F2FC0E09A9E7F /* LaunchScreen.storyboard */,
			);
			name = Demo;
			path = Demo;
			sourceTree = "<group>";
		};
		E3FF9759576CF2EC14AAFD5C /* Table */ = {
			isa = PBXGroup;
			children = (
				2DA9928F0366B46B6DF6AAC1 /* NativeTable.swift */,
				4120E33BFB0317D1F9238EF9 /* Table.swift */,
				B70DA02B2E7719EFE35A0482 /* TableDelegate.swift */,
				415612B196136B8763D2B551 /* TableCell.swift */,
				8B4494728AD5B2DECDFB1759 /* NativeTableWrapperCell.swift */,
			);
			name = Table;
			path = Table;
			sourceTree = "<group>";
		};
		E508DEDFACA7203FB1C2C8AE = {
			isa = PBXGroup;
			children = (
				C1B8B5023E44B7944B1FC66A /* Products */,
				22C32B0719605983E61561A0 /* Frameworks */,
				286EAF1685C813A5D9CABB76 /* KatanaTests */,
				682724A84EBE7B13F6B8E495 /* KatanaUI */,
				B542CFE69C4FB91AA38BDB45 /* KatanaElements */,
				E2F6530D72B07EFB8E82B9D5 /* Demo */,
				7ACDA93ACB3EE41ACB427541 /* Pods */,
			);
			sourceTree = "<group>";
		};
		E93E471471C5DCDB42A3A1D5 /* Extensions */ = {
			isa = PBXGroup;
			children = (
				AB0C455547028BDF31B071AD /* Collections.swift */,
			);
			name = Extensions;
			path = Extensions;
			sourceTree = "<group>";
		};
		F8D27F29918BE8B330081645 /* Refs */ = {
			isa = PBXGroup;
			children = (
				7C1D2B412C1C7FDABDEBFB81 /* Refs.swift */,
			);
			name = Refs;
			path = Refs;
			sourceTree = "<group>";
		};
/* End PBXGroup section */

/* Begin PBXHeadersBuildPhase section */
		45598279BE256D343F01C3D6 /* Headers */ = {
			isa = PBXHeadersBuildPhase;
			buildActionMask = 2147483647;
			files = (
				DDA09124AA09BD980D334D18 /* KatanaElements.h in Headers */,
			);
			runOnlyForDeploymentPostprocessing = 0;
		};
		D8EC3252511C54CE3CD7B277 /* Headers */ = {
			isa = PBXHeadersBuildPhase;
			buildActionMask = 2147483647;
			files = (
				DABAD66ABD695AB4C5DA248F /* Katana.h in Headers */,
			);
			runOnlyForDeploymentPostprocessing = 0;
		};
/* End PBXHeadersBuildPhase section */

/* Begin PBXNativeTarget section */
		1D10C2FB2C03906C89D038BF /* KatanaUI */ = {
			isa = PBXNativeTarget;
			buildConfigurationList = CDA10D48DBA710FAE1AE5C20 /* Build configuration list for PBXNativeTarget "KatanaUI" */;
			buildPhases = (
				A864BC7230C23CAA494BC155 /* [CP] Check Pods Manifest.lock */,
				32C74623616ACBC879840C55 /* Frameworks */,
				5F765EA53A31693071BACF04 /* Sources */,
				D8EC3252511C54CE3CD7B277 /* Headers */,
				CD600E8D612F8AEDBD700CB0 /* [CP] Copy Pods Resources */,
			);
			buildRules = (
			);
			dependencies = (
			);
			name = KatanaUI;
			productName = KatanaUI;
			productReference = C0E1084BEBC5DFB3F39F7A9F /* KatanaUI.framework */;
			productType = "com.apple.product-type.framework";
		};
		486015A33B5F1317CBDD7697 /* Demo */ = {
			isa = PBXNativeTarget;
			buildConfigurationList = BD23EAB3CBAECAB72E49B187 /* Build configuration list for PBXNativeTarget "Demo" */;
			buildPhases = (
				F81C8E4FC5A9C182D4180503 /* [CP] Check Pods Manifest.lock */,
				A0E02DAB65427C628E85C010 /* Frameworks */,
				79A3EA70B531B5131AF7B903 /* Sources */,
				C2D4B4B5198B0563FCCD7287 /* Resources */,
				4FAFB90B456A871664C01DBF /* [CP] Embed Pods Frameworks */,
				F77D95B1C48E95A71E939160 /* [CP] Copy Pods Resources */,
			);
			buildRules = (
			);
			dependencies = (
				8F7F9FDDFAAD688ECFF6F940 /* PBXTargetDependency */,
				EB818B548C0F8C998D2DBCAE /* PBXTargetDependency */,
			);
			name = Demo;
			productName = Demo;
			productReference = BE05D26B730538A7114AE175 /* Demo.app */;
			productType = "com.apple.product-type.application";
		};
		826593E8FBA44723AE2BB3A6 /* KatanaUITests */ = {
			isa = PBXNativeTarget;
			buildConfigurationList = 0644EACA66D0B5B51C4E85F2 /* Build configuration list for PBXNativeTarget "KatanaUITests" */;
			buildPhases = (
				E3583626CCE2CEDD5C297623 /* [CP] Check Pods Manifest.lock */,
				E4D93E0D211C2EFCD6AF7409 /* Frameworks */,
				31DF08B7992DC4BEAB5E01D5 /* Sources */,
				355F3DDA79BA1DC9FD1D9AA9 /* [CP] Embed Pods Frameworks */,
				23D672C372B1CCF368B0668F /* [CP] Copy Pods Resources */,
			);
			buildRules = (
			);
			dependencies = (
				4888047EFB57B38DDFF10496 /* PBXTargetDependency */,
			);
			name = KatanaUITests;
			productName = KatanaUITests;
			productReference = 448F23A89B1B560C669FDBEF /* KatanaUITests.xctest */;
			productType = "com.apple.product-type.bundle.unit-test";
		};
		AD6DDCF241B453746CB49BD8 /* KatanaElements */ = {
			isa = PBXNativeTarget;
			buildConfigurationList = A354B7470FEEF809FD41D94C /* Build configuration list for PBXNativeTarget "KatanaElements" */;
			buildPhases = (
				016AC0A8211BD9EE4959ACA6 /* [CP] Check Pods Manifest.lock */,
				84897236D0FCE07A6BE88276 /* Frameworks */,
				D3696FB870DEBDF68E5CCC9D /* Sources */,
				45598279BE256D343F01C3D6 /* Headers */,
				648381581D4DA692740AB886 /* [CP] Copy Pods Resources */,
			);
			buildRules = (
			);
			dependencies = (
				2E471C5AAD45F7E8004C5855 /* PBXTargetDependency */,
			);
			name = KatanaElements;
			productName = KatanaElements;
			productReference = 1F28F29D1942D1C5160EEC80 /* KatanaElements.framework */;
			productType = "com.apple.product-type.framework";
		};
/* End PBXNativeTarget section */

/* Begin PBXProject section */
		75E3F1E538B8CD3AC1319813 /* Project object */ = {
			isa = PBXProject;
			attributes = {
				LastSwiftUpdateCheck = 0930;
				LastUpgradeCheck = 0930;
			};
			buildConfigurationList = BE347DBB0310CA01ED2019E5 /* Build configuration list for PBXProject "KatanaUI" */;
			compatibilityVersion = "Xcode 3.2";
			developmentRegion = English;
			hasScannedForEncodings = 0;
			knownRegions = (
				en,
			);
			mainGroup = E508DEDFACA7203FB1C2C8AE;
			productRefGroup = C1B8B5023E44B7944B1FC66A /* Products */;
			projectDirPath = "";
			projectRoot = "";
			targets = (
				826593E8FBA44723AE2BB3A6 /* KatanaUITests */,
				1D10C2FB2C03906C89D038BF /* KatanaUI */,
				AD6DDCF241B453746CB49BD8 /* KatanaElements */,
				486015A33B5F1317CBDD7697 /* Demo */,
			);
		};
/* End PBXProject section */

/* Begin PBXResourcesBuildPhase section */
		C2D4B4B5198B0563FCCD7287 /* Resources */ = {
			isa = PBXResourcesBuildPhase;
			buildActionMask = 2147483647;
			files = (
				185E31DA550FD907295ADA98 /* LaunchScreen.storyboard in Resources */,
			);
			runOnlyForDeploymentPostprocessing = 0;
		};
/* End PBXResourcesBuildPhase section */

/* Begin PBXShellScriptBuildPhase section */
		016AC0A8211BD9EE4959ACA6 /* [CP] Check Pods Manifest.lock */ = {
			isa = PBXShellScriptBuildPhase;
			buildActionMask = 2147483647;
			files = (
			);
			inputPaths = (
				"${PODS_PODFILE_DIR_PATH}/Podfile.lock",
				"${PODS_ROOT}/Manifest.lock",
			);
			name = "[CP] Check Pods Manifest.lock";
			outputPaths = (
				"$(DERIVED_FILE_DIR)/Pods-KatanaElements-checkManifestLockResult.txt",
			);
			runOnlyForDeploymentPostprocessing = 0;
			shellPath = /bin/sh;
			shellScript = "diff \"${PODS_PODFILE_DIR_PATH}/Podfile.lock\" \"${PODS_ROOT}/Manifest.lock\" > /dev/null\nif [ $? != 0 ] ; then\n    # print error to STDERR\n    echo \"error: The sandbox is not in sync with the Podfile.lock. Run 'pod install' or update your CocoaPods installation.\" >&2\n    exit 1\nfi\n# This output is used by Xcode 'outputs' to avoid re-running this script phase.\necho \"SUCCESS\" > \"${SCRIPT_OUTPUT_FILE_0}\"\n";
			showEnvVarsInLog = 0;
		};
		23D672C372B1CCF368B0668F /* [CP] Copy Pods Resources */ = {
			isa = PBXShellScriptBuildPhase;
			buildActionMask = 2147483647;
			files = (
			);
			inputPaths = (
			);
			name = "[CP] Copy Pods Resources";
			outputPaths = (
			);
			runOnlyForDeploymentPostprocessing = 0;
			shellPath = /bin/sh;
			shellScript = "\"${SRCROOT}/Pods/Target Support Files/Pods-KatanaUI-KatanaUITests/Pods-KatanaUI-KatanaUITests-resources.sh\"\n";
			showEnvVarsInLog = 0;
		};
		355F3DDA79BA1DC9FD1D9AA9 /* [CP] Embed Pods Frameworks */ = {
			isa = PBXShellScriptBuildPhase;
			buildActionMask = 2147483647;
			files = (
			);
			inputPaths = (
				"${SRCROOT}/Pods/Target Support Files/Pods-KatanaUI-KatanaUITests/Pods-KatanaUI-KatanaUITests-frameworks.sh",
				"${BUILT_PRODUCTS_DIR}/Katana/Katana.framework",
			);
			name = "[CP] Embed Pods Frameworks";
			outputPaths = (
				"${TARGET_BUILD_DIR}/${FRAMEWORKS_FOLDER_PATH}/Katana.framework",
			);
			runOnlyForDeploymentPostprocessing = 0;
			shellPath = /bin/sh;
			shellScript = "\"${SRCROOT}/Pods/Target Support Files/Pods-KatanaUI-KatanaUITests/Pods-KatanaUI-KatanaUITests-frameworks.sh\"\n";
			showEnvVarsInLog = 0;
		};
		4FAFB90B456A871664C01DBF /* [CP] Embed Pods Frameworks */ = {
			isa = PBXShellScriptBuildPhase;
			buildActionMask = 2147483647;
			files = (
			);
			inputPaths = (
				"${SRCROOT}/Pods/Target Support Files/Pods-Demo/Pods-Demo-frameworks.sh",
				"${BUILT_PRODUCTS_DIR}/Katana/Katana.framework",
			);
			name = "[CP] Embed Pods Frameworks";
			outputPaths = (
				"${TARGET_BUILD_DIR}/${FRAMEWORKS_FOLDER_PATH}/Katana.framework",
			);
			runOnlyForDeploymentPostprocessing = 0;
			shellPath = /bin/sh;
			shellScript = "\"${SRCROOT}/Pods/Target Support Files/Pods-Demo/Pods-Demo-frameworks.sh\"\n";
			showEnvVarsInLog = 0;
		};
		648381581D4DA692740AB886 /* [CP] Copy Pods Resources */ = {
			isa = PBXShellScriptBuildPhase;
			buildActionMask = 2147483647;
			files = (
			);
			inputPaths = (
			);
			name = "[CP] Copy Pods Resources";
			outputPaths = (
			);
			runOnlyForDeploymentPostprocessing = 0;
			shellPath = /bin/sh;
			shellScript = "\"${SRCROOT}/Pods/Target Support Files/Pods-KatanaElements/Pods-KatanaElements-resources.sh\"\n";
			showEnvVarsInLog = 0;
		};
		A864BC7230C23CAA494BC155 /* [CP] Check Pods Manifest.lock */ = {
			isa = PBXShellScriptBuildPhase;
			buildActionMask = 2147483647;
			files = (
			);
			inputPaths = (
				"${PODS_PODFILE_DIR_PATH}/Podfile.lock",
				"${PODS_ROOT}/Manifest.lock",
			);
			name = "[CP] Check Pods Manifest.lock";
			outputPaths = (
				"$(DERIVED_FILE_DIR)/Pods-KatanaUI-checkManifestLockResult.txt",
			);
			runOnlyForDeploymentPostprocessing = 0;
			shellPath = /bin/sh;
			shellScript = "diff \"${PODS_PODFILE_DIR_PATH}/Podfile.lock\" \"${PODS_ROOT}/Manifest.lock\" > /dev/null\nif [ $? != 0 ] ; then\n    # print error to STDERR\n    echo \"error: The sandbox is not in sync with the Podfile.lock. Run 'pod install' or update your CocoaPods installation.\" >&2\n    exit 1\nfi\n# This output is used by Xcode 'outputs' to avoid re-running this script phase.\necho \"SUCCESS\" > \"${SCRIPT_OUTPUT_FILE_0}\"\n";
			showEnvVarsInLog = 0;
		};
		CD600E8D612F8AEDBD700CB0 /* [CP] Copy Pods Resources */ = {
			isa = PBXShellScriptBuildPhase;
			buildActionMask = 2147483647;
			files = (
			);
			inputPaths = (
			);
			name = "[CP] Copy Pods Resources";
			outputPaths = (
			);
			runOnlyForDeploymentPostprocessing = 0;
			shellPath = /bin/sh;
			shellScript = "\"${SRCROOT}/Pods/Target Support Files/Pods-KatanaUI/Pods-KatanaUI-resources.sh\"\n";
			showEnvVarsInLog = 0;
		};
		E3583626CCE2CEDD5C297623 /* [CP] Check Pods Manifest.lock */ = {
			isa = PBXShellScriptBuildPhase;
			buildActionMask = 2147483647;
			files = (
			);
			inputPaths = (
				"${PODS_PODFILE_DIR_PATH}/Podfile.lock",
				"${PODS_ROOT}/Manifest.lock",
			);
			name = "[CP] Check Pods Manifest.lock";
			outputPaths = (
				"$(DERIVED_FILE_DIR)/Pods-KatanaUI-KatanaUITests-checkManifestLockResult.txt",
			);
			runOnlyForDeploymentPostprocessing = 0;
			shellPath = /bin/sh;
			shellScript = "diff \"${PODS_PODFILE_DIR_PATH}/Podfile.lock\" \"${PODS_ROOT}/Manifest.lock\" > /dev/null\nif [ $? != 0 ] ; then\n    # print error to STDERR\n    echo \"error: The sandbox is not in sync with the Podfile.lock. Run 'pod install' or update your CocoaPods installation.\" >&2\n    exit 1\nfi\n# This output is used by Xcode 'outputs' to avoid re-running this script phase.\necho \"SUCCESS\" > \"${SCRIPT_OUTPUT_FILE_0}\"\n";
			showEnvVarsInLog = 0;
		};
		F77D95B1C48E95A71E939160 /* [CP] Copy Pods Resources */ = {
			isa = PBXShellScriptBuildPhase;
			buildActionMask = 2147483647;
			files = (
			);
			inputPaths = (
			);
			name = "[CP] Copy Pods Resources";
			outputPaths = (
			);
			runOnlyForDeploymentPostprocessing = 0;
			shellPath = /bin/sh;
			shellScript = "\"${SRCROOT}/Pods/Target Support Files/Pods-Demo/Pods-Demo-resources.sh\"\n";
			showEnvVarsInLog = 0;
		};
		F81C8E4FC5A9C182D4180503 /* [CP] Check Pods Manifest.lock */ = {
			isa = PBXShellScriptBuildPhase;
			buildActionMask = 2147483647;
			files = (
			);
			inputPaths = (
				"${PODS_PODFILE_DIR_PATH}/Podfile.lock",
				"${PODS_ROOT}/Manifest.lock",
			);
			name = "[CP] Check Pods Manifest.lock";
			outputPaths = (
				"$(DERIVED_FILE_DIR)/Pods-Demo-checkManifestLockResult.txt",
			);
			runOnlyForDeploymentPostprocessing = 0;
			shellPath = /bin/sh;
			shellScript = "diff \"${PODS_PODFILE_DIR_PATH}/Podfile.lock\" \"${PODS_ROOT}/Manifest.lock\" > /dev/null\nif [ $? != 0 ] ; then\n    # print error to STDERR\n    echo \"error: The sandbox is not in sync with the Podfile.lock. Run 'pod install' or update your CocoaPods installation.\" >&2\n    exit 1\nfi\n# This output is used by Xcode 'outputs' to avoid re-running this script phase.\necho \"SUCCESS\" > \"${SCRIPT_OUTPUT_FILE_0}\"\n";
			showEnvVarsInLog = 0;
		};
/* End PBXShellScriptBuildPhase section */

/* Begin PBXSourcesBuildPhase section */
		31DF08B7992DC4BEAB5E01D5 /* Sources */ = {
			isa = PBXSourcesBuildPhase;
			buildActionMask = 2147483647;
			files = (
				93C5D1E85EB4B2C771D708DE /* AnimationUtilsTests.swift in Sources */,
				A67871A7EA6120B67B70E8FB /* ChildrenAnimationsTests.swift in Sources */,
				DBE7A58A8150A3932CF8F21A /* NodeDescriptionTest.swift in Sources */,
				7D34197DE12809EF541EEC30 /* StateMockProviderTests.swift in Sources */,
				1A84A61A180C64984B53DF55 /* NodeDescriptionShouldUpdateTests.swift in Sources */,
				C18592E6E5542738ED6F1528 /* NodeDescriptionLifecycleTests.swift in Sources */,
				883BB08A61ABEC566324881C /* RenderContainersTest.swift in Sources */,
				228C8DC158155EBD3D0C16A7 /* NodeTest.swift in Sources */,
				DFAAC45CC4AA485BA3823D1A /* Collections.swift in Sources */,
				C63F852F7729ABC93CF11EBE /* View.swift in Sources */,
				9CFF1B4121541F8F186B0466 /* Image.swift in Sources */,
				0A54578C424D44E24AE7B908 /* PlasticDimensionsTests.swift in Sources */,
				8EDDA09F5FB699365761D1E1 /* HierarchyManagers.swift in Sources */,
				A8C3D8CB02256996F2BD1173 /* PlasticBasicLayoutTests.swift in Sources */,
				A6DE3C092A34251C879D4CE8 /* PlasticConvenienceLayoutTests.swift in Sources */,
				D88A143BE71B3B7A07AC5DCF /* PlasticNodeTests.swift in Sources */,
				947BBBF7A7B9B0DAB0A1D7D5 /* PlasticContainerTests.swift in Sources */,
			);
			runOnlyForDeploymentPostprocessing = 0;
		};
		5F765EA53A31693071BACF04 /* Sources */ = {
			isa = PBXSourcesBuildPhase;
			buildActionMask = 2147483647;
			files = (
				3A52CE99929E404C19F44D30 /* StateMockProvider.swift in Sources */,
				B7993B58E7BF8CA95C59594F /* Renderer.swift in Sources */,
				41F57B2C815D9DCD118D4622 /* ConnectedNodeDescription.swift in Sources */,
				16E1F6E6072E5C0E2BC038B6 /* Commons.swift in Sources */,
				D2758BFD77A4D0655CFDAF4A /* NodeDescriptionWithChildren.swift in Sources */,
				30B2A4F3D37495B28D68C1E3 /* NodeDescription.swift in Sources */,
				314906B82C4BA20E75354866 /* Refs.swift in Sources */,
				95E1F0332D072C2AE931F05A /* UIView+PlatformNativeView.swift in Sources */,
				0CFA8C658595E079DD159B05 /* AnyNode.swift in Sources */,
				E30F6A91DA8C1A8818C5A7CA /* InternalNode.swift in Sources */,
				23053535E22C561249C08CA8 /* PlatformNativeView.swift in Sources */,
				9FA593E25FFF14BD09716FC9 /* Node+AnyNode.swift in Sources */,
				E16697B00DFD78E7EE44BDE7 /* Node.swift in Sources */,
				1B1288304711AC315852C005 /* ChildrenAnimations.swift in Sources */,
				5CE7F15704B2B15F582B4DF9 /* Animation.swift in Sources */,
				20C6772C50F2DEE9CBB1B323 /* AnimationPropsTransfomer.swift in Sources */,
				7B9F04BCCCA91F47CA18892B /* AnimationType.swift in Sources */,
				F7F168B9B27CABBB19A802A5 /* AnimationUtils.swift in Sources */,
				8BC372C0192727D889A3EB64 /* AnimationContainer.swift in Sources */,
				659B2D3ACBB8DF2B27F89513 /* Collections+Katana.swift in Sources */,
				FA0C3896CDCA2080FE1ECFF8 /* Int+Katana.swift in Sources */,
				30F1E55B3D47B228A575430D /* LayoutsCache.swift in Sources */,
				043C329D8645938571D7C1D1 /* Anchor.swift in Sources */,
				7D5F660CA7105C8DA4479436 /* CoordinateConvertible.swift in Sources */,
				A5279E690C71C7129B17C540 /* PlasticView.swift in Sources */,
				A5A085F69366C9500E375B98 /* EdgeInsets.swift in Sources */,
				B6FCA7D9A84426184010F1ED /* Size.swift in Sources */,
				75B0DA43C7C7D1B7AAE2EBF5 /* PlasticView+Convenience.swift in Sources */,
				CF84FBF03BB750E033B838F5 /* PlasticNode.swift in Sources */,
				755C2DDC2BB00EE754EBE9AC /* ViewsContainer.swift in Sources */,
				0283057F69C21F3153317137 /* ViewsContainer+Helpers.swift in Sources */,
				CC1F11A7AAE61D53A22CF3DC /* Array+Plastic.swift in Sources */,
				2C596CBA836036DE1F33D4DF /* PlasticReferenceSizeable.swift in Sources */,
				E45E501ADCEA87370ABE5F30 /* PlasticNodeDescription.swift in Sources */,
				B373B68CE17D669EEBC6F1F3 /* Value.swift in Sources */,
			);
			runOnlyForDeploymentPostprocessing = 0;
		};
		79A3EA70B531B5131AF7B903 /* Sources */ = {
			isa = PBXSourcesBuildPhase;
			buildActionMask = 2147483647;
			files = (
				C009605156D4357FDE135C80 /* CounterScreen.swift in Sources */,
				8B69A03AE736B9F1C4B241C1 /* CounterState.swift in Sources */,
				DBAB0530520C5520AE93B884 /* IncrementCounter.swift in Sources */,
				C80F86B3AAB9C345899BA924 /* DecrementCounter.swift in Sources */,
				F44D55C445C466474F88584A /* AppDelegate.swift in Sources */,
			);
			runOnlyForDeploymentPostprocessing = 0;
		};
		D3696FB870DEBDF68E5CCC9D /* Sources */ = {
			isa = PBXSourcesBuildPhase;
			buildActionMask = 2147483647;
			files = (
				E2DCABFFA52DA476B9A6C13F /* Label.swift in Sources */,
				177F4FD918F0E54F3559F18E /* View.swift in Sources */,
				9CADF6B42D32AADC3253C66C /* TouchHandlerEvent.swift in Sources */,
				2F4B7E46CEC3AC9AAF550933 /* Image.swift in Sources */,
				DFF94B4C26C221BDF2BB2270 /* NativeTouchHandler.swift in Sources */,
				0AA307CBBB624289EF689B20 /* TouchHandler.swift in Sources */,
				F9953B209C546A6E0AC9A726 /* NativeTable.swift in Sources */,
				FA191188E8E0192F77B31421 /* Table.swift in Sources */,
				16995F3D64D4323D4113AD00 /* TableDelegate.swift in Sources */,
				42BF1DD3A70AF4D917AA3E27 /* TableCell.swift in Sources */,
				CEACA35D570647CC43E49BA8 /* NativeTableWrapperCell.swift in Sources */,
				5917C7F9470BE23FCAF421AA /* Highlightable.swift in Sources */,
				6A37E9FDD9333B0916036C8F /* NativeButton.swift in Sources */,
				3CA57072D4BF234D95FFA90C /* Buildable.swift in Sources */,
				DA06F439094B7508FC73E02E /* Button.swift in Sources */,
			);
			runOnlyForDeploymentPostprocessing = 0;
		};
/* End PBXSourcesBuildPhase section */

/* Begin PBXTargetDependency section */
		2E471C5AAD45F7E8004C5855 /* PBXTargetDependency */ = {
			isa = PBXTargetDependency;
			name = KatanaUI;
			target = 1D10C2FB2C03906C89D038BF /* KatanaUI */;
			targetProxy = 60B9F3CC028A158CB68A4A2C /* PBXContainerItemProxy */;
		};
		4888047EFB57B38DDFF10496 /* PBXTargetDependency */ = {
			isa = PBXTargetDependency;
			name = KatanaUI;
			target = 1D10C2FB2C03906C89D038BF /* KatanaUI */;
			targetProxy = CFCA382E0C763DE99C05D731 /* PBXContainerItemProxy */;
		};
		8F7F9FDDFAAD688ECFF6F940 /* PBXTargetDependency */ = {
			isa = PBXTargetDependency;
			name = KatanaUI;
			target = 1D10C2FB2C03906C89D038BF /* KatanaUI */;
			targetProxy = BD882956D4F4F7EE732C630C /* PBXContainerItemProxy */;
		};
		EB818B548C0F8C998D2DBCAE /* PBXTargetDependency */ = {
			isa = PBXTargetDependency;
			name = KatanaElements;
			target = AD6DDCF241B453746CB49BD8 /* KatanaElements */;
			targetProxy = EC9446388CFE33B6A2615930 /* PBXContainerItemProxy */;
		};
/* End PBXTargetDependency section */

/* Begin XCBuildConfiguration section */
		12A76BDF4CCA1AC7937D418E /* Debug */ = {
			isa = XCBuildConfiguration;
			buildSettings = {
				ALWAYS_SEARCH_USER_PATHS = NO;
				CLANG_ANALYZER_NONNULL = YES;
				CLANG_ANALYZER_NUMBER_OBJECT_CONVERSION = YES_AGGRESSIVE;
				CLANG_CXX_LANGUAGE_STANDARD = "gnu++14";
				CLANG_CXX_LIBRARY = "libc++";
				CLANG_ENABLE_MODULES = YES;
				CLANG_ENABLE_OBJC_ARC = YES;
				CLANG_ENABLE_OBJC_WEAK = YES;
				CLANG_WARN_BLOCK_CAPTURE_AUTORELEASING = YES;
				CLANG_WARN_BOOL_CONVERSION = YES;
				CLANG_WARN_COMMA = YES;
				CLANG_WARN_CONSTANT_CONVERSION = YES;
				CLANG_WARN_DEPRECATED_OBJC_IMPLEMENTATIONS = YES;
				CLANG_WARN_DIRECT_OBJC_ISA_USAGE = YES_ERROR;
				CLANG_WARN_DOCUMENTATION_COMMENTS = YES;
				CLANG_WARN_EMPTY_BODY = YES;
				CLANG_WARN_ENUM_CONVERSION = YES;
				CLANG_WARN_INFINITE_RECURSION = YES;
				CLANG_WARN_INT_CONVERSION = YES;
				CLANG_WARN_NON_LITERAL_NULL_CONVERSION = YES;
				CLANG_WARN_OBJC_IMPLICIT_RETAIN_SELF = YES;
				CLANG_WARN_OBJC_LITERAL_CONVERSION = YES;
				CLANG_WARN_OBJC_ROOT_CLASS = YES_ERROR;
				CLANG_WARN_RANGE_LOOP_ANALYSIS = YES;
				CLANG_WARN_STRICT_PROTOTYPES = YES;
				CLANG_WARN_SUSPICIOUS_MOVE = YES;
				CLANG_WARN_UNGUARDED_AVAILABILITY = YES_AGGRESSIVE;
				CLANG_WARN_UNREACHABLE_CODE = YES;
				CLANG_WARN__DUPLICATE_METHOD_MATCH = YES;
				COPY_PHASE_STRIP = NO;
				DEBUG_INFORMATION_FORMAT = dwarf;
				ENABLE_STRICT_OBJC_MSGSEND = YES;
				ENABLE_TESTABILITY = YES;
				GCC_C_LANGUAGE_STANDARD = gnu11;
				GCC_DYNAMIC_NO_PIC = NO;
				GCC_NO_COMMON_BLOCKS = YES;
				GCC_OPTIMIZATION_LEVEL = 0;
				GCC_PREPROCESSOR_DEFINITIONS = (
					"DEBUG=1",
					"$(inherited)",
				);
				GCC_WARN_64_TO_32_BIT_CONVERSION = YES;
				GCC_WARN_ABOUT_RETURN_TYPE = YES_ERROR;
				GCC_WARN_UNDECLARED_SELECTOR = YES;
				GCC_WARN_UNINITIALIZED_AUTOS = YES_AGGRESSIVE;
				GCC_WARN_UNUSED_FUNCTION = YES;
				GCC_WARN_UNUSED_VARIABLE = YES;
				MTL_ENABLE_DEBUG_INFO = YES;
				ONLY_ACTIVE_ARCH = YES;
				PRODUCT_NAME = "$(TARGET_NAME)";
			};
			name = Debug;
		};
		3192DCD6683A37EBC54F89E0 /* Debug */ = {
			isa = XCBuildConfiguration;
			baseConfigurationReference = 75D67DA9E3956045EEE05AB9 /* Pods-KatanaUI-KatanaUITests.debug.xcconfig */;
			buildSettings = {
				CODE_SIGN_IDENTITY = "iPhone Developer";
				INFOPLIST_FILE = KatanaTests/Info.plist;
				IPHONEOS_DEPLOYMENT_TARGET = 9.0;
				LD_RUNPATH_SEARCH_PATHS = "$(inherited) @executable_path/Frameworks @loader_path/Frameworks";
				SDKROOT = iphoneos;
				SWIFT_ACTIVE_COMPILATION_CONDITIONS = DEBUG;
				SWIFT_OPTIMIZATION_LEVEL = "-Onone";
				SWIFT_VERSION = 4.0;
			};
			name = Debug;
		};
		50BD73D50F5E613F21B77D35 /* Debug */ = {
			isa = XCBuildConfiguration;
			baseConfigurationReference = 395D53811886B00ADC46D8D0 /* Pods-KatanaElements.debug.xcconfig */;
			buildSettings = {
				CODE_SIGN_IDENTITY = "";
				CURRENT_PROJECT_VERSION = 1;
				DEFINES_MODULE = YES;
				DYLIB_COMPATIBILITY_VERSION = 1;
				DYLIB_CURRENT_VERSION = 1;
				DYLIB_INSTALL_NAME_BASE = "@rpath";
				INFOPLIST_FILE = KatanaElements/Info.plist;
				INSTALL_PATH = "$(LOCAL_LIBRARY_DIR)/Frameworks";
				IPHONEOS_DEPLOYMENT_TARGET = 9.0;
				LD_RUNPATH_SEARCH_PATHS = "$(inherited) @executable_path/Frameworks @loader_path/Frameworks";
				PRODUCT_NAME = KatanaElements;
				SDKROOT = iphoneos;
				SKIP_INSTALL = YES;
				SWIFT_ACTIVE_COMPILATION_CONDITIONS = DEBUG;
				SWIFT_OPTIMIZATION_LEVEL = "-Onone";
				SWIFT_VERSION = 4.0;
				TARGETED_DEVICE_FAMILY = "1,2";
				VERSIONING_SYSTEM = "apple-generic";
				VERSION_INFO_PREFIX = "";
			};
			name = Debug;
		};
		7EE5F92E3552B3CA7505169E /* Release */ = {
			isa = XCBuildConfiguration;
			baseConfigurationReference = D98FC7EC67584EC7C9AAFA13 /* Pods-KatanaUI-KatanaUITests.release.xcconfig */;
			buildSettings = {
				CODE_SIGN_IDENTITY = "iPhone Developer";
				INFOPLIST_FILE = KatanaTests/Info.plist;
				IPHONEOS_DEPLOYMENT_TARGET = 9.0;
				LD_RUNPATH_SEARCH_PATHS = "$(inherited) @executable_path/Frameworks @loader_path/Frameworks";
				SDKROOT = iphoneos;
				SWIFT_OPTIMIZATION_LEVEL = "-Owholemodule";
				SWIFT_VERSION = 4.0;
				VALIDATE_PRODUCT = YES;
			};
			name = Release;
		};
		B448ECC4409F5A8E16FD496C /* Debug */ = {
			isa = XCBuildConfiguration;
			baseConfigurationReference = ABF753DB9D933E0BC2E2AB86 /* Pods-KatanaUI.debug.xcconfig */;
			buildSettings = {
				CODE_SIGN_IDENTITY = "";
				CURRENT_PROJECT_VERSION = 1;
				DEFINES_MODULE = YES;
				DYLIB_COMPATIBILITY_VERSION = 1;
				DYLIB_CURRENT_VERSION = 1;
				DYLIB_INSTALL_NAME_BASE = "@rpath";
				INFOPLIST_FILE = KatanaUI/Info.plist;
				INSTALL_PATH = "$(LOCAL_LIBRARY_DIR)/Frameworks";
				IPHONEOS_DEPLOYMENT_TARGET = 9.0;
				LD_RUNPATH_SEARCH_PATHS = "$(inherited) @executable_path/Frameworks @loader_path/Frameworks";
				PRODUCT_NAME = KatanaUI;
				SDKROOT = iphoneos;
				SKIP_INSTALL = YES;
				SWIFT_ACTIVE_COMPILATION_CONDITIONS = DEBUG;
				SWIFT_OPTIMIZATION_LEVEL = "-Onone";
				SWIFT_VERSION = 4.0;
				TARGETED_DEVICE_FAMILY = "1,2";
				VERSIONING_SYSTEM = "apple-generic";
				VERSION_INFO_PREFIX = "";
			};
			name = Debug;
		};
		B5A2DCF957D49B09F852126B /* Release */ = {
			isa = XCBuildConfiguration;
			baseConfigurationReference = 94893C465437A8E800B77DBC /* Pods-KatanaElements.release.xcconfig */;
			buildSettings = {
				CODE_SIGN_IDENTITY = "";
				CURRENT_PROJECT_VERSION = 1;
				DEFINES_MODULE = YES;
				DYLIB_COMPATIBILITY_VERSION = 1;
				DYLIB_CURRENT_VERSION = 1;
				DYLIB_INSTALL_NAME_BASE = "@rpath";
				INFOPLIST_FILE = KatanaElements/Info.plist;
				INSTALL_PATH = "$(LOCAL_LIBRARY_DIR)/Frameworks";
				IPHONEOS_DEPLOYMENT_TARGET = 9.0;
				LD_RUNPATH_SEARCH_PATHS = "$(inherited) @executable_path/Frameworks @loader_path/Frameworks";
				PRODUCT_NAME = KatanaElements;
				SDKROOT = iphoneos;
				SKIP_INSTALL = YES;
				SWIFT_OPTIMIZATION_LEVEL = "-Owholemodule";
				SWIFT_VERSION = 4.0;
				TARGETED_DEVICE_FAMILY = "1,2";
				VALIDATE_PRODUCT = YES;
				VERSIONING_SYSTEM = "apple-generic";
				VERSION_INFO_PREFIX = "";
			};
			name = Release;
		};
		BCFEF46DBC6E2BC3FCA36CAF /* Release */ = {
			isa = XCBuildConfiguration;
			buildSettings = {
				ALWAYS_SEARCH_USER_PATHS = NO;
				CLANG_ANALYZER_NONNULL = YES;
				CLANG_ANALYZER_NUMBER_OBJECT_CONVERSION = YES_AGGRESSIVE;
				CLANG_CXX_LANGUAGE_STANDARD = "gnu++14";
				CLANG_CXX_LIBRARY = "libc++";
				CLANG_ENABLE_MODULES = YES;
				CLANG_ENABLE_OBJC_ARC = YES;
				CLANG_ENABLE_OBJC_WEAK = YES;
				CLANG_WARN_BLOCK_CAPTURE_AUTORELEASING = YES;
				CLANG_WARN_BOOL_CONVERSION = YES;
				CLANG_WARN_COMMA = YES;
				CLANG_WARN_CONSTANT_CONVERSION = YES;
				CLANG_WARN_DEPRECATED_OBJC_IMPLEMENTATIONS = YES;
				CLANG_WARN_DIRECT_OBJC_ISA_USAGE = YES_ERROR;
				CLANG_WARN_DOCUMENTATION_COMMENTS = YES;
				CLANG_WARN_EMPTY_BODY = YES;
				CLANG_WARN_ENUM_CONVERSION = YES;
				CLANG_WARN_INFINITE_RECURSION = YES;
				CLANG_WARN_INT_CONVERSION = YES;
				CLANG_WARN_NON_LITERAL_NULL_CONVERSION = YES;
				CLANG_WARN_OBJC_IMPLICIT_RETAIN_SELF = YES;
				CLANG_WARN_OBJC_LITERAL_CONVERSION = YES;
				CLANG_WARN_OBJC_ROOT_CLASS = YES_ERROR;
				CLANG_WARN_RANGE_LOOP_ANALYSIS = YES;
				CLANG_WARN_STRICT_PROTOTYPES = YES;
				CLANG_WARN_SUSPICIOUS_MOVE = YES;
				CLANG_WARN_UNGUARDED_AVAILABILITY = YES_AGGRESSIVE;
				CLANG_WARN_UNREACHABLE_CODE = YES;
				CLANG_WARN__DUPLICATE_METHOD_MATCH = YES;
				COPY_PHASE_STRIP = NO;
				DEBUG_INFORMATION_FORMAT = "dwarf-with-dsym";
				ENABLE_NS_ASSERTIONS = NO;
				ENABLE_STRICT_OBJC_MSGSEND = YES;
				GCC_C_LANGUAGE_STANDARD = gnu11;
				GCC_NO_COMMON_BLOCKS = YES;
				GCC_WARN_64_TO_32_BIT_CONVERSION = YES;
				GCC_WARN_ABOUT_RETURN_TYPE = YES_ERROR;
				GCC_WARN_UNDECLARED_SELECTOR = YES;
				GCC_WARN_UNINITIALIZED_AUTOS = YES_AGGRESSIVE;
				GCC_WARN_UNUSED_FUNCTION = YES;
				GCC_WARN_UNUSED_VARIABLE = YES;
				MTL_ENABLE_DEBUG_INFO = NO;
				PRODUCT_NAME = "$(TARGET_NAME)";
			};
			name = Release;
		};
		C3C706C43807ED4835E96F08 /* Release */ = {
			isa = XCBuildConfiguration;
			baseConfigurationReference = 3039D643DE1AB380254AABBD /* Pods-KatanaUI.release.xcconfig */;
			buildSettings = {
				CODE_SIGN_IDENTITY = "";
				CURRENT_PROJECT_VERSION = 1;
				DEFINES_MODULE = YES;
				DYLIB_COMPATIBILITY_VERSION = 1;
				DYLIB_CURRENT_VERSION = 1;
				DYLIB_INSTALL_NAME_BASE = "@rpath";
				INFOPLIST_FILE = KatanaUI/Info.plist;
				INSTALL_PATH = "$(LOCAL_LIBRARY_DIR)/Frameworks";
				IPHONEOS_DEPLOYMENT_TARGET = 9.0;
				LD_RUNPATH_SEARCH_PATHS = "$(inherited) @executable_path/Frameworks @loader_path/Frameworks";
				PRODUCT_NAME = KatanaUI;
				SDKROOT = iphoneos;
				SKIP_INSTALL = YES;
				SWIFT_OPTIMIZATION_LEVEL = "-Owholemodule";
				SWIFT_VERSION = 4.0;
				TARGETED_DEVICE_FAMILY = "1,2";
				VALIDATE_PRODUCT = YES;
				VERSIONING_SYSTEM = "apple-generic";
				VERSION_INFO_PREFIX = "";
			};
			name = Release;
		};
		D309A9A55606336EAF053D72 /* Release */ = {
			isa = XCBuildConfiguration;
			baseConfigurationReference = 903FC51A62B470686DDC5933 /* Pods-Demo.release.xcconfig */;
			buildSettings = {
				ASSETCATALOG_COMPILER_APPICON_NAME = AppIcon;
				CODE_SIGN_IDENTITY = "iPhone Developer";
				INFOPLIST_FILE = Demo/Info.plist;
				IPHONEOS_DEPLOYMENT_TARGET = 9.0;
				LD_RUNPATH_SEARCH_PATHS = "$(inherited) @executable_path/Frameworks";
				PRODUCT_BUNDLE_IDENTIFIER = com.bendingspoons.Demo;
				PRODUCT_NAME = Demo;
				SDKROOT = iphoneos;
				SWIFT_OPTIMIZATION_LEVEL = "-Owholemodule";
				SWIFT_VERSION = 4.0;
				TARGETED_DEVICE_FAMILY = "1,2";
				VALIDATE_PRODUCT = YES;
			};
			name = Release;
		};
		DA8743BD0C4B178AA0ED8305 /* Debug */ = {
			isa = XCBuildConfiguration;
			baseConfigurationReference = 8D905D4C0AB826BB3633D79F /* Pods-Demo.debug.xcconfig */;
			buildSettings = {
				ASSETCATALOG_COMPILER_APPICON_NAME = AppIcon;
				CODE_SIGN_IDENTITY = "iPhone Developer";
				INFOPLIST_FILE = Demo/Info.plist;
				IPHONEOS_DEPLOYMENT_TARGET = 9.0;
				LD_RUNPATH_SEARCH_PATHS = "$(inherited) @executable_path/Frameworks";
				PRODUCT_BUNDLE_IDENTIFIER = com.bendingspoons.Demo;
				PRODUCT_NAME = Demo;
				SDKROOT = iphoneos;
				SWIFT_ACTIVE_COMPILATION_CONDITIONS = DEBUG;
				SWIFT_OPTIMIZATION_LEVEL = "-Onone";
				SWIFT_VERSION = 4.0;
				TARGETED_DEVICE_FAMILY = "1,2";
			};
			name = Debug;
		};
/* End XCBuildConfiguration section */

/* Begin XCConfigurationList section */
		0644EACA66D0B5B51C4E85F2 /* Build configuration list for PBXNativeTarget "KatanaUITests" */ = {
			isa = XCConfigurationList;
			buildConfigurations = (
				3192DCD6683A37EBC54F89E0 /* Debug */,
				7EE5F92E3552B3CA7505169E /* Release */,
			);
			defaultConfigurationIsVisible = 0;
			defaultConfigurationName = Release;
		};
		A354B7470FEEF809FD41D94C /* Build configuration list for PBXNativeTarget "KatanaElements" */ = {
			isa = XCConfigurationList;
			buildConfigurations = (
				50BD73D50F5E613F21B77D35 /* Debug */,
				B5A2DCF957D49B09F852126B /* Release */,
			);
			defaultConfigurationIsVisible = 0;
			defaultConfigurationName = Release;
		};
		BD23EAB3CBAECAB72E49B187 /* Build configuration list for PBXNativeTarget "Demo" */ = {
			isa = XCConfigurationList;
			buildConfigurations = (
				DA8743BD0C4B178AA0ED8305 /* Debug */,
				D309A9A55606336EAF053D72 /* Release */,
			);
			defaultConfigurationIsVisible = 0;
			defaultConfigurationName = Release;
		};
		BE347DBB0310CA01ED2019E5 /* Build configuration list for PBXProject "KatanaUI" */ = {
			isa = XCConfigurationList;
			buildConfigurations = (
				12A76BDF4CCA1AC7937D418E /* Debug */,
				BCFEF46DBC6E2BC3FCA36CAF /* Release */,
			);
			defaultConfigurationIsVisible = 0;
			defaultConfigurationName = Release;
		};
		CDA10D48DBA710FAE1AE5C20 /* Build configuration list for PBXNativeTarget "KatanaUI" */ = {
			isa = XCConfigurationList;
			buildConfigurations = (
				B448ECC4409F5A8E16FD496C /* Debug */,
				C3C706C43807ED4835E96F08 /* Release */,
			);
			defaultConfigurationIsVisible = 0;
			defaultConfigurationName = Release;
		};
/* End XCConfigurationList section */
	};
	rootObject = 75E3F1E538B8CD3AC1319813 /* Project object */;
}
