// !$*UTF8*$!
{
	archiveVersion = "";
	classes = "";
	objectVersion = 46;
	objects = {

/* Begin PBXBuildFile section */
		08ED9B6428C4477D335E761B /* Anchor.swift in Sources */ = {isa = PBXBuildFile; fileRef = 01CCB730130D35632C2ADAA8 /* Anchor.swift */; };
		0F3FB40472EA871C8045AE73 /* Animation.swift in Sources */ = {isa = PBXBuildFile; fileRef = 222AAFCA7D7D010A32CE8515 /* Animation.swift */; };
		1030E051518F19A8090D4101 /* AnimationType.swift in Sources */ = {isa = PBXBuildFile; fileRef = 280FA5E65A6573DCD7B96048 /* AnimationType.swift */; };
		10C99A483F92AE0F6B8350A8 /* PlasticView+Convenience.swift in Sources */ = {isa = PBXBuildFile; fileRef = 8B4BF5294A8EF1D7C5217EC6 /* PlasticView+Convenience.swift */; };
		1413CED68870A4A82CE6F30B /* InternalNode.swift in Sources */ = {isa = PBXBuildFile; fileRef = F59F83E6E07D069037C22587 /* InternalNode.swift */; };
		245D9143221E569463BDB6B6 /* ChildrenAnimations.swift in Sources */ = {isa = PBXBuildFile; fileRef = 4678AE869CE7E91CC777060F /* ChildrenAnimations.swift */; };
		2A8424A3D71F9D1E6261BA40 /* EdgeInsets.swift in Sources */ = {isa = PBXBuildFile; fileRef = A321E07281E8398B64E054A5 /* EdgeInsets.swift */; };
		2C029553B7658C8229388603 /* Commons.swift in Sources */ = {isa = PBXBuildFile; fileRef = D22DAC6E7A16D6B6FBE1A01E /* Commons.swift */; };
		2E6A20E941780B983D8C2AA8 /* Foundation.framework in Frameworks */ = {isa = PBXBuildFile; fileRef = 8CF7EF690A15B93128FEDDD8 /* Foundation.framework */; };
		33ECCD9196B7305D9D0819E7 /* Array+Plastic.swift in Sources */ = {isa = PBXBuildFile; fileRef = C1490D46A808473047822A74 /* Array+Plastic.swift */; };
		3CD75B970006D29543D38151 /* PlasticNodeDescription.swift in Sources */ = {isa = PBXBuildFile; fileRef = 98C822DDEF45B950D9497FE7 /* PlasticNodeDescription.swift */; };
		451E7B0863FA43524C103E14 /* ConnectedNodeDescription.swift in Sources */ = {isa = PBXBuildFile; fileRef = F512E9CC2BA284A30FD5FB3D /* ConnectedNodeDescription.swift */; };
		4FB34DD4431816CE85C98579 /* Katana.h in Headers */ = {isa = PBXBuildFile; fileRef = FD3E8ABAFA94BCE4F5520083 /* Katana.h */; settings = {ATTRIBUTES = (Public, ); }; };
		584CFC6F453FF854BD2B4065 /* CoordinateConvertible.swift in Sources */ = {isa = PBXBuildFile; fileRef = C379C5FE243240EC54B29AB9 /* CoordinateConvertible.swift */; };
		5A63D55B1E9205B6BB7AAB56 /* LayoutsCache.swift in Sources */ = {isa = PBXBuildFile; fileRef = EED02420C3688CF61ACC6B5B /* LayoutsCache.swift */; };
		5E5A2FEF128FF1DA507DE1CC /* Int+Katana.swift in Sources */ = {isa = PBXBuildFile; fileRef = 87014221BACDF3F615319A87 /* Int+Katana.swift */; };
		601FAF4701E65005AA8526D3 /* ViewsContainer+Helpers.swift in Sources */ = {isa = PBXBuildFile; fileRef = 4F6B4A13CA276AAE97846B2B /* ViewsContainer+Helpers.swift */; };
		60992C455B839D1088F3C798 /* Node+AnyNode.swift in Sources */ = {isa = PBXBuildFile; fileRef = D75701E210B2639967DCD390 /* Node+AnyNode.swift */; };
		6254E6E28468C194C48FBEFF /* Node.swift in Sources */ = {isa = PBXBuildFile; fileRef = B3A5573151A2D15676FAC495 /* Node.swift */; };
		664CE5C8C72947A1C1F4A0E1 /* Refs.swift in Sources */ = {isa = PBXBuildFile; fileRef = 1536D62BA97F9DDB02230471 /* Refs.swift */; };
		6A1417CFF4000AF03AE98D58 /* Collections+Katana.swift in Sources */ = {isa = PBXBuildFile; fileRef = D7862A56BD45F51EEE747245 /* Collections+Katana.swift */; };
		705BE03FC58484F2C44BE209 /* NodeDescription.swift in Sources */ = {isa = PBXBuildFile; fileRef = 614D26D7619983B4CC3CAF58 /* NodeDescription.swift */; };
		74586F4B75E3F8CB7A951B98 /* AnimationContainer.swift in Sources */ = {isa = PBXBuildFile; fileRef = CD628321B3F3387EEAAEA1E0 /* AnimationContainer.swift */; };
		8066C27CFEE37B8E35DC9E7C /* UIKit.framework in Frameworks */ = {isa = PBXBuildFile; fileRef = 5CE3C124C06F3FFEF887FD5F /* UIKit.framework */; };
		81FF4FD66EAE09DA6BB2DF67 /* Renderer.swift in Sources */ = {isa = PBXBuildFile; fileRef = 01E4AB3226E7B46BE6C454C5 /* Renderer.swift */; };
		84BAE4A16D12D8FE0517E480 /* PlasticReferenceSizeable.swift in Sources */ = {isa = PBXBuildFile; fileRef = A722183BF0A56C93D4C15225 /* PlasticReferenceSizeable.swift */; };
		905DAF4FBB9870F11289F295 /* Pods_KatanaUI.framework in Frameworks */ = {isa = PBXBuildFile; fileRef = 052B292A968183CAA67D7293 /* Pods_KatanaUI.framework */; };
		914CA9A85C01CF043707AB1C /* StateMockProvider.swift in Sources */ = {isa = PBXBuildFile; fileRef = 9B3A7A744D941BE643764499 /* StateMockProvider.swift */; };
		9B92F14B8D9D07754EC5C5E5 /* PlasticNode.swift in Sources */ = {isa = PBXBuildFile; fileRef = DDEBFBC4D0647007014EEB4E /* PlasticNode.swift */; };
		A8F1FCA3A80609E26336C9D7 /* Size.swift in Sources */ = {isa = PBXBuildFile; fileRef = D3A380ABDF076861FE23E72A /* Size.swift */; };
		B4A6462FA8ABAAD6513F32DA /* AnyNode.swift in Sources */ = {isa = PBXBuildFile; fileRef = 51C27ED91487CD347149D92C /* AnyNode.swift */; };
		B5C0A073A0DEF6D3312E7073 /* UIView+PlatformNativeView.swift in Sources */ = {isa = PBXBuildFile; fileRef = 4E9E5A489A247F14A5B50C37 /* UIView+PlatformNativeView.swift */; };
		CC403BF90096722376043834 /* PlasticView.swift in Sources */ = {isa = PBXBuildFile; fileRef = B7D50555E72949C9F845AB1C /* PlasticView.swift */; };
		D6054FFEF68B73AAA57A71A0 /* Value.swift in Sources */ = {isa = PBXBuildFile; fileRef = 88F08707926516F9616B7BFF /* Value.swift */; };
		DC3FE2BB7808A923C98601BC /* NodeDescriptionWithChildren.swift in Sources */ = {isa = PBXBuildFile; fileRef = 7283F9E5D176B65D5B1DD05E /* NodeDescriptionWithChildren.swift */; };
		E872FB94A66DCDA34C14D44E /* AnimationPropsTransfomer.swift in Sources */ = {isa = PBXBuildFile; fileRef = 771C20B8087AB4FA29FC32B9 /* AnimationPropsTransfomer.swift */; };
		EB8E8A416EDB9C82B6CAC839 /* ViewsContainer.swift in Sources */ = {isa = PBXBuildFile; fileRef = 5DF16176B026A2BA59FDF79E /* ViewsContainer.swift */; };
		EF0FD6871BA22C1DFF908E36 /* AnimationUtils.swift in Sources */ = {isa = PBXBuildFile; fileRef = 299FD773C41F8F3A16D366FF /* AnimationUtils.swift */; };
		F95FF377D0067F1981C4A8D5 /* PlatformNativeView.swift in Sources */ = {isa = PBXBuildFile; fileRef = 390B2BB5A9BEFA06E8B85525 /* PlatformNativeView.swift */; };
/* End PBXBuildFile section */

/* Begin PBXFileReference section */
		01CCB730130D35632C2ADAA8 /* Anchor.swift */ = {isa = PBXFileReference; includeInIndex = 1; lastKnownFileType = sourcecode.swift; path = Anchor.swift; sourceTree = "<group>"; };
		01E4AB3226E7B46BE6C454C5 /* Renderer.swift */ = {isa = PBXFileReference; includeInIndex = 1; lastKnownFileType = sourcecode.swift; path = Renderer.swift; sourceTree = "<group>"; };
		052B292A968183CAA67D7293 /* Pods_KatanaUI.framework */ = {isa = PBXFileReference; explicitFileType = wrapper.framework; includeInIndex = 0; path = Pods_KatanaUI.framework; sourceTree = BUILT_PRODUCTS_DIR; };
		1536D62BA97F9DDB02230471 /* Refs.swift */ = {isa = PBXFileReference; includeInIndex = 1; lastKnownFileType = sourcecode.swift; path = Refs.swift; sourceTree = "<group>"; };
		222AAFCA7D7D010A32CE8515 /* Animation.swift */ = {isa = PBXFileReference; includeInIndex = 1; lastKnownFileType = sourcecode.swift; path = Animation.swift; sourceTree = "<group>"; };
		280FA5E65A6573DCD7B96048 /* AnimationType.swift */ = {isa = PBXFileReference; includeInIndex = 1; lastKnownFileType = sourcecode.swift; path = AnimationType.swift; sourceTree = "<group>"; };
		299FD773C41F8F3A16D366FF /* AnimationUtils.swift */ = {isa = PBXFileReference; includeInIndex = 1; lastKnownFileType = sourcecode.swift; path = AnimationUtils.swift; sourceTree = "<group>"; };
		390B2BB5A9BEFA06E8B85525 /* PlatformNativeView.swift */ = {isa = PBXFileReference; includeInIndex = 1; lastKnownFileType = sourcecode.swift; path = PlatformNativeView.swift; sourceTree = "<group>"; };
		4678AE869CE7E91CC777060F /* ChildrenAnimations.swift */ = {isa = PBXFileReference; includeInIndex = 1; lastKnownFileType = sourcecode.swift; path = ChildrenAnimations.swift; sourceTree = "<group>"; };
		4E9E5A489A247F14A5B50C37 /* UIView+PlatformNativeView.swift */ = {isa = PBXFileReference; includeInIndex = 1; lastKnownFileType = sourcecode.swift; path = "UIView+PlatformNativeView.swift"; sourceTree = "<group>"; };
		4F6B4A13CA276AAE97846B2B /* ViewsContainer+Helpers.swift */ = {isa = PBXFileReference; includeInIndex = 1; lastKnownFileType = sourcecode.swift; path = "ViewsContainer+Helpers.swift"; sourceTree = "<group>"; };
		51C27ED91487CD347149D92C /* AnyNode.swift */ = {isa = PBXFileReference; includeInIndex = 1; lastKnownFileType = sourcecode.swift; path = AnyNode.swift; sourceTree = "<group>"; };
		5CE3C124C06F3FFEF887FD5F /* UIKit.framework */ = {isa = PBXFileReference; lastKnownFileType = wrapper.framework; name = UIKit.framework; path = Platforms/iPhoneOS.platform/Developer/SDKs/iPhoneOS10.3.sdk/System/Library/Frameworks/UIKit.framework; sourceTree = DEVELOPER_DIR; };
		5DF16176B026A2BA59FDF79E /* ViewsContainer.swift */ = {isa = PBXFileReference; includeInIndex = 1; lastKnownFileType = sourcecode.swift; path = ViewsContainer.swift; sourceTree = "<group>"; };
		614D26D7619983B4CC3CAF58 /* NodeDescription.swift */ = {isa = PBXFileReference; includeInIndex = 1; lastKnownFileType = sourcecode.swift; path = NodeDescription.swift; sourceTree = "<group>"; };
		7283F9E5D176B65D5B1DD05E /* NodeDescriptionWithChildren.swift */ = {isa = PBXFileReference; includeInIndex = 1; lastKnownFileType = sourcecode.swift; path = NodeDescriptionWithChildren.swift; sourceTree = "<group>"; };
		771C20B8087AB4FA29FC32B9 /* AnimationPropsTransfomer.swift */ = {isa = PBXFileReference; includeInIndex = 1; lastKnownFileType = sourcecode.swift; path = AnimationPropsTransfomer.swift; sourceTree = "<group>"; };
		87014221BACDF3F615319A87 /* Int+Katana.swift */ = {isa = PBXFileReference; includeInIndex = 1; lastKnownFileType = sourcecode.swift; path = "Int+Katana.swift"; sourceTree = "<group>"; };
		88F08707926516F9616B7BFF /* Value.swift */ = {isa = PBXFileReference; includeInIndex = 1; lastKnownFileType = sourcecode.swift; path = Value.swift; sourceTree = "<group>"; };
		8B4BF5294A8EF1D7C5217EC6 /* PlasticView+Convenience.swift */ = {isa = PBXFileReference; includeInIndex = 1; lastKnownFileType = sourcecode.swift; path = "PlasticView+Convenience.swift"; sourceTree = "<group>"; };
		8C5FCF9811C1F3C124387296 /* Pods-KatanaUI.debug.xcconfig */ = {isa = PBXFileReference; includeInIndex = 1; lastKnownFileType = text.xcconfig; name = "Pods-KatanaUI.debug.xcconfig"; path = "Pods/Target Support Files/Pods-KatanaUI/Pods-KatanaUI.debug.xcconfig"; sourceTree = "<group>"; };
		8CF7EF690A15B93128FEDDD8 /* Foundation.framework */ = {isa = PBXFileReference; lastKnownFileType = wrapper.framework; name = Foundation.framework; path = Platforms/iPhoneOS.platform/Developer/SDKs/iPhoneOS10.3.sdk/System/Library/Frameworks/Foundation.framework; sourceTree = DEVELOPER_DIR; };
		98C822DDEF45B950D9497FE7 /* PlasticNodeDescription.swift */ = {isa = PBXFileReference; includeInIndex = 1; lastKnownFileType = sourcecode.swift; path = PlasticNodeDescription.swift; sourceTree = "<group>"; };
		9B3A7A744D941BE643764499 /* StateMockProvider.swift */ = {isa = PBXFileReference; includeInIndex = 1; lastKnownFileType = sourcecode.swift; path = StateMockProvider.swift; sourceTree = "<group>"; };
		A321E07281E8398B64E054A5 /* EdgeInsets.swift */ = {isa = PBXFileReference; includeInIndex = 1; lastKnownFileType = sourcecode.swift; path = EdgeInsets.swift; sourceTree = "<group>"; };
		A722183BF0A56C93D4C15225 /* PlasticReferenceSizeable.swift */ = {isa = PBXFileReference; includeInIndex = 1; lastKnownFileType = sourcecode.swift; path = PlasticReferenceSizeable.swift; sourceTree = "<group>"; };
		B3A5573151A2D15676FAC495 /* Node.swift */ = {isa = PBXFileReference; includeInIndex = 1; lastKnownFileType = sourcecode.swift; path = Node.swift; sourceTree = "<group>"; };
		B7D50555E72949C9F845AB1C /* PlasticView.swift */ = {isa = PBXFileReference; includeInIndex = 1; lastKnownFileType = sourcecode.swift; path = PlasticView.swift; sourceTree = "<group>"; };
		C1490D46A808473047822A74 /* Array+Plastic.swift */ = {isa = PBXFileReference; includeInIndex = 1; lastKnownFileType = sourcecode.swift; path = "Array+Plastic.swift"; sourceTree = "<group>"; };
		C379C5FE243240EC54B29AB9 /* CoordinateConvertible.swift */ = {isa = PBXFileReference; includeInIndex = 1; lastKnownFileType = sourcecode.swift; path = CoordinateConvertible.swift; sourceTree = "<group>"; };
		CCA50A3BEB7971CF14402EDE /* Pods-KatanaUI.release.xcconfig */ = {isa = PBXFileReference; includeInIndex = 1; lastKnownFileType = text.xcconfig; name = "Pods-KatanaUI.release.xcconfig"; path = "Pods/Target Support Files/Pods-KatanaUI/Pods-KatanaUI.release.xcconfig"; sourceTree = "<group>"; };
		CD628321B3F3387EEAAEA1E0 /* AnimationContainer.swift */ = {isa = PBXFileReference; includeInIndex = 1; lastKnownFileType = sourcecode.swift; path = AnimationContainer.swift; sourceTree = "<group>"; };
		D22DAC6E7A16D6B6FBE1A01E /* Commons.swift */ = {isa = PBXFileReference; includeInIndex = 1; lastKnownFileType = sourcecode.swift; path = Commons.swift; sourceTree = "<group>"; };
		D3A380ABDF076861FE23E72A /* Size.swift */ = {isa = PBXFileReference; includeInIndex = 1; lastKnownFileType = sourcecode.swift; path = Size.swift; sourceTree = "<group>"; };
		D75701E210B2639967DCD390 /* Node+AnyNode.swift */ = {isa = PBXFileReference; includeInIndex = 1; lastKnownFileType = sourcecode.swift; path = "Node+AnyNode.swift"; sourceTree = "<group>"; };
		D7862A56BD45F51EEE747245 /* Collections+Katana.swift */ = {isa = PBXFileReference; includeInIndex = 1; lastKnownFileType = sourcecode.swift; path = "Collections+Katana.swift"; sourceTree = "<group>"; };
		DDEBFBC4D0647007014EEB4E /* PlasticNode.swift */ = {isa = PBXFileReference; includeInIndex = 1; lastKnownFileType = sourcecode.swift; path = PlasticNode.swift; sourceTree = "<group>"; };
		E9A0AAC12092A55407BECA38 /* KatanaUI.framework */ = {isa = PBXFileReference; explicitFileType = wrapper.framework; includeInIndex = 0; path = KatanaUI.framework; sourceTree = BUILT_PRODUCTS_DIR; };
		EED02420C3688CF61ACC6B5B /* LayoutsCache.swift */ = {isa = PBXFileReference; includeInIndex = 1; lastKnownFileType = sourcecode.swift; path = LayoutsCache.swift; sourceTree = "<group>"; };
		F512E9CC2BA284A30FD5FB3D /* ConnectedNodeDescription.swift */ = {isa = PBXFileReference; includeInIndex = 1; lastKnownFileType = sourcecode.swift; path = ConnectedNodeDescription.swift; sourceTree = "<group>"; };
		F59F83E6E07D069037C22587 /* InternalNode.swift */ = {isa = PBXFileReference; includeInIndex = 1; lastKnownFileType = sourcecode.swift; path = InternalNode.swift; sourceTree = "<group>"; };
		FD3E8ABAFA94BCE4F5520083 /* Katana.h */ = {isa = PBXFileReference; includeInIndex = 1; lastKnownFileType = sourcecode.c.h; path = Katana.h; sourceTree = "<group>"; };
/* End PBXFileReference section */

/* Begin PBXFrameworksBuildPhase section */
		0A94201564DF3BED7C369CCB /* Frameworks */ = {
			isa = PBXFrameworksBuildPhase;
			buildActionMask = 2147483647;
			files = (
				2E6A20E941780B983D8C2AA8 /* Foundation.framework in Frameworks */,
				8066C27CFEE37B8E35DC9E7C /* UIKit.framework in Frameworks */,
				905DAF4FBB9870F11289F295 /* Pods_KatanaUI.framework in Frameworks */,
			);
			runOnlyForDeploymentPostprocessing = 0;
		};
/* End PBXFrameworksBuildPhase section */

/* Begin PBXGroup section */
		190F356F18687AB7A600727C /* Plastic */ = {
			isa = PBXGroup;
			children = (
				EED02420C3688CF61ACC6B5B /* LayoutsCache.swift */,
				01CCB730130D35632C2ADAA8 /* Anchor.swift */,
				C379C5FE243240EC54B29AB9 /* CoordinateConvertible.swift */,
				B7D50555E72949C9F845AB1C /* PlasticView.swift */,
				A321E07281E8398B64E054A5 /* EdgeInsets.swift */,
				D3A380ABDF076861FE23E72A /* Size.swift */,
				8B4BF5294A8EF1D7C5217EC6 /* PlasticView+Convenience.swift */,
				DDEBFBC4D0647007014EEB4E /* PlasticNode.swift */,
				5DF16176B026A2BA59FDF79E /* ViewsContainer.swift */,
				4F6B4A13CA276AAE97846B2B /* ViewsContainer+Helpers.swift */,
				C1490D46A808473047822A74 /* Array+Plastic.swift */,
				A722183BF0A56C93D4C15225 /* PlasticReferenceSizeable.swift */,
				98C822DDEF45B950D9497FE7 /* PlasticNodeDescription.swift */,
				88F08707926516F9616B7BFF /* Value.swift */,
			);
			name = Plastic;
			path = Plastic;
			sourceTree = "<group>";
		};
		298F219CD77474B16D99CF16 /* iOS */ = {
			isa = PBXGroup;
			children = (
				8CF7EF690A15B93128FEDDD8 /* Foundation.framework */,
				5CE3C124C06F3FFEF887FD5F /* UIKit.framework */,
			);
			name = iOS;
			sourceTree = "<group>";
		};
		46AAAD816BBFA934C2109EC7 /* StoreConnection */ = {
			isa = PBXGroup;
			children = (
				F512E9CC2BA284A30FD5FB3D /* ConnectedNodeDescription.swift */,
			);
			name = StoreConnection;
			path = StoreConnection;
			sourceTree = "<group>";
		};
		47042FEDEAEFF5B573A474F1 /* Frameworks */ = {
			isa = PBXGroup;
			children = (
				298F219CD77474B16D99CF16 /* iOS */,
				052B292A968183CAA67D7293 /* Pods_KatanaUI.framework */,
			);
			name = Frameworks;
			sourceTree = "<group>";
		};
		6C00F61F8FB8DDE1FC9188AE /* Core */ = {
			isa = PBXGroup;
			children = (
				C8C50953CCDC53BB5D8018CA /* Renderer */,
				46AAAD816BBFA934C2109EC7 /* StoreConnection */,
				AC12FD87128C5E8170F15C8F /* NodeDescription */,
				E18793032CEF3511F2166F9F /* Refs */,
				944132712C60033407E9CAF1 /* Node */,
				B5D28ABD3EA82A6D042275C9 /* Animations */,
			);
			name = Core;
			path = Core;
			sourceTree = "<group>";
		};
		6F115ECAD56D2C899BEE32F3 /* Products */ = {
			isa = PBXGroup;
			children = (
				E9A0AAC12092A55407BECA38 /* KatanaUI.framework */,
			);
			name = Products;
			sourceTree = "<group>";
		};
		763938B7E4F89013C985827F /* Pods */ = {
			isa = PBXGroup;
			children = (
				8C5FCF9811C1F3C124387296 /* Pods-KatanaUI.debug.xcconfig */,
				CCA50A3BEB7971CF14402EDE /* Pods-KatanaUI.release.xcconfig */,
			);
			name = Pods;
			sourceTree = "<group>";
		};
		76CFAA4CEE2C3751C102FEC5 /* Extensions */ = {
			isa = PBXGroup;
			children = (
				D7862A56BD45F51EEE747245 /* Collections+Katana.swift */,
				87014221BACDF3F615319A87 /* Int+Katana.swift */,
			);
			name = Extensions;
			path = Extensions;
			sourceTree = "<group>";
		};
		944132712C60033407E9CAF1 /* Node */ = {
			isa = PBXGroup;
			children = (
				4E9E5A489A247F14A5B50C37 /* UIView+PlatformNativeView.swift */,
				51C27ED91487CD347149D92C /* AnyNode.swift */,
				F59F83E6E07D069037C22587 /* InternalNode.swift */,
				390B2BB5A9BEFA06E8B85525 /* PlatformNativeView.swift */,
				D75701E210B2639967DCD390 /* Node+AnyNode.swift */,
				B3A5573151A2D15676FAC495 /* Node.swift */,
			);
			name = Node;
			path = Node;
			sourceTree = "<group>";
		};
		9E240D5C837D3F1A23B2A245 = {
			isa = PBXGroup;
			children = (
				6F115ECAD56D2C899BEE32F3 /* Products */,
				CD0B1DCBD08B95E45AFA842D /* KatanaUI */,
				47042FEDEAEFF5B573A474F1 /* Frameworks */,
				763938B7E4F89013C985827F /* Pods */,
			);
			sourceTree = "<group>";
		};
		AC12FD87128C5E8170F15C8F /* NodeDescription */ = {
			isa = PBXGroup;
			children = (
				D22DAC6E7A16D6B6FBE1A01E /* Commons.swift */,
				7283F9E5D176B65D5B1DD05E /* NodeDescriptionWithChildren.swift */,
				614D26D7619983B4CC3CAF58 /* NodeDescription.swift */,
			);
			name = NodeDescription;
			path = NodeDescription;
			sourceTree = "<group>";
		};
		B5D28ABD3EA82A6D042275C9 /* Animations */ = {
			isa = PBXGroup;
			children = (
				4678AE869CE7E91CC777060F /* ChildrenAnimations.swift */,
				222AAFCA7D7D010A32CE8515 /* Animation.swift */,
				771C20B8087AB4FA29FC32B9 /* AnimationPropsTransfomer.swift */,
				280FA5E65A6573DCD7B96048 /* AnimationType.swift */,
				299FD773C41F8F3A16D366FF /* AnimationUtils.swift */,
				CD628321B3F3387EEAAEA1E0 /* AnimationContainer.swift */,
			);
			name = Animations;
			path = Animations;
			sourceTree = "<group>";
		};
		C8C50953CCDC53BB5D8018CA /* Renderer */ = {
			isa = PBXGroup;
			children = (
				9B3A7A744D941BE643764499 /* StateMockProvider.swift */,
				01E4AB3226E7B46BE6C454C5 /* Renderer.swift */,
			);
			name = Renderer;
			path = Renderer;
			sourceTree = "<group>";
		};
		CD0B1DCBD08B95E45AFA842D /* KatanaUI */ = {
			isa = PBXGroup;
			children = (
				6C00F61F8FB8DDE1FC9188AE /* Core */,
				76CFAA4CEE2C3751C102FEC5 /* Extensions */,
				190F356F18687AB7A600727C /* Plastic */,
				FD3E8ABAFA94BCE4F5520083 /* Katana.h */,
			);
			name = KatanaUI;
			path = KatanaUI;
			sourceTree = "<group>";
		};
		E18793032CEF3511F2166F9F /* Refs */ = {
			isa = PBXGroup;
			children = (
				1536D62BA97F9DDB02230471 /* Refs.swift */,
			);
			name = Refs;
			path = Refs;
			sourceTree = "<group>";
		};
/* End PBXGroup section */

/* Begin PBXHeadersBuildPhase section */
		873C6480EBCA180B7B9135DA /* Headers */ = {
			isa = PBXHeadersBuildPhase;
			buildActionMask = 2147483647;
			files = (
				4FB34DD4431816CE85C98579 /* Katana.h in Headers */,
			);
			runOnlyForDeploymentPostprocessing = 0;
		};
/* End PBXHeadersBuildPhase section */

/* Begin PBXNativeTarget section */
		A351F32F0A4E113F2657EF9B /* KatanaUI */ = {
			isa = PBXNativeTarget;
			buildConfigurationList = 24753E96CDC6279F93BF7A50 /* Build configuration list for PBXNativeTarget "KatanaUI" */;
			buildPhases = (
				4514843A1DAB9D8E9B1BB6EE /* [CP] Check Pods Manifest.lock */,
				BDBFB025058841E39B01DD9E /* Sources */,
				873C6480EBCA180B7B9135DA /* Headers */,
				0A94201564DF3BED7C369CCB /* Frameworks */,
				066C267AD0A5D233F8594A18 /* [CP] Copy Pods Resources */,
			);
			buildRules = (
			);
			dependencies = (
			);
			name = KatanaUI;
			productName = KatanaUI;
			productReference = E9A0AAC12092A55407BECA38 /* KatanaUI.framework */;
			productType = "com.apple.product-type.framework";
		};
/* End PBXNativeTarget section */

/* Begin PBXProject section */
		C2647ADE17CD1D3B71ABFB8D /* Project object */ = {
			isa = PBXProject;
			attributes = {
				LastSwiftUpdateCheck = 0930;
				LastUpgradeCheck = 0930;
			};
			buildConfigurationList = A732CBB61D720D9A40940E99 /* Build configuration list for PBXProject "KatanaUI" */;
			compatibilityVersion = "Xcode 3.2";
			developmentRegion = English;
			hasScannedForEncodings = 0;
			knownRegions = (
				en,
			);
			mainGroup = 9E240D5C837D3F1A23B2A245;
			productRefGroup = 6F115ECAD56D2C899BEE32F3 /* Products */;
			projectDirPath = "";
			projectRoot = "";
			targets = (
				A351F32F0A4E113F2657EF9B /* KatanaUI */,
			);
		};
/* End PBXProject section */

/* Begin PBXShellScriptBuildPhase section */
		066C267AD0A5D233F8594A18 /* [CP] Copy Pods Resources */ = {
			isa = PBXShellScriptBuildPhase;
			buildActionMask = 2147483647;
			files = (
			);
			inputPaths = (
			);
			name = "[CP] Copy Pods Resources";
			outputPaths = (
			);
			runOnlyForDeploymentPostprocessing = 0;
			shellPath = /bin/sh;
			shellScript = "\"${SRCROOT}/Pods/Target Support Files/Pods-KatanaUI/Pods-KatanaUI-resources.sh\"\n";
			showEnvVarsInLog = 0;
		};
		4514843A1DAB9D8E9B1BB6EE /* [CP] Check Pods Manifest.lock */ = {
			isa = PBXShellScriptBuildPhase;
			buildActionMask = 2147483647;
			files = (
			);
			inputPaths = (
				"${PODS_PODFILE_DIR_PATH}/Podfile.lock",
				"${PODS_ROOT}/Manifest.lock",
			);
			name = "[CP] Check Pods Manifest.lock";
			outputPaths = (
				"$(DERIVED_FILE_DIR)/Pods-KatanaUI-checkManifestLockResult.txt",
			);
			runOnlyForDeploymentPostprocessing = 0;
			shellPath = /bin/sh;
			shellScript = "diff \"${PODS_PODFILE_DIR_PATH}/Podfile.lock\" \"${PODS_ROOT}/Manifest.lock\" > /dev/null\nif [ $? != 0 ] ; then\n    # print error to STDERR\n    echo \"error: The sandbox is not in sync with the Podfile.lock. Run 'pod install' or update your CocoaPods installation.\" >&2\n    exit 1\nfi\n# This output is used by Xcode 'outputs' to avoid re-running this script phase.\necho \"SUCCESS\" > \"${SCRIPT_OUTPUT_FILE_0}\"\n";
			showEnvVarsInLog = 0;
		};
/* End PBXShellScriptBuildPhase section */

/* Begin PBXSourcesBuildPhase section */
		BDBFB025058841E39B01DD9E /* Sources */ = {
			isa = PBXSourcesBuildPhase;
			buildActionMask = 2147483647;
			files = (
				914CA9A85C01CF043707AB1C /* StateMockProvider.swift in Sources */,
				81FF4FD66EAE09DA6BB2DF67 /* Renderer.swift in Sources */,
				451E7B0863FA43524C103E14 /* ConnectedNodeDescription.swift in Sources */,
				2C029553B7658C8229388603 /* Commons.swift in Sources */,
				DC3FE2BB7808A923C98601BC /* NodeDescriptionWithChildren.swift in Sources */,
				705BE03FC58484F2C44BE209 /* NodeDescription.swift in Sources */,
				664CE5C8C72947A1C1F4A0E1 /* Refs.swift in Sources */,
				B5C0A073A0DEF6D3312E7073 /* UIView+PlatformNativeView.swift in Sources */,
				B4A6462FA8ABAAD6513F32DA /* AnyNode.swift in Sources */,
				1413CED68870A4A82CE6F30B /* InternalNode.swift in Sources */,
				F95FF377D0067F1981C4A8D5 /* PlatformNativeView.swift in Sources */,
				60992C455B839D1088F3C798 /* Node+AnyNode.swift in Sources */,
				6254E6E28468C194C48FBEFF /* Node.swift in Sources */,
				245D9143221E569463BDB6B6 /* ChildrenAnimations.swift in Sources */,
				0F3FB40472EA871C8045AE73 /* Animation.swift in Sources */,
				E872FB94A66DCDA34C14D44E /* AnimationPropsTransfomer.swift in Sources */,
				1030E051518F19A8090D4101 /* AnimationType.swift in Sources */,
				EF0FD6871BA22C1DFF908E36 /* AnimationUtils.swift in Sources */,
				74586F4B75E3F8CB7A951B98 /* AnimationContainer.swift in Sources */,
				6A1417CFF4000AF03AE98D58 /* Collections+Katana.swift in Sources */,
				5E5A2FEF128FF1DA507DE1CC /* Int+Katana.swift in Sources */,
				5A63D55B1E9205B6BB7AAB56 /* LayoutsCache.swift in Sources */,
				08ED9B6428C4477D335E761B /* Anchor.swift in Sources */,
				584CFC6F453FF854BD2B4065 /* CoordinateConvertible.swift in Sources */,
				CC403BF90096722376043834 /* PlasticView.swift in Sources */,
				2A8424A3D71F9D1E6261BA40 /* EdgeInsets.swift in Sources */,
				A8F1FCA3A80609E26336C9D7 /* Size.swift in Sources */,
				10C99A483F92AE0F6B8350A8 /* PlasticView+Convenience.swift in Sources */,
				9B92F14B8D9D07754EC5C5E5 /* PlasticNode.swift in Sources */,
				EB8E8A416EDB9C82B6CAC839 /* ViewsContainer.swift in Sources */,
				601FAF4701E65005AA8526D3 /* ViewsContainer+Helpers.swift in Sources */,
				33ECCD9196B7305D9D0819E7 /* Array+Plastic.swift in Sources */,
				84BAE4A16D12D8FE0517E480 /* PlasticReferenceSizeable.swift in Sources */,
				3CD75B970006D29543D38151 /* PlasticNodeDescription.swift in Sources */,
				D6054FFEF68B73AAA57A71A0 /* Value.swift in Sources */,
			);
			runOnlyForDeploymentPostprocessing = 0;
		};
/* End PBXSourcesBuildPhase section */

/* Begin XCBuildConfiguration section */
		4FDFC602CBEFDA8D6825ACB9 /* Debug */ = {
			isa = XCBuildConfiguration;
			buildSettings = {
				ALWAYS_SEARCH_USER_PATHS = NO;
				CLANG_ANALYZER_NONNULL = YES;
				CLANG_ANALYZER_NUMBER_OBJECT_CONVERSION = YES_AGGRESSIVE;
				CLANG_CXX_LANGUAGE_STANDARD = "gnu++14";
				CLANG_CXX_LIBRARY = "libc++";
				CLANG_ENABLE_MODULES = YES;
				CLANG_ENABLE_OBJC_ARC = YES;
				CLANG_ENABLE_OBJC_WEAK = YES;
				CLANG_WARN_BLOCK_CAPTURE_AUTORELEASING = YES;
				CLANG_WARN_BOOL_CONVERSION = YES;
				CLANG_WARN_COMMA = YES;
				CLANG_WARN_CONSTANT_CONVERSION = YES;
				CLANG_WARN_DEPRECATED_OBJC_IMPLEMENTATIONS = YES;
				CLANG_WARN_DIRECT_OBJC_ISA_USAGE = YES_ERROR;
				CLANG_WARN_DOCUMENTATION_COMMENTS = YES;
				CLANG_WARN_EMPTY_BODY = YES;
				CLANG_WARN_ENUM_CONVERSION = YES;
				CLANG_WARN_INFINITE_RECURSION = YES;
				CLANG_WARN_INT_CONVERSION = YES;
				CLANG_WARN_NON_LITERAL_NULL_CONVERSION = YES;
				CLANG_WARN_OBJC_IMPLICIT_RETAIN_SELF = YES;
				CLANG_WARN_OBJC_LITERAL_CONVERSION = YES;
				CLANG_WARN_OBJC_ROOT_CLASS = YES_ERROR;
				CLANG_WARN_RANGE_LOOP_ANALYSIS = YES;
				CLANG_WARN_STRICT_PROTOTYPES = YES;
				CLANG_WARN_SUSPICIOUS_MOVE = YES;
				CLANG_WARN_UNGUARDED_AVAILABILITY = YES_AGGRESSIVE;
				CLANG_WARN_UNREACHABLE_CODE = YES;
				CLANG_WARN__DUPLICATE_METHOD_MATCH = YES;
				COPY_PHASE_STRIP = NO;
				DEBUG_INFORMATION_FORMAT = dwarf;
				ENABLE_STRICT_OBJC_MSGSEND = YES;
				ENABLE_TESTABILITY = YES;
				GCC_C_LANGUAGE_STANDARD = gnu11;
				GCC_DYNAMIC_NO_PIC = NO;
				GCC_NO_COMMON_BLOCKS = YES;
				GCC_OPTIMIZATION_LEVEL = 0;
				GCC_PREPROCESSOR_DEFINITIONS = (
					"DEBUG=1",
					"$(inherited)",
				);
				GCC_WARN_64_TO_32_BIT_CONVERSION = YES;
				GCC_WARN_ABOUT_RETURN_TYPE = YES_ERROR;
				GCC_WARN_UNDECLARED_SELECTOR = YES;
				GCC_WARN_UNINITIALIZED_AUTOS = YES_AGGRESSIVE;
				GCC_WARN_UNUSED_FUNCTION = YES;
				GCC_WARN_UNUSED_VARIABLE = YES;
				MTL_ENABLE_DEBUG_INFO = YES;
				ONLY_ACTIVE_ARCH = YES;
				PRODUCT_NAME = "$(TARGET_NAME)";
			};
			name = Debug;
		};
		54F09541662FD1060AD2061B /* Release */ = {
			isa = XCBuildConfiguration;
			baseConfigurationReference = CCA50A3BEB7971CF14402EDE /* Pods-KatanaUI.release.xcconfig */;
			buildSettings = {
				CODE_SIGN_IDENTITY = "";
				CURRENT_PROJECT_VERSION = 1;
				DEFINES_MODULE = YES;
				DYLIB_COMPATIBILITY_VERSION = 1;
				DYLIB_CURRENT_VERSION = 1;
				DYLIB_INSTALL_NAME_BASE = "@rpath";
				INFOPLIST_FILE = KatanaUI/Info.plist;
				INSTALL_PATH = "$(LOCAL_LIBRARY_DIR)/Frameworks";
				IPHONEOS_DEPLOYMENT_TARGET = 9.0;
				LD_RUNPATH_SEARCH_PATHS = "$(inherited) @executable_path/Frameworks @loader_path/Frameworks";
				PRODUCT_NAME = KatanaUI;
				SDKROOT = iphoneos;
				SKIP_INSTALL = YES;
				SWIFT_OPTIMIZATION_LEVEL = "-Owholemodule";
				SWIFT_VERSION = 4.0;
				TARGETED_DEVICE_FAMILY = "1,2";
				VALIDATE_PRODUCT = YES;
				VERSIONING_SYSTEM = "apple-generic";
				VERSION_INFO_PREFIX = "";
			};
			name = Release;
		};
		6D29A436DB4DC613517CAA13 /* Debug */ = {
			isa = XCBuildConfiguration;
			baseConfigurationReference = 8C5FCF9811C1F3C124387296 /* Pods-KatanaUI.debug.xcconfig */;
			buildSettings = {
				CODE_SIGN_IDENTITY = "";
				CURRENT_PROJECT_VERSION = 1;
				DEFINES_MODULE = YES;
				DYLIB_COMPATIBILITY_VERSION = 1;
				DYLIB_CURRENT_VERSION = 1;
				DYLIB_INSTALL_NAME_BASE = "@rpath";
				INFOPLIST_FILE = KatanaUI/Info.plist;
				INSTALL_PATH = "$(LOCAL_LIBRARY_DIR)/Frameworks";
				IPHONEOS_DEPLOYMENT_TARGET = 9.0;
				LD_RUNPATH_SEARCH_PATHS = "$(inherited) @executable_path/Frameworks @loader_path/Frameworks";
				PRODUCT_NAME = KatanaUI;
				SDKROOT = iphoneos;
				SKIP_INSTALL = YES;
				SWIFT_ACTIVE_COMPILATION_CONDITIONS = DEBUG;
				SWIFT_OPTIMIZATION_LEVEL = "-Onone";
				SWIFT_VERSION = 4.0;
				TARGETED_DEVICE_FAMILY = "1,2";
				VERSIONING_SYSTEM = "apple-generic";
				VERSION_INFO_PREFIX = "";
			};
			name = Debug;
		};
		A1F20A1709805FC4652D8E9F /* Release */ = {
			isa = XCBuildConfiguration;
			buildSettings = {
				ALWAYS_SEARCH_USER_PATHS = NO;
				CLANG_ANALYZER_NONNULL = YES;
				CLANG_ANALYZER_NUMBER_OBJECT_CONVERSION = YES_AGGRESSIVE;
				CLANG_CXX_LANGUAGE_STANDARD = "gnu++14";
				CLANG_CXX_LIBRARY = "libc++";
				CLANG_ENABLE_MODULES = YES;
				CLANG_ENABLE_OBJC_ARC = YES;
				CLANG_ENABLE_OBJC_WEAK = YES;
				CLANG_WARN_BLOCK_CAPTURE_AUTORELEASING = YES;
				CLANG_WARN_BOOL_CONVERSION = YES;
				CLANG_WARN_COMMA = YES;
				CLANG_WARN_CONSTANT_CONVERSION = YES;
				CLANG_WARN_DEPRECATED_OBJC_IMPLEMENTATIONS = YES;
				CLANG_WARN_DIRECT_OBJC_ISA_USAGE = YES_ERROR;
				CLANG_WARN_DOCUMENTATION_COMMENTS = YES;
				CLANG_WARN_EMPTY_BODY = YES;
				CLANG_WARN_ENUM_CONVERSION = YES;
				CLANG_WARN_INFINITE_RECURSION = YES;
				CLANG_WARN_INT_CONVERSION = YES;
				CLANG_WARN_NON_LITERAL_NULL_CONVERSION = YES;
				CLANG_WARN_OBJC_IMPLICIT_RETAIN_SELF = YES;
				CLANG_WARN_OBJC_LITERAL_CONVERSION = YES;
				CLANG_WARN_OBJC_ROOT_CLASS = YES_ERROR;
				CLANG_WARN_RANGE_LOOP_ANALYSIS = YES;
				CLANG_WARN_STRICT_PROTOTYPES = YES;
				CLANG_WARN_SUSPICIOUS_MOVE = YES;
				CLANG_WARN_UNGUARDED_AVAILABILITY = YES_AGGRESSIVE;
				CLANG_WARN_UNREACHABLE_CODE = YES;
				CLANG_WARN__DUPLICATE_METHOD_MATCH = YES;
				COPY_PHASE_STRIP = NO;
				DEBUG_INFORMATION_FORMAT = "dwarf-with-dsym";
				ENABLE_NS_ASSERTIONS = NO;
				ENABLE_STRICT_OBJC_MSGSEND = YES;
				GCC_C_LANGUAGE_STANDARD = gnu11;
				GCC_NO_COMMON_BLOCKS = YES;
				GCC_WARN_64_TO_32_BIT_CONVERSION = YES;
				GCC_WARN_ABOUT_RETURN_TYPE = YES_ERROR;
				GCC_WARN_UNDECLARED_SELECTOR = YES;
				GCC_WARN_UNINITIALIZED_AUTOS = YES_AGGRESSIVE;
				GCC_WARN_UNUSED_FUNCTION = YES;
				GCC_WARN_UNUSED_VARIABLE = YES;
				MTL_ENABLE_DEBUG_INFO = NO;
				PRODUCT_NAME = "$(TARGET_NAME)";
			};
			name = Release;
		};
/* End XCBuildConfiguration section */

/* Begin XCConfigurationList section */
		24753E96CDC6279F93BF7A50 /* Build configuration list for PBXNativeTarget "KatanaUI" */ = {
			isa = XCConfigurationList;
			buildConfigurations = (
				6D29A436DB4DC613517CAA13 /* Debug */,
				54F09541662FD1060AD2061B /* Release */,
			);
			defaultConfigurationIsVisible = 0;
			defaultConfigurationName = Release;
		};
		A732CBB61D720D9A40940E99 /* Build configuration list for PBXProject "KatanaUI" */ = {
			isa = XCConfigurationList;
			buildConfigurations = (
				4FDFC602CBEFDA8D6825ACB9 /* Debug */,
				A1F20A1709805FC4652D8E9F /* Release */,
			);
			defaultConfigurationIsVisible = 0;
			defaultConfigurationName = Release;
		};
/* End XCConfigurationList section */
	};
	rootObject = C2647ADE17CD1D3B71ABFB8D /* Project object */;
}
