// !$*UTF8*$!
{
	archiveVersion = "";
	classes = "";
	objectVersion = 46;
	objects = {

/* Begin PBXBuildFile section */
		0526130ACF6AC45346AE3421 /* Node+AnyNode.swift in Sources */ = {isa = PBXBuildFile; fileRef = 5100CD8F90D834B7DEF847A1 /* Node+AnyNode.swift */; };
		056853BF900BE2441FBB6AD8 /* NativeTableWrapperCell.swift in Sources */ = {isa = PBXBuildFile; fileRef = A9A0E36CAC1ED2192429D530 /* NativeTableWrapperCell.swift */; };
		14A2AC67161ABF9FE9C40272 /* Animation.swift in Sources */ = {isa = PBXBuildFile; fileRef = 83C32C2D6DEEE2A3728F18F1 /* Animation.swift */; };
		165C7FAE40D23483875482B5 /* PlatformNativeView.swift in Sources */ = {isa = PBXBuildFile; fileRef = 1532187F100C90397CC832D5 /* PlatformNativeView.swift */; };
		16C447EF7ECFB94E89FB8807 /* Collections+Katana.swift in Sources */ = {isa = PBXBuildFile; fileRef = D30B0622DCC63C0A15D3A480 /* Collections+Katana.swift */; };
		202A477EC729916591D41342 /* AnimationType.swift in Sources */ = {isa = PBXBuildFile; fileRef = B83DAD80EE5DCD5D130F3A1B /* AnimationType.swift */; };
		2257F16D17624468CDC2E695 /* StateMockProvider.swift in Sources */ = {isa = PBXBuildFile; fileRef = 301D7A46CB0B93E95E5865C3 /* StateMockProvider.swift */; };
		22E50456F58AC4245DCBCDD3 /* AnimationUtilsTests.swift in Sources */ = {isa = PBXBuildFile; fileRef = CB860AC507A9A22294694F2D /* AnimationUtilsTests.swift */; };
		2A93208EC066FE846E011192 /* Int+Katana.swift in Sources */ = {isa = PBXBuildFile; fileRef = 75089F48B4F97F6D3909B1C3 /* Int+Katana.swift */; };
		2CFC3669ADB58E840A847370 /* NodeDescriptionLifecycleTests.swift in Sources */ = {isa = PBXBuildFile; fileRef = FDCB874A80248C787BA6F2A9 /* NodeDescriptionLifecycleTests.swift */; };
		34118D0A90A7568EF4FABA11 /* PlasticDimensionsTests.swift in Sources */ = {isa = PBXBuildFile; fileRef = DA7945D0739A331056829D5A /* PlasticDimensionsTests.swift */; };
		4233671C16D553478EE867DA /* ViewsContainer+Helpers.swift in Sources */ = {isa = PBXBuildFile; fileRef = EE07CC7535FD48640A5E85D2 /* ViewsContainer+Helpers.swift */; };
		459FDD8E0D638373C33CADE0 /* PlasticNode.swift in Sources */ = {isa = PBXBuildFile; fileRef = DA6171EC18156356ABE758F5 /* PlasticNode.swift */; };
		46A2CDF46CD24D8F7582D6C0 /* EdgeInsets.swift in Sources */ = {isa = PBXBuildFile; fileRef = F166D5F33102AE5103705FE5 /* EdgeInsets.swift */; };
		46B5FF0AF8E7B8611AC700D6 /* Refs.swift in Sources */ = {isa = PBXBuildFile; fileRef = A2F90393CB01E21512281FD2 /* Refs.swift */; };
		4A38F4AD50773AED39559FCA /* Button.swift in Sources */ = {isa = PBXBuildFile; fileRef = 1D44E7E27C1B36B2D73D9715 /* Button.swift */; };
		4BC795BE7BBA749BA1029F8F /* HierarchyManagers.swift in Sources */ = {isa = PBXBuildFile; fileRef = 33E79FA5B7D252133695771A /* HierarchyManagers.swift */; };
		4BDCB334722123E07F434EAC /* UIKit.framework in Frameworks */ = {isa = PBXBuildFile; fileRef = 4F615D784A696FB9F1EC1E40 /* UIKit.framework */; };
		4E97F4B2E9C6EAD0DFE8C638 /* TouchHandlerEvent.swift in Sources */ = {isa = PBXBuildFile; fileRef = 79B95E829859602CDAB31325 /* TouchHandlerEvent.swift */; };
		59922F34C073A52773ACE4DB /* PlasticView+Convenience.swift in Sources */ = {isa = PBXBuildFile; fileRef = 0266CF20F0858402478128FC /* PlasticView+Convenience.swift */; };
		5B9950DABF1B0591DE64227E /* RenderContainersTest.swift in Sources */ = {isa = PBXBuildFile; fileRef = DC7D7C729F652AAC7D41F2D9 /* RenderContainersTest.swift */; };
		5C3664D5E3F0873B2E413EE6 /* Label.swift in Sources */ = {isa = PBXBuildFile; fileRef = B5BDCC477EC4E8A8534EE376 /* Label.swift */; };
		5DE78F52C82DF3F6A7F72338 /* NodeDescriptionTest.swift in Sources */ = {isa = PBXBuildFile; fileRef = 5A11AA9BBC45EB0DB55ED4A4 /* NodeDescriptionTest.swift */; };
		60B061B560F563DB3B79A2BD /* ChildrenAnimations.swift in Sources */ = {isa = PBXBuildFile; fileRef = 282A9109C09FAA4E1C641DB9 /* ChildrenAnimations.swift */; };
		60C055864D75A28202927B73 /* Pods_KatanaElements.framework in Frameworks */ = {isa = PBXBuildFile; fileRef = 681695E3276A83A613520007 /* Pods_KatanaElements.framework */; };
		62294304FCEF526DCA48A660 /* NodeDescriptionShouldUpdateTests.swift in Sources */ = {isa = PBXBuildFile; fileRef = 5DA148DF4BADF8A47695AFB7 /* NodeDescriptionShouldUpdateTests.swift */; };
		6247D37CA78BC8A3734D1887 /* NativeButton.swift in Sources */ = {isa = PBXBuildFile; fileRef = 1E5CBC9DFD8CD37EEDB886CA /* NativeButton.swift */; };
		677AFDAEE623321278B53E71 /* NodeDescription.swift in Sources */ = {isa = PBXBuildFile; fileRef = 069BE8EBCEEAA01001C5925C /* NodeDescription.swift */; };
		681E71887E0EBBE0788F51D8 /* PlasticView.swift in Sources */ = {isa = PBXBuildFile; fileRef = 23E8D22614DF1AECC8CE9EDE /* PlasticView.swift */; };
		6B8A5872C2BBC88842E167A1 /* Value.swift in Sources */ = {isa = PBXBuildFile; fileRef = 2438CDEC6E7983D8322B1E60 /* Value.swift */; };
		7099BDD5EE6E2303EC18A4F6 /* TableDelegate.swift in Sources */ = {isa = PBXBuildFile; fileRef = 721187C172BF9733F28B12BD /* TableDelegate.swift */; };
		7152E60EB5809469C4E43E59 /* InternalNode.swift in Sources */ = {isa = PBXBuildFile; fileRef = F2B8EBEF652BDF30CA1933AA /* InternalNode.swift */; };
		74FC4418901050B603FE81F2 /* UIKit.framework in Frameworks */ = {isa = PBXBuildFile; fileRef = 4F615D784A696FB9F1EC1E40 /* UIKit.framework */; };
		7799E1F1D4A793F61373940F /* AnimationUtils.swift in Sources */ = {isa = PBXBuildFile; fileRef = 1E7883577FF098E547A33254 /* AnimationUtils.swift */; };
		7ADA390D962CE9DAED26E05E /* TableCell.swift in Sources */ = {isa = PBXBuildFile; fileRef = 82E7AB84A7F9B3CD47A58294 /* TableCell.swift */; };
		831BB68667D5074D2404B5AD /* PlasticConvenienceLayoutTests.swift in Sources */ = {isa = PBXBuildFile; fileRef = DB7B985F946933FAE54441D7 /* PlasticConvenienceLayoutTests.swift */; };
		86B0DB05167C0E154A3106C1 /* TouchHandler.swift in Sources */ = {isa = PBXBuildFile; fileRef = A2E0C1DB2D1946D8986A6410 /* TouchHandler.swift */; };
		89BA3F047EB7F7F522F77288 /* PlasticReferenceSizeable.swift in Sources */ = {isa = PBXBuildFile; fileRef = B6AFBC1DDBDF9805BD5696EE /* PlasticReferenceSizeable.swift */; };
		8AD93DF33DC74445ED071462 /* PlasticNodeDescription.swift in Sources */ = {isa = PBXBuildFile; fileRef = FA644332C3E9D54CF7023899 /* PlasticNodeDescription.swift */; };
		8B76139C1287D30D9EA37E57 /* Renderer.swift in Sources */ = {isa = PBXBuildFile; fileRef = 77DAC9D91C8146050D2CDAEC /* Renderer.swift */; };
		9026B6B5F9F364D73F075800 /* PlasticNodeTests.swift in Sources */ = {isa = PBXBuildFile; fileRef = 60F0DB76DDC465D16AC2D544 /* PlasticNodeTests.swift */; };
		93B2A115EDEC6ACC10AE2AD9 /* Katana.h in Headers */ = {isa = PBXBuildFile; fileRef = 145463C722E262CD2040B326 /* Katana.h */; settings = {ATTRIBUTES = (Public, ); }; };
		944237F068E87777C308C3C0 /* NativeTable.swift in Sources */ = {isa = PBXBuildFile; fileRef = E1E8E6A43F2CBBDDE16BE25A /* NativeTable.swift */; };
		95F2A0016CC9125493E83F56 /* View.swift in Sources */ = {isa = PBXBuildFile; fileRef = BC103B926809CB1B0084002E /* View.swift */; };
		96FD135C9159026EE8E25BF8 /* Buildable.swift in Sources */ = {isa = PBXBuildFile; fileRef = 812B2BD80B7CFFE44056DFEA /* Buildable.swift */; };
		99DA5DB779C359FA1EA0C161 /* UIKit.framework in Frameworks */ = {isa = PBXBuildFile; fileRef = 4F615D784A696FB9F1EC1E40 /* UIKit.framework */; };
		9B900C4BB06BD69B0A51C656 /* ChildrenAnimationsTests.swift in Sources */ = {isa = PBXBuildFile; fileRef = 3D64B5402DFC498CB9FC5A55 /* ChildrenAnimationsTests.swift */; };
		A17D98EBC995241BEB3053C3 /* PlasticBasicLayoutTests.swift in Sources */ = {isa = PBXBuildFile; fileRef = 67321D0D02EA5FDA86F82BAB /* PlasticBasicLayoutTests.swift */; };
		A33DAB8E20F6513920C2A379 /* View.swift in Sources */ = {isa = PBXBuildFile; fileRef = 256B9033445A0D31D8824CF3 /* View.swift */; };
		A8F5974ED2E522BACD3C6897 /* Size.swift in Sources */ = {isa = PBXBuildFile; fileRef = B9F0EA90597D601971DFE01F /* Size.swift */; };
		AA1FBB04C30332380DBF1EB9 /* AnyNode.swift in Sources */ = {isa = PBXBuildFile; fileRef = 4B9DA1496C6FAB841E7467A9 /* AnyNode.swift */; };
		AAE0E9C029AA1990C83F2BB2 /* KatanaUI.framework in Frameworks */ = {isa = PBXBuildFile; fileRef = E2ADB12B5DD7800537958E3E /* KatanaUI.framework */; };
		AD73E695EAD1DA9212ABF041 /* Highlightable.swift in Sources */ = {isa = PBXBuildFile; fileRef = C18C1CB26C8FF1A66C72DAA1 /* Highlightable.swift */; };
		B3B70D20C9289A85F7C6EBF5 /* Array+Plastic.swift in Sources */ = {isa = PBXBuildFile; fileRef = 3EEA9181D8C9D07AFFEB4A72 /* Array+Plastic.swift */; };
		B491AF6DBBF6083AC85B1FA1 /* Foundation.framework in Frameworks */ = {isa = PBXBuildFile; fileRef = D01B54F237F64C2698A41CA5 /* Foundation.framework */; };
		B4CBE0B3C068A762C874F507 /* NodeTest.swift in Sources */ = {isa = PBXBuildFile; fileRef = F20086EFBB1B801D748BBB65 /* NodeTest.swift */; };
		B55A27DC6DB56F8A7008464A /* CoordinateConvertible.swift in Sources */ = {isa = PBXBuildFile; fileRef = 7976FBD35A3249CD85A915DC /* CoordinateConvertible.swift */; };
		B8FF81B3D5C73BDEA534D531 /* NodeDescriptionWithChildren.swift in Sources */ = {isa = PBXBuildFile; fileRef = AC1334D2D4B8533D6BC7B7D1 /* NodeDescriptionWithChildren.swift */; };
		C2EC6C1E665B05E72D4D1099 /* KatanaElements.h in Headers */ = {isa = PBXBuildFile; fileRef = A210CDF1A3B79DC6F917A2D0 /* KatanaElements.h */; settings = {ATTRIBUTES = (Public, ); }; };
		C57F7B422E6306A0E20DD0B4 /* NativeTouchHandler.swift in Sources */ = {isa = PBXBuildFile; fileRef = 513E685CA3CF0423DC43D2FB /* NativeTouchHandler.swift */; };
		C679EA31C03DE7C4EAD3667B /* Table.swift in Sources */ = {isa = PBXBuildFile; fileRef = 3B55EEA1D5D5D4CBD672C382 /* Table.swift */; };
		C697745717E53D516C2A2603 /* Commons.swift in Sources */ = {isa = PBXBuildFile; fileRef = F78BDBD10990E3974F177CCC /* Commons.swift */; };
		CA0D353D59FAB0951DB14C81 /* AnimationPropsTransfomer.swift in Sources */ = {isa = PBXBuildFile; fileRef = 6EC3065FDF82D21D6017B950 /* AnimationPropsTransfomer.swift */; };
		CCB781D5FE472F62E0BF92D6 /* Anchor.swift in Sources */ = {isa = PBXBuildFile; fileRef = D099225F6ACEF7A9D2F55AEE /* Anchor.swift */; };
		CF249B1EBEE1B1AA7AC6D0A7 /* Pods_KatanaUI_KatanaUITests.framework in Frameworks */ = {isa = PBXBuildFile; fileRef = 41A3670E48A0C710F1537A7E /* Pods_KatanaUI_KatanaUITests.framework */; };
		D16BD5F64C3C8D05733E0C7D /* StateMockProviderTests.swift in Sources */ = {isa = PBXBuildFile; fileRef = 25670F77B703803E805A1D51 /* StateMockProviderTests.swift */; };
		D31CE37F53982686BDF890AB /* Pods_KatanaUI.framework in Frameworks */ = {isa = PBXBuildFile; fileRef = 9B93B94D7920E88E7A2570DA /* Pods_KatanaUI.framework */; };
		D4A9F143DFB9DA64495647E9 /* ConnectedNodeDescription.swift in Sources */ = {isa = PBXBuildFile; fileRef = E70886DEBF0965B14451C62E /* ConnectedNodeDescription.swift */; };
		D4F6387CE9BFDD59A6739006 /* UIView+PlatformNativeView.swift in Sources */ = {isa = PBXBuildFile; fileRef = B3B700B393AB197DBDD53AA2 /* UIView+PlatformNativeView.swift */; };
		D50F7B89956B2F3BFA8B8997 /* Image.swift in Sources */ = {isa = PBXBuildFile; fileRef = C0C9D0BC9A9CA4167384A5DE /* Image.swift */; };
		D69AFFED81BFF93DAA745421 /* Image.swift in Sources */ = {isa = PBXBuildFile; fileRef = 59EF5E1E29B443F6C74B724A /* Image.swift */; };
		DBB092A17AD334A6E229F741 /* AnimationContainer.swift in Sources */ = {isa = PBXBuildFile; fileRef = 713A4F44D7B946759504AE9A /* AnimationContainer.swift */; };
		DD488A32EFB288A252B8760B /* LayoutsCache.swift in Sources */ = {isa = PBXBuildFile; fileRef = 41AB80FA56D5438646D19432 /* LayoutsCache.swift */; };
		E4BFECE2AB4D6CA9EA91ED93 /* Node.swift in Sources */ = {isa = PBXBuildFile; fileRef = 37A5C4D7B568A9AC51F467CB /* Node.swift */; };
		E522C62FCAED74C17E8534F8 /* Foundation.framework in Frameworks */ = {isa = PBXBuildFile; fileRef = D01B54F237F64C2698A41CA5 /* Foundation.framework */; };
		EB244656748E28FFE086F733 /* Foundation.framework in Frameworks */ = {isa = PBXBuildFile; fileRef = D01B54F237F64C2698A41CA5 /* Foundation.framework */; };
		ED6675B445C1126334563F5E /* Collections.swift in Sources */ = {isa = PBXBuildFile; fileRef = B0B5B5B5ECA490CA9234B4B8 /* Collections.swift */; };
		EFDD2E01AD22836B4126CCF5 /* KatanaUI.framework in Frameworks */ = {isa = PBXBuildFile; fileRef = E2ADB12B5DD7800537958E3E /* KatanaUI.framework */; };
		F589DA02742CDCFACDDE5CD4 /* ViewsContainer.swift in Sources */ = {isa = PBXBuildFile; fileRef = 7674257F9C1FDD78119DF378 /* ViewsContainer.swift */; };
		FE43F5485BF52B5E80A92988 /* PlasticContainerTests.swift in Sources */ = {isa = PBXBuildFile; fileRef = 40A8277FD0423B87457D1358 /* PlasticContainerTests.swift */; };
/* End PBXBuildFile section */

/* Begin PBXContainerItemProxy section */
		C9910543078416026692E8D7 /* PBXContainerItemProxy */ = {
			isa = PBXContainerItemProxy;
			containerPortal = 121B8098CAF460ADDB1DD127 /* Project object */;
			proxyType = 1;
			remoteGlobalIDString = CCA5D8C9E8EC76A8DD41FB11;
			remoteInfo = KatanaUI;
		};
		F44E20826CB9CBE551E6A4E8 /* PBXContainerItemProxy */ = {
			isa = PBXContainerItemProxy;
			containerPortal = 121B8098CAF460ADDB1DD127 /* Project object */;
			proxyType = 1;
			remoteGlobalIDString = CCA5D8C9E8EC76A8DD41FB11;
			remoteInfo = KatanaUI;
		};
/* End PBXContainerItemProxy section */

/* Begin PBXFileReference section */
		0266CF20F0858402478128FC /* PlasticView+Convenience.swift */ = {isa = PBXFileReference; includeInIndex = 1; lastKnownFileType = sourcecode.swift; path = "PlasticView+Convenience.swift"; sourceTree = "<group>"; };
		069BE8EBCEEAA01001C5925C /* NodeDescription.swift */ = {isa = PBXFileReference; includeInIndex = 1; lastKnownFileType = sourcecode.swift; path = NodeDescription.swift; sourceTree = "<group>"; };
		145463C722E262CD2040B326 /* Katana.h */ = {isa = PBXFileReference; includeInIndex = 1; lastKnownFileType = sourcecode.c.h; path = Katana.h; sourceTree = "<group>"; };
		1532187F100C90397CC832D5 /* PlatformNativeView.swift */ = {isa = PBXFileReference; includeInIndex = 1; lastKnownFileType = sourcecode.swift; path = PlatformNativeView.swift; sourceTree = "<group>"; };
		1D44E7E27C1B36B2D73D9715 /* Button.swift */ = {isa = PBXFileReference; includeInIndex = 1; lastKnownFileType = sourcecode.swift; path = Button.swift; sourceTree = "<group>"; };
		1D7473D9E8AE6859A8C9B345 /* Pods-KatanaUI.release.xcconfig */ = {isa = PBXFileReference; includeInIndex = 1; lastKnownFileType = text.xcconfig; name = "Pods-KatanaUI.release.xcconfig"; path = "Pods/Target Support Files/Pods-KatanaUI/Pods-KatanaUI.release.xcconfig"; sourceTree = "<group>"; };
		1E5CBC9DFD8CD37EEDB886CA /* NativeButton.swift */ = {isa = PBXFileReference; includeInIndex = 1; lastKnownFileType = sourcecode.swift; path = NativeButton.swift; sourceTree = "<group>"; };
		1E7883577FF098E547A33254 /* AnimationUtils.swift */ = {isa = PBXFileReference; includeInIndex = 1; lastKnownFileType = sourcecode.swift; path = AnimationUtils.swift; sourceTree = "<group>"; };
		23E8D22614DF1AECC8CE9EDE /* PlasticView.swift */ = {isa = PBXFileReference; includeInIndex = 1; lastKnownFileType = sourcecode.swift; path = PlasticView.swift; sourceTree = "<group>"; };
		2438CDEC6E7983D8322B1E60 /* Value.swift */ = {isa = PBXFileReference; includeInIndex = 1; lastKnownFileType = sourcecode.swift; path = Value.swift; sourceTree = "<group>"; };
		25670F77B703803E805A1D51 /* StateMockProviderTests.swift */ = {isa = PBXFileReference; includeInIndex = 1; lastKnownFileType = sourcecode.swift; path = StateMockProviderTests.swift; sourceTree = "<group>"; };
		256B9033445A0D31D8824CF3 /* View.swift */ = {isa = PBXFileReference; includeInIndex = 1; lastKnownFileType = sourcecode.swift; path = View.swift; sourceTree = "<group>"; };
		282A9109C09FAA4E1C641DB9 /* ChildrenAnimations.swift */ = {isa = PBXFileReference; includeInIndex = 1; lastKnownFileType = sourcecode.swift; path = ChildrenAnimations.swift; sourceTree = "<group>"; };
		301D7A46CB0B93E95E5865C3 /* StateMockProvider.swift */ = {isa = PBXFileReference; includeInIndex = 1; lastKnownFileType = sourcecode.swift; path = StateMockProvider.swift; sourceTree = "<group>"; };
		33E79FA5B7D252133695771A /* HierarchyManagers.swift */ = {isa = PBXFileReference; includeInIndex = 1; lastKnownFileType = sourcecode.swift; path = HierarchyManagers.swift; sourceTree = "<group>"; };
		37A5C4D7B568A9AC51F467CB /* Node.swift */ = {isa = PBXFileReference; includeInIndex = 1; lastKnownFileType = sourcecode.swift; path = Node.swift; sourceTree = "<group>"; };
		3B55EEA1D5D5D4CBD672C382 /* Table.swift */ = {isa = PBXFileReference; includeInIndex = 1; lastKnownFileType = sourcecode.swift; path = Table.swift; sourceTree = "<group>"; };
		3D64B5402DFC498CB9FC5A55 /* ChildrenAnimationsTests.swift */ = {isa = PBXFileReference; includeInIndex = 1; lastKnownFileType = sourcecode.swift; path = ChildrenAnimationsTests.swift; sourceTree = "<group>"; };
		3EEA9181D8C9D07AFFEB4A72 /* Array+Plastic.swift */ = {isa = PBXFileReference; includeInIndex = 1; lastKnownFileType = sourcecode.swift; path = "Array+Plastic.swift"; sourceTree = "<group>"; };
		40A8277FD0423B87457D1358 /* PlasticContainerTests.swift */ = {isa = PBXFileReference; includeInIndex = 1; lastKnownFileType = sourcecode.swift; path = PlasticContainerTests.swift; sourceTree = "<group>"; };
		41A3670E48A0C710F1537A7E /* Pods_KatanaUI_KatanaUITests.framework */ = {isa = PBXFileReference; explicitFileType = wrapper.framework; includeInIndex = 0; path = Pods_KatanaUI_KatanaUITests.framework; sourceTree = BUILT_PRODUCTS_DIR; };
		41AB80FA56D5438646D19432 /* LayoutsCache.swift */ = {isa = PBXFileReference; includeInIndex = 1; lastKnownFileType = sourcecode.swift; path = LayoutsCache.swift; sourceTree = "<group>"; };
		4B9DA1496C6FAB841E7467A9 /* AnyNode.swift */ = {isa = PBXFileReference; includeInIndex = 1; lastKnownFileType = sourcecode.swift; path = AnyNode.swift; sourceTree = "<group>"; };
		4F615D784A696FB9F1EC1E40 /* UIKit.framework */ = {isa = PBXFileReference; lastKnownFileType = wrapper.framework; name = UIKit.framework; path = Platforms/iPhoneOS.platform/Developer/SDKs/iPhoneOS10.3.sdk/System/Library/Frameworks/UIKit.framework; sourceTree = DEVELOPER_DIR; };
		5100CD8F90D834B7DEF847A1 /* Node+AnyNode.swift */ = {isa = PBXFileReference; includeInIndex = 1; lastKnownFileType = sourcecode.swift; path = "Node+AnyNode.swift"; sourceTree = "<group>"; };
		513E685CA3CF0423DC43D2FB /* NativeTouchHandler.swift */ = {isa = PBXFileReference; includeInIndex = 1; lastKnownFileType = sourcecode.swift; path = NativeTouchHandler.swift; sourceTree = "<group>"; };
		59EF5E1E29B443F6C74B724A /* Image.swift */ = {isa = PBXFileReference; includeInIndex = 1; lastKnownFileType = sourcecode.swift; path = Image.swift; sourceTree = "<group>"; };
		5A11AA9BBC45EB0DB55ED4A4 /* NodeDescriptionTest.swift */ = {isa = PBXFileReference; includeInIndex = 1; lastKnownFileType = sourcecode.swift; path = NodeDescriptionTest.swift; sourceTree = "<group>"; };
		5DA148DF4BADF8A47695AFB7 /* NodeDescriptionShouldUpdateTests.swift */ = {isa = PBXFileReference; includeInIndex = 1; lastKnownFileType = sourcecode.swift; path = NodeDescriptionShouldUpdateTests.swift; sourceTree = "<group>"; };
		60F0DB76DDC465D16AC2D544 /* PlasticNodeTests.swift */ = {isa = PBXFileReference; includeInIndex = 1; lastKnownFileType = sourcecode.swift; path = PlasticNodeTests.swift; sourceTree = "<group>"; };
		67321D0D02EA5FDA86F82BAB /* PlasticBasicLayoutTests.swift */ = {isa = PBXFileReference; includeInIndex = 1; lastKnownFileType = sourcecode.swift; path = PlasticBasicLayoutTests.swift; sourceTree = "<group>"; };
		681695E3276A83A613520007 /* Pods_KatanaElements.framework */ = {isa = PBXFileReference; explicitFileType = wrapper.framework; includeInIndex = 0; path = Pods_KatanaElements.framework; sourceTree = BUILT_PRODUCTS_DIR; };
		6EC3065FDF82D21D6017B950 /* AnimationPropsTransfomer.swift */ = {isa = PBXFileReference; includeInIndex = 1; lastKnownFileType = sourcecode.swift; path = AnimationPropsTransfomer.swift; sourceTree = "<group>"; };
		713A4F44D7B946759504AE9A /* AnimationContainer.swift */ = {isa = PBXFileReference; includeInIndex = 1; lastKnownFileType = sourcecode.swift; path = AnimationContainer.swift; sourceTree = "<group>"; };
		721187C172BF9733F28B12BD /* TableDelegate.swift */ = {isa = PBXFileReference; includeInIndex = 1; lastKnownFileType = sourcecode.swift; path = TableDelegate.swift; sourceTree = "<group>"; };
		73B994A7ACF3E360BCC90CF7 /* Pods-KatanaElements.release.xcconfig */ = {isa = PBXFileReference; includeInIndex = 1; lastKnownFileType = text.xcconfig; name = "Pods-KatanaElements.release.xcconfig"; path = "Pods/Target Support Files/Pods-KatanaElements/Pods-KatanaElements.release.xcconfig"; sourceTree = "<group>"; };
		75089F48B4F97F6D3909B1C3 /* Int+Katana.swift */ = {isa = PBXFileReference; includeInIndex = 1; lastKnownFileType = sourcecode.swift; path = "Int+Katana.swift"; sourceTree = "<group>"; };
		767251FBB68C8D2E5FBA51D1 /* Pods-KatanaElements.debug.xcconfig */ = {isa = PBXFileReference; includeInIndex = 1; lastKnownFileType = text.xcconfig; name = "Pods-KatanaElements.debug.xcconfig"; path = "Pods/Target Support Files/Pods-KatanaElements/Pods-KatanaElements.debug.xcconfig"; sourceTree = "<group>"; };
		7674257F9C1FDD78119DF378 /* ViewsContainer.swift */ = {isa = PBXFileReference; includeInIndex = 1; lastKnownFileType = sourcecode.swift; path = ViewsContainer.swift; sourceTree = "<group>"; };
		77DAC9D91C8146050D2CDAEC /* Renderer.swift */ = {isa = PBXFileReference; includeInIndex = 1; lastKnownFileType = sourcecode.swift; path = Renderer.swift; sourceTree = "<group>"; };
		7976FBD35A3249CD85A915DC /* CoordinateConvertible.swift */ = {isa = PBXFileReference; includeInIndex = 1; lastKnownFileType = sourcecode.swift; path = CoordinateConvertible.swift; sourceTree = "<group>"; };
		79B95E829859602CDAB31325 /* TouchHandlerEvent.swift */ = {isa = PBXFileReference; includeInIndex = 1; lastKnownFileType = sourcecode.swift; path = TouchHandlerEvent.swift; sourceTree = "<group>"; };
		7B3913B8646614BD42897601 /* Pods-KatanaUI.debug.xcconfig */ = {isa = PBXFileReference; includeInIndex = 1; lastKnownFileType = text.xcconfig; name = "Pods-KatanaUI.debug.xcconfig"; path = "Pods/Target Support Files/Pods-KatanaUI/Pods-KatanaUI.debug.xcconfig"; sourceTree = "<group>"; };
		812B2BD80B7CFFE44056DFEA /* Buildable.swift */ = {isa = PBXFileReference; includeInIndex = 1; lastKnownFileType = sourcecode.swift; path = Buildable.swift; sourceTree = "<group>"; };
		82E7AB84A7F9B3CD47A58294 /* TableCell.swift */ = {isa = PBXFileReference; includeInIndex = 1; lastKnownFileType = sourcecode.swift; path = TableCell.swift; sourceTree = "<group>"; };
		83C32C2D6DEEE2A3728F18F1 /* Animation.swift */ = {isa = PBXFileReference; includeInIndex = 1; lastKnownFileType = sourcecode.swift; path = Animation.swift; sourceTree = "<group>"; };
		97329352BA33F98FDBDEAD2A /* KatanaElements.framework */ = {isa = PBXFileReference; explicitFileType = wrapper.framework; includeInIndex = 0; path = KatanaElements.framework; sourceTree = BUILT_PRODUCTS_DIR; };
		9B93B94D7920E88E7A2570DA /* Pods_KatanaUI.framework */ = {isa = PBXFileReference; explicitFileType = wrapper.framework; includeInIndex = 0; path = Pods_KatanaUI.framework; sourceTree = BUILT_PRODUCTS_DIR; };
		A210CDF1A3B79DC6F917A2D0 /* KatanaElements.h */ = {isa = PBXFileReference; includeInIndex = 1; lastKnownFileType = sourcecode.c.h; path = KatanaElements.h; sourceTree = "<group>"; };
		A2E0C1DB2D1946D8986A6410 /* TouchHandler.swift */ = {isa = PBXFileReference; includeInIndex = 1; lastKnownFileType = sourcecode.swift; path = TouchHandler.swift; sourceTree = "<group>"; };
		A2F90393CB01E21512281FD2 /* Refs.swift */ = {isa = PBXFileReference; includeInIndex = 1; lastKnownFileType = sourcecode.swift; path = Refs.swift; sourceTree = "<group>"; };
		A9A0E36CAC1ED2192429D530 /* NativeTableWrapperCell.swift */ = {isa = PBXFileReference; includeInIndex = 1; lastKnownFileType = sourcecode.swift; path = NativeTableWrapperCell.swift; sourceTree = "<group>"; };
		AA56D7E6DD351FA03DAC770E /* KatanaUITests.xctest */ = {isa = PBXFileReference; explicitFileType = wrapper.cfbundle; includeInIndex = 0; path = KatanaUITests.xctest; sourceTree = BUILT_PRODUCTS_DIR; };
		AC1334D2D4B8533D6BC7B7D1 /* NodeDescriptionWithChildren.swift */ = {isa = PBXFileReference; includeInIndex = 1; lastKnownFileType = sourcecode.swift; path = NodeDescriptionWithChildren.swift; sourceTree = "<group>"; };
		B0B5B5B5ECA490CA9234B4B8 /* Collections.swift */ = {isa = PBXFileReference; includeInIndex = 1; lastKnownFileType = sourcecode.swift; path = Collections.swift; sourceTree = "<group>"; };
		B3B700B393AB197DBDD53AA2 /* UIView+PlatformNativeView.swift */ = {isa = PBXFileReference; includeInIndex = 1; lastKnownFileType = sourcecode.swift; path = "UIView+PlatformNativeView.swift"; sourceTree = "<group>"; };
		B5BDCC477EC4E8A8534EE376 /* Label.swift */ = {isa = PBXFileReference; includeInIndex = 1; lastKnownFileType = sourcecode.swift; path = Label.swift; sourceTree = "<group>"; };
		B5C6060163527044850809D8 /* Pods-KatanaUI-KatanaUITests.debug.xcconfig */ = {isa = PBXFileReference; includeInIndex = 1; lastKnownFileType = text.xcconfig; name = "Pods-KatanaUI-KatanaUITests.debug.xcconfig"; path = "Pods/Target Support Files/Pods-KatanaUI-KatanaUITests/Pods-KatanaUI-KatanaUITests.debug.xcconfig"; sourceTree = "<group>"; };
		B6AFBC1DDBDF9805BD5696EE /* PlasticReferenceSizeable.swift */ = {isa = PBXFileReference; includeInIndex = 1; lastKnownFileType = sourcecode.swift; path = PlasticReferenceSizeable.swift; sourceTree = "<group>"; };
		B83DAD80EE5DCD5D130F3A1B /* AnimationType.swift */ = {isa = PBXFileReference; includeInIndex = 1; lastKnownFileType = sourcecode.swift; path = AnimationType.swift; sourceTree = "<group>"; };
		B9F0EA90597D601971DFE01F /* Size.swift */ = {isa = PBXFileReference; includeInIndex = 1; lastKnownFileType = sourcecode.swift; path = Size.swift; sourceTree = "<group>"; };
		BC103B926809CB1B0084002E /* View.swift */ = {isa = PBXFileReference; includeInIndex = 1; lastKnownFileType = sourcecode.swift; path = View.swift; sourceTree = "<group>"; };
		BE5F3C4414C140FD67B60CD4 /* Pods-KatanaUI-KatanaUITests.release.xcconfig */ = {isa = PBXFileReference; includeInIndex = 1; lastKnownFileType = text.xcconfig; name = "Pods-KatanaUI-KatanaUITests.release.xcconfig"; path = "Pods/Target Support Files/Pods-KatanaUI-KatanaUITests/Pods-KatanaUI-KatanaUITests.release.xcconfig"; sourceTree = "<group>"; };
		C0C9D0BC9A9CA4167384A5DE /* Image.swift */ = {isa = PBXFileReference; includeInIndex = 1; lastKnownFileType = sourcecode.swift; path = Image.swift; sourceTree = "<group>"; };
		C18C1CB26C8FF1A66C72DAA1 /* Highlightable.swift */ = {isa = PBXFileReference; includeInIndex = 1; lastKnownFileType = sourcecode.swift; path = Highlightable.swift; sourceTree = "<group>"; };
		CB860AC507A9A22294694F2D /* AnimationUtilsTests.swift */ = {isa = PBXFileReference; includeInIndex = 1; lastKnownFileType = sourcecode.swift; path = AnimationUtilsTests.swift; sourceTree = "<group>"; };
		D01B54F237F64C2698A41CA5 /* Foundation.framework */ = {isa = PBXFileReference; lastKnownFileType = wrapper.framework; name = Foundation.framework; path = Platforms/iPhoneOS.platform/Developer/SDKs/iPhoneOS10.3.sdk/System/Library/Frameworks/Foundation.framework; sourceTree = DEVELOPER_DIR; };
		D099225F6ACEF7A9D2F55AEE /* Anchor.swift */ = {isa = PBXFileReference; includeInIndex = 1; lastKnownFileType = sourcecode.swift; path = Anchor.swift; sourceTree = "<group>"; };
		D30B0622DCC63C0A15D3A480 /* Collections+Katana.swift */ = {isa = PBXFileReference; includeInIndex = 1; lastKnownFileType = sourcecode.swift; path = "Collections+Katana.swift"; sourceTree = "<group>"; };
		DA6171EC18156356ABE758F5 /* PlasticNode.swift */ = {isa = PBXFileReference; includeInIndex = 1; lastKnownFileType = sourcecode.swift; path = PlasticNode.swift; sourceTree = "<group>"; };
		DA7945D0739A331056829D5A /* PlasticDimensionsTests.swift */ = {isa = PBXFileReference; includeInIndex = 1; lastKnownFileType = sourcecode.swift; path = PlasticDimensionsTests.swift; sourceTree = "<group>"; };
		DB7B985F946933FAE54441D7 /* PlasticConvenienceLayoutTests.swift */ = {isa = PBXFileReference; includeInIndex = 1; lastKnownFileType = sourcecode.swift; path = PlasticConvenienceLayoutTests.swift; sourceTree = "<group>"; };
		DC7D7C729F652AAC7D41F2D9 /* RenderContainersTest.swift */ = {isa = PBXFileReference; includeInIndex = 1; lastKnownFileType = sourcecode.swift; path = RenderContainersTest.swift; sourceTree = "<group>"; };
		E1E8E6A43F2CBBDDE16BE25A /* NativeTable.swift */ = {isa = PBXFileReference; includeInIndex = 1; lastKnownFileType = sourcecode.swift; path = NativeTable.swift; sourceTree = "<group>"; };
		E2ADB12B5DD7800537958E3E /* KatanaUI.framework */ = {isa = PBXFileReference; explicitFileType = wrapper.framework; includeInIndex = 0; path = KatanaUI.framework; sourceTree = BUILT_PRODUCTS_DIR; };
		E70886DEBF0965B14451C62E /* ConnectedNodeDescription.swift */ = {isa = PBXFileReference; includeInIndex = 1; lastKnownFileType = sourcecode.swift; path = ConnectedNodeDescription.swift; sourceTree = "<group>"; };
		EE07CC7535FD48640A5E85D2 /* ViewsContainer+Helpers.swift */ = {isa = PBXFileReference; includeInIndex = 1; lastKnownFileType = sourcecode.swift; path = "ViewsContainer+Helpers.swift"; sourceTree = "<group>"; };
		F166D5F33102AE5103705FE5 /* EdgeInsets.swift */ = {isa = PBXFileReference; includeInIndex = 1; lastKnownFileType = sourcecode.swift; path = EdgeInsets.swift; sourceTree = "<group>"; };
		F20086EFBB1B801D748BBB65 /* NodeTest.swift */ = {isa = PBXFileReference; includeInIndex = 1; lastKnownFileType = sourcecode.swift; path = NodeTest.swift; sourceTree = "<group>"; };
		F2B8EBEF652BDF30CA1933AA /* InternalNode.swift */ = {isa = PBXFileReference; includeInIndex = 1; lastKnownFileType = sourcecode.swift; path = InternalNode.swift; sourceTree = "<group>"; };
		F78BDBD10990E3974F177CCC /* Commons.swift */ = {isa = PBXFileReference; includeInIndex = 1; lastKnownFileType = sourcecode.swift; path = Commons.swift; sourceTree = "<group>"; };
		FA644332C3E9D54CF7023899 /* PlasticNodeDescription.swift */ = {isa = PBXFileReference; includeInIndex = 1; lastKnownFileType = sourcecode.swift; path = PlasticNodeDescription.swift; sourceTree = "<group>"; };
		FDCB874A80248C787BA6F2A9 /* NodeDescriptionLifecycleTests.swift */ = {isa = PBXFileReference; includeInIndex = 1; lastKnownFileType = sourcecode.swift; path = NodeDescriptionLifecycleTests.swift; sourceTree = "<group>"; };
/* End PBXFileReference section */

/* Begin PBXFrameworksBuildPhase section */
		A91B90BD238DD59A3A76BC38 /* Frameworks */ = {
			isa = PBXFrameworksBuildPhase;
			buildActionMask = 2147483647;
			files = (
				B491AF6DBBF6083AC85B1FA1 /* Foundation.framework in Frameworks */,
				4BDCB334722123E07F434EAC /* UIKit.framework in Frameworks */,
				EFDD2E01AD22836B4126CCF5 /* KatanaUI.framework in Frameworks */,
				CF249B1EBEE1B1AA7AC6D0A7 /* Pods_KatanaUI_KatanaUITests.framework in Frameworks */,
			);
			runOnlyForDeploymentPostprocessing = 0;
		};
		CC8ED5B6F3127582814CEF72 /* Frameworks */ = {
			isa = PBXFrameworksBuildPhase;
			buildActionMask = 2147483647;
			files = (
				E522C62FCAED74C17E8534F8 /* Foundation.framework in Frameworks */,
				99DA5DB779C359FA1EA0C161 /* UIKit.framework in Frameworks */,
				D31CE37F53982686BDF890AB /* Pods_KatanaUI.framework in Frameworks */,
			);
			runOnlyForDeploymentPostprocessing = 0;
		};
		CFF30C393950E249C3351418 /* Frameworks */ = {
			isa = PBXFrameworksBuildPhase;
			buildActionMask = 2147483647;
			files = (
				EB244656748E28FFE086F733 /* Foundation.framework in Frameworks */,
				74FC4418901050B603FE81F2 /* UIKit.framework in Frameworks */,
				AAE0E9C029AA1990C83F2BB2 /* KatanaUI.framework in Frameworks */,
				60C055864D75A28202927B73 /* Pods_KatanaElements.framework in Frameworks */,
			);
			runOnlyForDeploymentPostprocessing = 0;
		};
/* End PBXFrameworksBuildPhase section */

/* Begin PBXGroup section */
		07ECD898D250055FFF8F25B4 /* TouchHandler */ = {
			isa = PBXGroup;
			children = (
				513E685CA3CF0423DC43D2FB /* NativeTouchHandler.swift */,
				A2E0C1DB2D1946D8986A6410 /* TouchHandler.swift */,
			);
			name = TouchHandler;
			path = TouchHandler;
			sourceTree = "<group>";
		};
		1363622FD35026BA76BB0675 = {
			isa = PBXGroup;
			children = (
				2D2311F00E0499F54F436E95 /* Products */,
				6E3F5694A48D7E1F1F6BD280 /* Frameworks */,
				D61792755FDC58E45A4E15B9 /* KatanaTests */,
				F4263B052FDEAA28386AE081 /* KatanaUI */,
				E59409A583604B830C05FADD /* KatanaElements */,
				8123BFD10000DB6C2B3D76B2 /* Pods */,
			);
			sourceTree = "<group>";
		};
		2160B63063AA1C194C7043EC /* Extensions */ = {
			isa = PBXGroup;
			children = (
				D30B0622DCC63C0A15D3A480 /* Collections+Katana.swift */,
				75089F48B4F97F6D3909B1C3 /* Int+Katana.swift */,
			);
			name = Extensions;
			path = Extensions;
			sourceTree = "<group>";
		};
		2D2311F00E0499F54F436E95 /* Products */ = {
			isa = PBXGroup;
			children = (
				AA56D7E6DD351FA03DAC770E /* KatanaUITests.xctest */,
				E2ADB12B5DD7800537958E3E /* KatanaUI.framework */,
				97329352BA33F98FDBDEAD2A /* KatanaElements.framework */,
			);
			name = Products;
			sourceTree = "<group>";
		};
		2DEC5FAC6BAEAA0023A9B283 /* Refs */ = {
			isa = PBXGroup;
			children = (
				A2F90393CB01E21512281FD2 /* Refs.swift */,
			);
			name = Refs;
			path = Refs;
			sourceTree = "<group>";
		};
		49FAB5923CE1F50D53351BA2 /* NodeDescriptions */ = {
			isa = PBXGroup;
			children = (
				BC103B926809CB1B0084002E /* View.swift */,
				59EF5E1E29B443F6C74B724A /* Image.swift */,
			);
			name = NodeDescriptions;
			path = NodeDescriptions;
			sourceTree = "<group>";
		};
		5053380D268AA8644559C114 /* StoreConnection */ = {
			isa = PBXGroup;
			children = (
				E70886DEBF0965B14451C62E /* ConnectedNodeDescription.swift */,
			);
			name = StoreConnection;
			path = StoreConnection;
			sourceTree = "<group>";
		};
		53651E9EB7EF7462F4E1D145 /* Table */ = {
			isa = PBXGroup;
			children = (
				E1E8E6A43F2CBBDDE16BE25A /* NativeTable.swift */,
				3B55EEA1D5D5D4CBD672C382 /* Table.swift */,
				721187C172BF9733F28B12BD /* TableDelegate.swift */,
				82E7AB84A7F9B3CD47A58294 /* TableCell.swift */,
				A9A0E36CAC1ED2192429D530 /* NativeTableWrapperCell.swift */,
			);
			name = Table;
			path = Table;
			sourceTree = "<group>";
		};
		6E3F5694A48D7E1F1F6BD280 /* Frameworks */ = {
			isa = PBXGroup;
			children = (
				ED917E5EB20E2576DF597571 /* iOS */,
				9B93B94D7920E88E7A2570DA /* Pods_KatanaUI.framework */,
				41A3670E48A0C710F1537A7E /* Pods_KatanaUI_KatanaUITests.framework */,
				681695E3276A83A613520007 /* Pods_KatanaElements.framework */,
			);
			name = Frameworks;
			sourceTree = "<group>";
		};
		71BF489A4652FA4CF2C92BBE /* Plastic */ = {
			isa = PBXGroup;
			children = (
				DA7945D0739A331056829D5A /* PlasticDimensionsTests.swift */,
				7F514A589ED9E83FD86058B1 /* Models */,
				67321D0D02EA5FDA86F82BAB /* PlasticBasicLayoutTests.swift */,
				DB7B985F946933FAE54441D7 /* PlasticConvenienceLayoutTests.swift */,
				60F0DB76DDC465D16AC2D544 /* PlasticNodeTests.swift */,
				40A8277FD0423B87457D1358 /* PlasticContainerTests.swift */,
			);
			name = Plastic;
			path = Plastic;
			sourceTree = "<group>";
		};
		7F514A589ED9E83FD86058B1 /* Models */ = {
			isa = PBXGroup;
			children = (
				33E79FA5B7D252133695771A /* HierarchyManagers.swift */,
			);
			name = Models;
			path = Models;
			sourceTree = "<group>";
		};
		8123BFD10000DB6C2B3D76B2 /* Pods */ = {
			isa = PBXGroup;
			children = (
				7B3913B8646614BD42897601 /* Pods-KatanaUI.debug.xcconfig */,
				1D7473D9E8AE6859A8C9B345 /* Pods-KatanaUI.release.xcconfig */,
				B5C6060163527044850809D8 /* Pods-KatanaUI-KatanaUITests.debug.xcconfig */,
				BE5F3C4414C140FD67B60CD4 /* Pods-KatanaUI-KatanaUITests.release.xcconfig */,
				767251FBB68C8D2E5FBA51D1 /* Pods-KatanaElements.debug.xcconfig */,
				73B994A7ACF3E360BCC90CF7 /* Pods-KatanaElements.release.xcconfig */,
			);
			name = Pods;
			sourceTree = "<group>";
		};
		91DE74FE457CD5C3EF132B91 /* NodeDescription */ = {
			isa = PBXGroup;
			children = (
				F78BDBD10990E3974F177CCC /* Commons.swift */,
				AC1334D2D4B8533D6BC7B7D1 /* NodeDescriptionWithChildren.swift */,
				069BE8EBCEEAA01001C5925C /* NodeDescription.swift */,
			);
			name = NodeDescription;
			path = NodeDescription;
			sourceTree = "<group>";
		};
		A917DF2A918E46CD787FEEDF /* Animations */ = {
			isa = PBXGroup;
			children = (
				CB860AC507A9A22294694F2D /* AnimationUtilsTests.swift */,
				3D64B5402DFC498CB9FC5A55 /* ChildrenAnimationsTests.swift */,
			);
			name = Animations;
			path = Animations;
			sourceTree = "<group>";
		};
		B668F5B77DD899FE094F9277 /* Core */ = {
			isa = PBXGroup;
			children = (
				CA95E8AF129BE39D692DF6D8 /* Renderer */,
				5053380D268AA8644559C114 /* StoreConnection */,
				91DE74FE457CD5C3EF132B91 /* NodeDescription */,
				2DEC5FAC6BAEAA0023A9B283 /* Refs */,
				E32BB0831055426A97D5E1A4 /* Node */,
				D8C0CCBB51DFEAC8DB37E81C /* Animations */,
			);
			name = Core;
			path = Core;
			sourceTree = "<group>";
		};
		CA95E8AF129BE39D692DF6D8 /* Renderer */ = {
			isa = PBXGroup;
			children = (
				301D7A46CB0B93E95E5865C3 /* StateMockProvider.swift */,
				77DAC9D91C8146050D2CDAEC /* Renderer.swift */,
			);
			name = Renderer;
			path = Renderer;
			sourceTree = "<group>";
		};
		D0DB8168278BF6E50C386310 /* Plastic */ = {
			isa = PBXGroup;
			children = (
				41AB80FA56D5438646D19432 /* LayoutsCache.swift */,
				D099225F6ACEF7A9D2F55AEE /* Anchor.swift */,
				7976FBD35A3249CD85A915DC /* CoordinateConvertible.swift */,
				23E8D22614DF1AECC8CE9EDE /* PlasticView.swift */,
				F166D5F33102AE5103705FE5 /* EdgeInsets.swift */,
				B9F0EA90597D601971DFE01F /* Size.swift */,
				0266CF20F0858402478128FC /* PlasticView+Convenience.swift */,
				DA6171EC18156356ABE758F5 /* PlasticNode.swift */,
				7674257F9C1FDD78119DF378 /* ViewsContainer.swift */,
				EE07CC7535FD48640A5E85D2 /* ViewsContainer+Helpers.swift */,
				3EEA9181D8C9D07AFFEB4A72 /* Array+Plastic.swift */,
				B6AFBC1DDBDF9805BD5696EE /* PlasticReferenceSizeable.swift */,
				FA644332C3E9D54CF7023899 /* PlasticNodeDescription.swift */,
				2438CDEC6E7983D8322B1E60 /* Value.swift */,
			);
			name = Plastic;
			path = Plastic;
			sourceTree = "<group>";
		};
		D61792755FDC58E45A4E15B9 /* KatanaTests */ = {
			isa = PBXGroup;
			children = (
				A917DF2A918E46CD787FEEDF /* Animations */,
				F44263F5EA674BFFB1335471 /* Core */,
				EC36B3671C7FD55F7F0BEE61 /* Extensions */,
				49FAB5923CE1F50D53351BA2 /* NodeDescriptions */,
				71BF489A4652FA4CF2C92BBE /* Plastic */,
			);
			name = KatanaTests;
			path = KatanaTests;
			sourceTree = "<group>";
		};
		D8C0CCBB51DFEAC8DB37E81C /* Animations */ = {
			isa = PBXGroup;
			children = (
				282A9109C09FAA4E1C641DB9 /* ChildrenAnimations.swift */,
				83C32C2D6DEEE2A3728F18F1 /* Animation.swift */,
				6EC3065FDF82D21D6017B950 /* AnimationPropsTransfomer.swift */,
				B83DAD80EE5DCD5D130F3A1B /* AnimationType.swift */,
				1E7883577FF098E547A33254 /* AnimationUtils.swift */,
				713A4F44D7B946759504AE9A /* AnimationContainer.swift */,
			);
			name = Animations;
			path = Animations;
			sourceTree = "<group>";
		};
		E32BB0831055426A97D5E1A4 /* Node */ = {
			isa = PBXGroup;
			children = (
				B3B700B393AB197DBDD53AA2 /* UIView+PlatformNativeView.swift */,
				4B9DA1496C6FAB841E7467A9 /* AnyNode.swift */,
				F2B8EBEF652BDF30CA1933AA /* InternalNode.swift */,
				1532187F100C90397CC832D5 /* PlatformNativeView.swift */,
				5100CD8F90D834B7DEF847A1 /* Node+AnyNode.swift */,
				37A5C4D7B568A9AC51F467CB /* Node.swift */,
			);
			name = Node;
			path = Node;
			sourceTree = "<group>";
		};
		E59409A583604B830C05FADD /* KatanaElements */ = {
			isa = PBXGroup;
			children = (
				B5BDCC477EC4E8A8534EE376 /* Label.swift */,
				256B9033445A0D31D8824CF3 /* View.swift */,
				79B95E829859602CDAB31325 /* TouchHandlerEvent.swift */,
				C0C9D0BC9A9CA4167384A5DE /* Image.swift */,
				07ECD898D250055FFF8F25B4 /* TouchHandler */,
				53651E9EB7EF7462F4E1D145 /* Table */,
				C18C1CB26C8FF1A66C72DAA1 /* Highlightable.swift */,
				1E5CBC9DFD8CD37EEDB886CA /* NativeButton.swift */,
				812B2BD80B7CFFE44056DFEA /* Buildable.swift */,
				1D44E7E27C1B36B2D73D9715 /* Button.swift */,
				A210CDF1A3B79DC6F917A2D0 /* KatanaElements.h */,
			);
			name = KatanaElements;
			path = KatanaElements;
			sourceTree = "<group>";
		};
		EC36B3671C7FD55F7F0BEE61 /* Extensions */ = {
			isa = PBXGroup;
			children = (
				B0B5B5B5ECA490CA9234B4B8 /* Collections.swift */,
			);
			name = Extensions;
			path = Extensions;
			sourceTree = "<group>";
		};
		ED917E5EB20E2576DF597571 /* iOS */ = {
			isa = PBXGroup;
			children = (
				D01B54F237F64C2698A41CA5 /* Foundation.framework */,
				4F615D784A696FB9F1EC1E40 /* UIKit.framework */,
			);
			name = iOS;
			sourceTree = "<group>";
		};
		F4263B052FDEAA28386AE081 /* KatanaUI */ = {
			isa = PBXGroup;
			children = (
				B668F5B77DD899FE094F9277 /* Core */,
				2160B63063AA1C194C7043EC /* Extensions */,
				D0DB8168278BF6E50C386310 /* Plastic */,
				145463C722E262CD2040B326 /* Katana.h */,
			);
			name = KatanaUI;
			path = KatanaUI;
			sourceTree = "<group>";
		};
		F44263F5EA674BFFB1335471 /* Core */ = {
			isa = PBXGroup;
			children = (
				5A11AA9BBC45EB0DB55ED4A4 /* NodeDescriptionTest.swift */,
				25670F77B703803E805A1D51 /* StateMockProviderTests.swift */,
				5DA148DF4BADF8A47695AFB7 /* NodeDescriptionShouldUpdateTests.swift */,
				FDCB874A80248C787BA6F2A9 /* NodeDescriptionLifecycleTests.swift */,
				DC7D7C729F652AAC7D41F2D9 /* RenderContainersTest.swift */,
				F20086EFBB1B801D748BBB65 /* NodeTest.swift */,
			);
			name = Core;
			path = Core;
			sourceTree = "<group>";
		};
/* End PBXGroup section */

/* Begin PBXHeadersBuildPhase section */
		0DED9D363F1B96A8EEC1FF28 /* Headers */ = {
			isa = PBXHeadersBuildPhase;
			buildActionMask = 2147483647;
			files = (
				93B2A115EDEC6ACC10AE2AD9 /* Katana.h in Headers */,
			);
			runOnlyForDeploymentPostprocessing = 0;
		};
		C083DD4E2608188CDE4FCEA9 /* Headers */ = {
			isa = PBXHeadersBuildPhase;
			buildActionMask = 2147483647;
			files = (
				C2EC6C1E665B05E72D4D1099 /* KatanaElements.h in Headers */,
			);
			runOnlyForDeploymentPostprocessing = 0;
		};
/* End PBXHeadersBuildPhase section */

/* Begin PBXNativeTarget section */
		49C5CC288071DFE84631E287 /* KatanaElements */ = {
			isa = PBXNativeTarget;
			buildConfigurationList = 53B6C7811630494FD8B9654E /* Build configuration list for PBXNativeTarget "KatanaElements" */;
			buildPhases = (
				7484D76CF69AA3773C741B08 /* [CP] Check Pods Manifest.lock */,
				CFF30C393950E249C3351418 /* Frameworks */,
				DA1152EC5B5F0EFD8299E820 /* Sources */,
				C083DD4E2608188CDE4FCEA9 /* Headers */,
				6AAFBD98624076BF9ED348A2 /* [CP] Copy Pods Resources */,
			);
			buildRules = (
			);
			dependencies = (
				84D41F16AF268EB7032201D9 /* PBXTargetDependency */,
			);
			name = KatanaElements;
			productName = KatanaElements;
			productReference = 97329352BA33F98FDBDEAD2A /* KatanaElements.framework */;
			productType = "com.apple.product-type.framework";
		};
		966E1297C4847928ECA6D7C0 /* KatanaUITests */ = {
			isa = PBXNativeTarget;
			buildConfigurationList = 03C8AE8E5CB2B7CA9C46BED6 /* Build configuration list for PBXNativeTarget "KatanaUITests" */;
			buildPhases = (
				E41D6302D850CD8BB5330622 /* [CP] Check Pods Manifest.lock */,
				A91B90BD238DD59A3A76BC38 /* Frameworks */,
				B36EF7192E52F13FD8A07BCA /* Sources */,
				4EB7CC972814D7A6C16DA589 /* [CP] Embed Pods Frameworks */,
				BCBE5370252B12D989A799BD /* [CP] Copy Pods Resources */,
			);
			buildRules = (
			);
			dependencies = (
				40762A44CA2035272BC9DC26 /* PBXTargetDependency */,
			);
			name = KatanaUITests;
			productName = KatanaUITests;
			productReference = AA56D7E6DD351FA03DAC770E /* KatanaUITests.xctest */;
			productType = "com.apple.product-type.bundle.unit-test";
		};
		CCA5D8C9E8EC76A8DD41FB11 /* KatanaUI */ = {
			isa = PBXNativeTarget;
			buildConfigurationList = 1415435E49DE888A3CF5645B /* Build configuration list for PBXNativeTarget "KatanaUI" */;
			buildPhases = (
				683A09A2225C717C8AFD948B /* [CP] Check Pods Manifest.lock */,
				CC8ED5B6F3127582814CEF72 /* Frameworks */,
				1CA1C0455EF8E600271A1E73 /* Sources */,
				0DED9D363F1B96A8EEC1FF28 /* Headers */,
				C9DFE4078B24E580DB4BE298 /* [CP] Copy Pods Resources */,
			);
			buildRules = (
			);
			dependencies = (
			);
			name = KatanaUI;
			productName = KatanaUI;
			productReference = E2ADB12B5DD7800537958E3E /* KatanaUI.framework */;
			productType = "com.apple.product-type.framework";
		};
/* End PBXNativeTarget section */

/* Begin PBXProject section */
		121B8098CAF460ADDB1DD127 /* Project object */ = {
			isa = PBXProject;
			attributes = {
				LastSwiftUpdateCheck = 0930;
				LastUpgradeCheck = 0930;
			};
			buildConfigurationList = 622C18C6AF2A3BD760532D2E /* Build configuration list for PBXProject "KatanaUI" */;
			compatibilityVersion = "Xcode 3.2";
			developmentRegion = English;
			hasScannedForEncodings = 0;
			knownRegions = (
				en,
			);
			mainGroup = 1363622FD35026BA76BB0675;
			productRefGroup = 2D2311F00E0499F54F436E95 /* Products */;
			projectDirPath = "";
			projectRoot = "";
			targets = (
				966E1297C4847928ECA6D7C0 /* KatanaUITests */,
				CCA5D8C9E8EC76A8DD41FB11 /* KatanaUI */,
				49C5CC288071DFE84631E287 /* KatanaElements */,
			);
		};
/* End PBXProject section */

/* Begin PBXShellScriptBuildPhase section */
		4EB7CC972814D7A6C16DA589 /* [CP] Embed Pods Frameworks */ = {
			isa = PBXShellScriptBuildPhase;
			buildActionMask = 2147483647;
			files = (
			);
			inputPaths = (
				"${SRCROOT}/Pods/Target Support Files/Pods-KatanaUI-KatanaUITests/Pods-KatanaUI-KatanaUITests-frameworks.sh",
				"${BUILT_PRODUCTS_DIR}/Katana/Katana.framework",
			);
			name = "[CP] Embed Pods Frameworks";
			outputPaths = (
				"${TARGET_BUILD_DIR}/${FRAMEWORKS_FOLDER_PATH}/Katana.framework",
			);
			runOnlyForDeploymentPostprocessing = 0;
			shellPath = /bin/sh;
			shellScript = "\"${SRCROOT}/Pods/Target Support Files/Pods-KatanaUI-KatanaUITests/Pods-KatanaUI-KatanaUITests-frameworks.sh\"\n";
			showEnvVarsInLog = 0;
		};
		683A09A2225C717C8AFD948B /* [CP] Check Pods Manifest.lock */ = {
			isa = PBXShellScriptBuildPhase;
			buildActionMask = 2147483647;
			files = (
			);
			inputPaths = (
				"${PODS_PODFILE_DIR_PATH}/Podfile.lock",
				"${PODS_ROOT}/Manifest.lock",
			);
			name = "[CP] Check Pods Manifest.lock";
			outputPaths = (
				"$(DERIVED_FILE_DIR)/Pods-KatanaUI-checkManifestLockResult.txt",
			);
			runOnlyForDeploymentPostprocessing = 0;
			shellPath = /bin/sh;
			shellScript = "diff \"${PODS_PODFILE_DIR_PATH}/Podfile.lock\" \"${PODS_ROOT}/Manifest.lock\" > /dev/null\nif [ $? != 0 ] ; then\n    # print error to STDERR\n    echo \"error: The sandbox is not in sync with the Podfile.lock. Run 'pod install' or update your CocoaPods installation.\" >&2\n    exit 1\nfi\n# This output is used by Xcode 'outputs' to avoid re-running this script phase.\necho \"SUCCESS\" > \"${SCRIPT_OUTPUT_FILE_0}\"\n";
			showEnvVarsInLog = 0;
		};
		6AAFBD98624076BF9ED348A2 /* [CP] Copy Pods Resources */ = {
			isa = PBXShellScriptBuildPhase;
			buildActionMask = 2147483647;
			files = (
			);
			inputPaths = (
			);
			name = "[CP] Copy Pods Resources";
			outputPaths = (
			);
			runOnlyForDeploymentPostprocessing = 0;
			shellPath = /bin/sh;
			shellScript = "\"${SRCROOT}/Pods/Target Support Files/Pods-KatanaElements/Pods-KatanaElements-resources.sh\"\n";
			showEnvVarsInLog = 0;
		};
		7484D76CF69AA3773C741B08 /* [CP] Check Pods Manifest.lock */ = {
			isa = PBXShellScriptBuildPhase;
			buildActionMask = 2147483647;
			files = (
			);
			inputPaths = (
				"${PODS_PODFILE_DIR_PATH}/Podfile.lock",
				"${PODS_ROOT}/Manifest.lock",
			);
			name = "[CP] Check Pods Manifest.lock";
			outputPaths = (
				"$(DERIVED_FILE_DIR)/Pods-KatanaElements-checkManifestLockResult.txt",
			);
			runOnlyForDeploymentPostprocessing = 0;
			shellPath = /bin/sh;
			shellScript = "diff \"${PODS_PODFILE_DIR_PATH}/Podfile.lock\" \"${PODS_ROOT}/Manifest.lock\" > /dev/null\nif [ $? != 0 ] ; then\n    # print error to STDERR\n    echo \"error: The sandbox is not in sync with the Podfile.lock. Run 'pod install' or update your CocoaPods installation.\" >&2\n    exit 1\nfi\n# This output is used by Xcode 'outputs' to avoid re-running this script phase.\necho \"SUCCESS\" > \"${SCRIPT_OUTPUT_FILE_0}\"\n";
			showEnvVarsInLog = 0;
		};
		BCBE5370252B12D989A799BD /* [CP] Copy Pods Resources */ = {
			isa = PBXShellScriptBuildPhase;
			buildActionMask = 2147483647;
			files = (
			);
			inputPaths = (
			);
			name = "[CP] Copy Pods Resources";
			outputPaths = (
			);
			runOnlyForDeploymentPostprocessing = 0;
			shellPath = /bin/sh;
			shellScript = "\"${SRCROOT}/Pods/Target Support Files/Pods-KatanaUI-KatanaUITests/Pods-KatanaUI-KatanaUITests-resources.sh\"\n";
			showEnvVarsInLog = 0;
		};
		C9DFE4078B24E580DB4BE298 /* [CP] Copy Pods Resources */ = {
			isa = PBXShellScriptBuildPhase;
			buildActionMask = 2147483647;
			files = (
			);
			inputPaths = (
			);
			name = "[CP] Copy Pods Resources";
			outputPaths = (
			);
			runOnlyForDeploymentPostprocessing = 0;
			shellPath = /bin/sh;
			shellScript = "\"${SRCROOT}/Pods/Target Support Files/Pods-KatanaUI/Pods-KatanaUI-resources.sh\"\n";
			showEnvVarsInLog = 0;
		};
		E41D6302D850CD8BB5330622 /* [CP] Check Pods Manifest.lock */ = {
			isa = PBXShellScriptBuildPhase;
			buildActionMask = 2147483647;
			files = (
			);
			inputPaths = (
				"${PODS_PODFILE_DIR_PATH}/Podfile.lock",
				"${PODS_ROOT}/Manifest.lock",
			);
			name = "[CP] Check Pods Manifest.lock";
			outputPaths = (
				"$(DERIVED_FILE_DIR)/Pods-KatanaUI-KatanaUITests-checkManifestLockResult.txt",
			);
			runOnlyForDeploymentPostprocessing = 0;
			shellPath = /bin/sh;
			shellScript = "diff \"${PODS_PODFILE_DIR_PATH}/Podfile.lock\" \"${PODS_ROOT}/Manifest.lock\" > /dev/null\nif [ $? != 0 ] ; then\n    # print error to STDERR\n    echo \"error: The sandbox is not in sync with the Podfile.lock. Run 'pod install' or update your CocoaPods installation.\" >&2\n    exit 1\nfi\n# This output is used by Xcode 'outputs' to avoid re-running this script phase.\necho \"SUCCESS\" > \"${SCRIPT_OUTPUT_FILE_0}\"\n";
			showEnvVarsInLog = 0;
		};
/* End PBXShellScriptBuildPhase section */

/* Begin PBXSourcesBuildPhase section */
		1CA1C0455EF8E600271A1E73 /* Sources */ = {
			isa = PBXSourcesBuildPhase;
			buildActionMask = 2147483647;
			files = (
				2257F16D17624468CDC2E695 /* StateMockProvider.swift in Sources */,
				8B76139C1287D30D9EA37E57 /* Renderer.swift in Sources */,
				D4A9F143DFB9DA64495647E9 /* ConnectedNodeDescription.swift in Sources */,
				C697745717E53D516C2A2603 /* Commons.swift in Sources */,
				B8FF81B3D5C73BDEA534D531 /* NodeDescriptionWithChildren.swift in Sources */,
				677AFDAEE623321278B53E71 /* NodeDescription.swift in Sources */,
				46B5FF0AF8E7B8611AC700D6 /* Refs.swift in Sources */,
				D4F6387CE9BFDD59A6739006 /* UIView+PlatformNativeView.swift in Sources */,
				AA1FBB04C30332380DBF1EB9 /* AnyNode.swift in Sources */,
				7152E60EB5809469C4E43E59 /* InternalNode.swift in Sources */,
				165C7FAE40D23483875482B5 /* PlatformNativeView.swift in Sources */,
				0526130ACF6AC45346AE3421 /* Node+AnyNode.swift in Sources */,
				E4BFECE2AB4D6CA9EA91ED93 /* Node.swift in Sources */,
				60B061B560F563DB3B79A2BD /* ChildrenAnimations.swift in Sources */,
				14A2AC67161ABF9FE9C40272 /* Animation.swift in Sources */,
				CA0D353D59FAB0951DB14C81 /* AnimationPropsTransfomer.swift in Sources */,
				202A477EC729916591D41342 /* AnimationType.swift in Sources */,
				7799E1F1D4A793F61373940F /* AnimationUtils.swift in Sources */,
				DBB092A17AD334A6E229F741 /* AnimationContainer.swift in Sources */,
				16C447EF7ECFB94E89FB8807 /* Collections+Katana.swift in Sources */,
				2A93208EC066FE846E011192 /* Int+Katana.swift in Sources */,
				DD488A32EFB288A252B8760B /* LayoutsCache.swift in Sources */,
				CCB781D5FE472F62E0BF92D6 /* Anchor.swift in Sources */,
				B55A27DC6DB56F8A7008464A /* CoordinateConvertible.swift in Sources */,
				681E71887E0EBBE0788F51D8 /* PlasticView.swift in Sources */,
				46A2CDF46CD24D8F7582D6C0 /* EdgeInsets.swift in Sources */,
				A8F5974ED2E522BACD3C6897 /* Size.swift in Sources */,
				59922F34C073A52773ACE4DB /* PlasticView+Convenience.swift in Sources */,
				459FDD8E0D638373C33CADE0 /* PlasticNode.swift in Sources */,
				F589DA02742CDCFACDDE5CD4 /* ViewsContainer.swift in Sources */,
				4233671C16D553478EE867DA /* ViewsContainer+Helpers.swift in Sources */,
				B3B70D20C9289A85F7C6EBF5 /* Array+Plastic.swift in Sources */,
				89BA3F047EB7F7F522F77288 /* PlasticReferenceSizeable.swift in Sources */,
				8AD93DF33DC74445ED071462 /* PlasticNodeDescription.swift in Sources */,
				6B8A5872C2BBC88842E167A1 /* Value.swift in Sources */,
			);
			runOnlyForDeploymentPostprocessing = 0;
		};
		B36EF7192E52F13FD8A07BCA /* Sources */ = {
			isa = PBXSourcesBuildPhase;
			buildActionMask = 2147483647;
			files = (
				22E50456F58AC4245DCBCDD3 /* AnimationUtilsTests.swift in Sources */,
				9B900C4BB06BD69B0A51C656 /* ChildrenAnimationsTests.swift in Sources */,
				5DE78F52C82DF3F6A7F72338 /* NodeDescriptionTest.swift in Sources */,
				D16BD5F64C3C8D05733E0C7D /* StateMockProviderTests.swift in Sources */,
				62294304FCEF526DCA48A660 /* NodeDescriptionShouldUpdateTests.swift in Sources */,
				2CFC3669ADB58E840A847370 /* NodeDescriptionLifecycleTests.swift in Sources */,
				5B9950DABF1B0591DE64227E /* RenderContainersTest.swift in Sources */,
				B4CBE0B3C068A762C874F507 /* NodeTest.swift in Sources */,
				ED6675B445C1126334563F5E /* Collections.swift in Sources */,
				95F2A0016CC9125493E83F56 /* View.swift in Sources */,
				D69AFFED81BFF93DAA745421 /* Image.swift in Sources */,
				34118D0A90A7568EF4FABA11 /* PlasticDimensionsTests.swift in Sources */,
				4BC795BE7BBA749BA1029F8F /* HierarchyManagers.swift in Sources */,
				A17D98EBC995241BEB3053C3 /* PlasticBasicLayoutTests.swift in Sources */,
				831BB68667D5074D2404B5AD /* PlasticConvenienceLayoutTests.swift in Sources */,
				9026B6B5F9F364D73F075800 /* PlasticNodeTests.swift in Sources */,
				FE43F5485BF52B5E80A92988 /* PlasticContainerTests.swift in Sources */,
			);
			runOnlyForDeploymentPostprocessing = 0;
		};
		DA1152EC5B5F0EFD8299E820 /* Sources */ = {
			isa = PBXSourcesBuildPhase;
			buildActionMask = 2147483647;
			files = (
				5C3664D5E3F0873B2E413EE6 /* Label.swift in Sources */,
				A33DAB8E20F6513920C2A379 /* View.swift in Sources */,
				4E97F4B2E9C6EAD0DFE8C638 /* TouchHandlerEvent.swift in Sources */,
				D50F7B89956B2F3BFA8B8997 /* Image.swift in Sources */,
				C57F7B422E6306A0E20DD0B4 /* NativeTouchHandler.swift in Sources */,
				86B0DB05167C0E154A3106C1 /* TouchHandler.swift in Sources */,
				944237F068E87777C308C3C0 /* NativeTable.swift in Sources */,
				C679EA31C03DE7C4EAD3667B /* Table.swift in Sources */,
				7099BDD5EE6E2303EC18A4F6 /* TableDelegate.swift in Sources */,
				7ADA390D962CE9DAED26E05E /* TableCell.swift in Sources */,
				056853BF900BE2441FBB6AD8 /* NativeTableWrapperCell.swift in Sources */,
				AD73E695EAD1DA9212ABF041 /* Highlightable.swift in Sources */,
				6247D37CA78BC8A3734D1887 /* NativeButton.swift in Sources */,
				96FD135C9159026EE8E25BF8 /* Buildable.swift in Sources */,
				4A38F4AD50773AED39559FCA /* Button.swift in Sources */,
			);
			runOnlyForDeploymentPostprocessing = 0;
		};
/* End PBXSourcesBuildPhase section */

/* Begin PBXTargetDependency section */
		40762A44CA2035272BC9DC26 /* PBXTargetDependency */ = {
			isa = PBXTargetDependency;
			name = KatanaUI;
			target = CCA5D8C9E8EC76A8DD41FB11 /* KatanaUI */;
			targetProxy = F44E20826CB9CBE551E6A4E8 /* PBXContainerItemProxy */;
		};
		84D41F16AF268EB7032201D9 /* PBXTargetDependency */ = {
			isa = PBXTargetDependency;
			name = KatanaUI;
			target = CCA5D8C9E8EC76A8DD41FB11 /* KatanaUI */;
			targetProxy = C9910543078416026692E8D7 /* PBXContainerItemProxy */;
		};
/* End PBXTargetDependency section */

/* Begin XCBuildConfiguration section */
		2258987160CC73A0A65EEDDD /* Debug */ = {
			isa = XCBuildConfiguration;
			baseConfigurationReference = 767251FBB68C8D2E5FBA51D1 /* Pods-KatanaElements.debug.xcconfig */;
			buildSettings = {
				CODE_SIGN_IDENTITY = "";
				CURRENT_PROJECT_VERSION = 1;
				DEFINES_MODULE = YES;
				DYLIB_COMPATIBILITY_VERSION = 1;
				DYLIB_CURRENT_VERSION = 1;
				DYLIB_INSTALL_NAME_BASE = "@rpath";
				INFOPLIST_FILE = KatanaElements/Info.plist;
				INSTALL_PATH = "$(LOCAL_LIBRARY_DIR)/Frameworks";
				IPHONEOS_DEPLOYMENT_TARGET = 9.0;
				LD_RUNPATH_SEARCH_PATHS = "$(inherited) @executable_path/Frameworks @loader_path/Frameworks";
				PRODUCT_NAME = KatanaElements;
				SDKROOT = iphoneos;
				SKIP_INSTALL = YES;
				SWIFT_ACTIVE_COMPILATION_CONDITIONS = DEBUG;
				SWIFT_OPTIMIZATION_LEVEL = "-Onone";
				SWIFT_VERSION = 4.0;
				TARGETED_DEVICE_FAMILY = "1,2";
				VERSIONING_SYSTEM = "apple-generic";
				VERSION_INFO_PREFIX = "";
			};
			name = Debug;
		};
		2C5227B01AA95BE013368625 /* Debug */ = {
			isa = XCBuildConfiguration;
			baseConfigurationReference = 7B3913B8646614BD42897601 /* Pods-KatanaUI.debug.xcconfig */;
			buildSettings = {
				CODE_SIGN_IDENTITY = "";
				CURRENT_PROJECT_VERSION = 1;
				DEFINES_MODULE = YES;
				DYLIB_COMPATIBILITY_VERSION = 1;
				DYLIB_CURRENT_VERSION = 1;
				DYLIB_INSTALL_NAME_BASE = "@rpath";
				INFOPLIST_FILE = KatanaUI/Info.plist;
				INSTALL_PATH = "$(LOCAL_LIBRARY_DIR)/Frameworks";
				IPHONEOS_DEPLOYMENT_TARGET = 9.0;
				LD_RUNPATH_SEARCH_PATHS = "$(inherited) @executable_path/Frameworks @loader_path/Frameworks";
				PRODUCT_NAME = KatanaUI;
				SDKROOT = iphoneos;
				SKIP_INSTALL = YES;
				SWIFT_ACTIVE_COMPILATION_CONDITIONS = DEBUG;
				SWIFT_OPTIMIZATION_LEVEL = "-Onone";
				SWIFT_VERSION = 4.0;
				TARGETED_DEVICE_FAMILY = "1,2";
				VERSIONING_SYSTEM = "apple-generic";
				VERSION_INFO_PREFIX = "";
			};
			name = Debug;
		};
		6CC781E943DFA8EEC19A4162 /* Release */ = {
			isa = XCBuildConfiguration;
			buildSettings = {
				ALWAYS_SEARCH_USER_PATHS = NO;
				CLANG_ANALYZER_NONNULL = YES;
				CLANG_ANALYZER_NUMBER_OBJECT_CONVERSION = YES_AGGRESSIVE;
				CLANG_CXX_LANGUAGE_STANDARD = "gnu++14";
				CLANG_CXX_LIBRARY = "libc++";
				CLANG_ENABLE_MODULES = YES;
				CLANG_ENABLE_OBJC_ARC = YES;
				CLANG_ENABLE_OBJC_WEAK = YES;
				CLANG_WARN_BLOCK_CAPTURE_AUTORELEASING = YES;
				CLANG_WARN_BOOL_CONVERSION = YES;
				CLANG_WARN_COMMA = YES;
				CLANG_WARN_CONSTANT_CONVERSION = YES;
				CLANG_WARN_DEPRECATED_OBJC_IMPLEMENTATIONS = YES;
				CLANG_WARN_DIRECT_OBJC_ISA_USAGE = YES_ERROR;
				CLANG_WARN_DOCUMENTATION_COMMENTS = YES;
				CLANG_WARN_EMPTY_BODY = YES;
				CLANG_WARN_ENUM_CONVERSION = YES;
				CLANG_WARN_INFINITE_RECURSION = YES;
				CLANG_WARN_INT_CONVERSION = YES;
				CLANG_WARN_NON_LITERAL_NULL_CONVERSION = YES;
				CLANG_WARN_OBJC_IMPLICIT_RETAIN_SELF = YES;
				CLANG_WARN_OBJC_LITERAL_CONVERSION = YES;
				CLANG_WARN_OBJC_ROOT_CLASS = YES_ERROR;
				CLANG_WARN_RANGE_LOOP_ANALYSIS = YES;
				CLANG_WARN_STRICT_PROTOTYPES = YES;
				CLANG_WARN_SUSPICIOUS_MOVE = YES;
				CLANG_WARN_UNGUARDED_AVAILABILITY = YES_AGGRESSIVE;
				CLANG_WARN_UNREACHABLE_CODE = YES;
				CLANG_WARN__DUPLICATE_METHOD_MATCH = YES;
				COPY_PHASE_STRIP = NO;
				DEBUG_INFORMATION_FORMAT = "dwarf-with-dsym";
				ENABLE_NS_ASSERTIONS = NO;
				ENABLE_STRICT_OBJC_MSGSEND = YES;
				GCC_C_LANGUAGE_STANDARD = gnu11;
				GCC_NO_COMMON_BLOCKS = YES;
				GCC_WARN_64_TO_32_BIT_CONVERSION = YES;
				GCC_WARN_ABOUT_RETURN_TYPE = YES_ERROR;
				GCC_WARN_UNDECLARED_SELECTOR = YES;
				GCC_WARN_UNINITIALIZED_AUTOS = YES_AGGRESSIVE;
				GCC_WARN_UNUSED_FUNCTION = YES;
				GCC_WARN_UNUSED_VARIABLE = YES;
				MTL_ENABLE_DEBUG_INFO = NO;
				PRODUCT_NAME = "$(TARGET_NAME)";
			};
			name = Release;
		};
		82516A3C560FC14489D1C7F7 /* Debug */ = {
			isa = XCBuildConfiguration;
			baseConfigurationReference = B5C6060163527044850809D8 /* Pods-KatanaUI-KatanaUITests.debug.xcconfig */;
			buildSettings = {
				CODE_SIGN_IDENTITY = "iPhone Developer";
				INFOPLIST_FILE = KatanaTests/Info.plist;
				IPHONEOS_DEPLOYMENT_TARGET = 9.0;
				LD_RUNPATH_SEARCH_PATHS = "$(inherited) @executable_path/Frameworks @loader_path/Frameworks";
				SDKROOT = iphoneos;
				SWIFT_ACTIVE_COMPILATION_CONDITIONS = DEBUG;
				SWIFT_OPTIMIZATION_LEVEL = "-Onone";
				SWIFT_VERSION = 4.0;
			};
			name = Debug;
		};
		9287A2093746F6F85976BD17 /* Release */ = {
			isa = XCBuildConfiguration;
			baseConfigurationReference = 1D7473D9E8AE6859A8C9B345 /* Pods-KatanaUI.release.xcconfig */;
			buildSettings = {
				CODE_SIGN_IDENTITY = "";
				CURRENT_PROJECT_VERSION = 1;
				DEFINES_MODULE = YES;
				DYLIB_COMPATIBILITY_VERSION = 1;
				DYLIB_CURRENT_VERSION = 1;
				DYLIB_INSTALL_NAME_BASE = "@rpath";
				INFOPLIST_FILE = KatanaUI/Info.plist;
				INSTALL_PATH = "$(LOCAL_LIBRARY_DIR)/Frameworks";
				IPHONEOS_DEPLOYMENT_TARGET = 9.0;
				LD_RUNPATH_SEARCH_PATHS = "$(inherited) @executable_path/Frameworks @loader_path/Frameworks";
				PRODUCT_NAME = KatanaUI;
				SDKROOT = iphoneos;
				SKIP_INSTALL = YES;
				SWIFT_OPTIMIZATION_LEVEL = "-Owholemodule";
				SWIFT_VERSION = 4.0;
				TARGETED_DEVICE_FAMILY = "1,2";
				VALIDATE_PRODUCT = YES;
				VERSIONING_SYSTEM = "apple-generic";
				VERSION_INFO_PREFIX = "";
			};
			name = Release;
		};
		BDF55BDAA384796410ACAD79 /* Debug */ = {
			isa = XCBuildConfiguration;
			buildSettings = {
				ALWAYS_SEARCH_USER_PATHS = NO;
				CLANG_ANALYZER_NONNULL = YES;
				CLANG_ANALYZER_NUMBER_OBJECT_CONVERSION = YES_AGGRESSIVE;
				CLANG_CXX_LANGUAGE_STANDARD = "gnu++14";
				CLANG_CXX_LIBRARY = "libc++";
				CLANG_ENABLE_MODULES = YES;
				CLANG_ENABLE_OBJC_ARC = YES;
				CLANG_ENABLE_OBJC_WEAK = YES;
				CLANG_WARN_BLOCK_CAPTURE_AUTORELEASING = YES;
				CLANG_WARN_BOOL_CONVERSION = YES;
				CLANG_WARN_COMMA = YES;
				CLANG_WARN_CONSTANT_CONVERSION = YES;
				CLANG_WARN_DEPRECATED_OBJC_IMPLEMENTATIONS = YES;
				CLANG_WARN_DIRECT_OBJC_ISA_USAGE = YES_ERROR;
				CLANG_WARN_DOCUMENTATION_COMMENTS = YES;
				CLANG_WARN_EMPTY_BODY = YES;
				CLANG_WARN_ENUM_CONVERSION = YES;
				CLANG_WARN_INFINITE_RECURSION = YES;
				CLANG_WARN_INT_CONVERSION = YES;
				CLANG_WARN_NON_LITERAL_NULL_CONVERSION = YES;
				CLANG_WARN_OBJC_IMPLICIT_RETAIN_SELF = YES;
				CLANG_WARN_OBJC_LITERAL_CONVERSION = YES;
				CLANG_WARN_OBJC_ROOT_CLASS = YES_ERROR;
				CLANG_WARN_RANGE_LOOP_ANALYSIS = YES;
				CLANG_WARN_STRICT_PROTOTYPES = YES;
				CLANG_WARN_SUSPICIOUS_MOVE = YES;
				CLANG_WARN_UNGUARDED_AVAILABILITY = YES_AGGRESSIVE;
				CLANG_WARN_UNREACHABLE_CODE = YES;
				CLANG_WARN__DUPLICATE_METHOD_MATCH = YES;
				COPY_PHASE_STRIP = NO;
				DEBUG_INFORMATION_FORMAT = dwarf;
				ENABLE_STRICT_OBJC_MSGSEND = YES;
				ENABLE_TESTABILITY = YES;
				GCC_C_LANGUAGE_STANDARD = gnu11;
				GCC_DYNAMIC_NO_PIC = NO;
				GCC_NO_COMMON_BLOCKS = YES;
				GCC_OPTIMIZATION_LEVEL = 0;
				GCC_PREPROCESSOR_DEFINITIONS = (
					"DEBUG=1",
					"$(inherited)",
				);
				GCC_WARN_64_TO_32_BIT_CONVERSION = YES;
				GCC_WARN_ABOUT_RETURN_TYPE = YES_ERROR;
				GCC_WARN_UNDECLARED_SELECTOR = YES;
				GCC_WARN_UNINITIALIZED_AUTOS = YES_AGGRESSIVE;
				GCC_WARN_UNUSED_FUNCTION = YES;
				GCC_WARN_UNUSED_VARIABLE = YES;
				MTL_ENABLE_DEBUG_INFO = YES;
				ONLY_ACTIVE_ARCH = YES;
				PRODUCT_NAME = "$(TARGET_NAME)";
			};
			name = Debug;
		};
		D3A1388B80EBA3015BEE76C1 /* Release */ = {
			isa = XCBuildConfiguration;
			baseConfigurationReference = BE5F3C4414C140FD67B60CD4 /* Pods-KatanaUI-KatanaUITests.release.xcconfig */;
			buildSettings = {
				CODE_SIGN_IDENTITY = "iPhone Developer";
				INFOPLIST_FILE = KatanaTests/Info.plist;
				IPHONEOS_DEPLOYMENT_TARGET = 9.0;
				LD_RUNPATH_SEARCH_PATHS = "$(inherited) @executable_path/Frameworks @loader_path/Frameworks";
				SDKROOT = iphoneos;
				SWIFT_OPTIMIZATION_LEVEL = "-Owholemodule";
				SWIFT_VERSION = 4.0;
				VALIDATE_PRODUCT = YES;
			};
			name = Release;
		};
		ECDA801128DBEB069732D76B /* Release */ = {
			isa = XCBuildConfiguration;
			baseConfigurationReference = 73B994A7ACF3E360BCC90CF7 /* Pods-KatanaElements.release.xcconfig */;
			buildSettings = {
				CODE_SIGN_IDENTITY = "";
				CURRENT_PROJECT_VERSION = 1;
				DEFINES_MODULE = YES;
				DYLIB_COMPATIBILITY_VERSION = 1;
				DYLIB_CURRENT_VERSION = 1;
				DYLIB_INSTALL_NAME_BASE = "@rpath";
				INFOPLIST_FILE = KatanaElements/Info.plist;
				INSTALL_PATH = "$(LOCAL_LIBRARY_DIR)/Frameworks";
				IPHONEOS_DEPLOYMENT_TARGET = 9.0;
				LD_RUNPATH_SEARCH_PATHS = "$(inherited) @executable_path/Frameworks @loader_path/Frameworks";
				PRODUCT_NAME = KatanaElements;
				SDKROOT = iphoneos;
				SKIP_INSTALL = YES;
				SWIFT_OPTIMIZATION_LEVEL = "-Owholemodule";
				SWIFT_VERSION = 4.0;
				TARGETED_DEVICE_FAMILY = "1,2";
				VALIDATE_PRODUCT = YES;
				VERSIONING_SYSTEM = "apple-generic";
				VERSION_INFO_PREFIX = "";
			};
			name = Release;
		};
/* End XCBuildConfiguration section */

/* Begin XCConfigurationList section */
		03C8AE8E5CB2B7CA9C46BED6 /* Build configuration list for PBXNativeTarget "KatanaUITests" */ = {
			isa = XCConfigurationList;
			buildConfigurations = (
				82516A3C560FC14489D1C7F7 /* Debug */,
				D3A1388B80EBA3015BEE76C1 /* Release */,
			);
			defaultConfigurationIsVisible = 0;
			defaultConfigurationName = Release;
		};
		1415435E49DE888A3CF5645B /* Build configuration list for PBXNativeTarget "KatanaUI" */ = {
			isa = XCConfigurationList;
			buildConfigurations = (
				2C5227B01AA95BE013368625 /* Debug */,
				9287A2093746F6F85976BD17 /* Release */,
			);
			defaultConfigurationIsVisible = 0;
			defaultConfigurationName = Release;
		};
		53B6C7811630494FD8B9654E /* Build configuration list for PBXNativeTarget "KatanaElements" */ = {
			isa = XCConfigurationList;
			buildConfigurations = (
				2258987160CC73A0A65EEDDD /* Debug */,
				ECDA801128DBEB069732D76B /* Release */,
			);
			defaultConfigurationIsVisible = 0;
			defaultConfigurationName = Release;
		};
		622C18C6AF2A3BD760532D2E /* Build configuration list for PBXProject "KatanaUI" */ = {
			isa = XCConfigurationList;
			buildConfigurations = (
				BDF55BDAA384796410ACAD79 /* Debug */,
				6CC781E943DFA8EEC19A4162 /* Release */,
			);
			defaultConfigurationIsVisible = 0;
			defaultConfigurationName = Release;
		};
/* End XCConfigurationList section */
	};
	rootObject = 121B8098CAF460ADDB1DD127 /* Project object */;
}
